{
  "version": 4,
  "terraform_version": "1.6.2",
  "serial": 11,
  "lineage": "941e9f59-0428-20b2-0b1b-90ca5fe9eb99",
  "outputs": {},
  "resources": [
    {
      "mode": "managed",
      "type": "aws_key_pair",
      "name": "web",
      "provider": "provider[\"registry.terraform.io/hashicorp/aws\"]",
      "instances": [
        {
          "schema_version": 1,
          "attributes": {
            "arn": "arn:aws:ec2:ap-northeast-2:431410879895:key-pair/terraform-20231101093725261400000001",
            "fingerprint": "f3:4d:75:49:2c:e5:75:47:f1:c0:da:45:1c:f9:14:25",
            "id": "terraform-20231101093725261400000001",
            "key_name": "terraform-20231101093725261400000001",
            "key_name_prefix": "terraform-",
            "key_pair_id": "key-077303adf0cfc9308",
            "key_type": "rsa",
            "public_key": "ssh-rsa AAAAB3NzaC1yc2EAAAADAQABAAACAQDFYvGVVI0bU8+LGje8O4NtiGBW0/bpaFqCjItb98njeGGTrZw/3XDbWNJBMlcU1uYRzaIt2N0qAB9gSXnCgTeGHooOrZi9UTMHs3bacJ9SMYQn6kKy4re7m4oGISZngWwmXY778W/sIa1IVgVyhFSvVRfFAjnUxXr/PIpDZoQlEEaGL59OQTK52GvQT8UF1tEipzp5Urfuz9uc9NeSJm06R+FGChoiCvwkGsAXZHIDSV5gjNUfDFxozvJJvIXTbnYDW2UZxVwoz1VMHDWF8E2Hfl7Y+4VBfraKD2Cd1Pywrjv5qSvSHLYnCOjom06iX9r/kIYHfE1RVwFLjqCDVFTjvZLoeHDS+bEWBpik/FOYgNVsYYucGpcHaUm7+LYLKVr6R0Z7hxmZhYv3HPPuQzfJiSXTKwCzMVKqUc63ybGG2tkq3A+rA8cP05JjylPkm+XKpbmWtREt57GXulaVU08AtFYOErbP7rkiQaq6Zqhk1f7pUjdcYbGwswcx7oMX/oGWzzgj6IiWd4d/FL+a703VPNU7golc8l+sslfFP3ddFdR7H5ZxzzxMqhOHlBFpwWrBRabv5GIVN0kNYDWRFGbNywQRdiqeXkLk/AZWeTrxZdCYt9V3g6CgDRnY39PtsyuiQ65r8TM9G5eHhMiHKgESv9ehYW/Tl0SZ2ukMzXFbtQ== daga4242@gmail.com",
            "tags": {},
            "tags_all": {}
          },
          "sensitive_attributes": [],
          "private": "eyJzY2hlbWFfdmVyc2lvbiI6IjEifQ=="
        }
      ]
    },
    {
      "mode": "managed",
      "type": "aws_security_group",
      "name": "nginx-access",
      "provider": "provider[\"registry.terraform.io/hashicorp/aws\"]",
      "instances": [
        {
          "schema_version": 1,
          "attributes": {
            "arn": "arn:aws:ec2:ap-northeast-2:431410879895:security-group/sg-0e0796b8e12e78402",
            "description": "Managed by Terraform",
            "egress": [
              {
                "cidr_blocks": [
                  "0.0.0.0/0"
                ],
                "description": "",
                "from_port": 0,
                "ipv6_cidr_blocks": [
                  "::/0"
                ],
                "prefix_list_ids": [],
                "protocol": "-1",
                "security_groups": [],
                "self": false,
                "to_port": 0
              }
            ],
            "id": "sg-0e0796b8e12e78402",
            "ingress": [
              {
                "cidr_blocks": [
                  "0.0.0.0/0"
                ],
                "description": "",
                "from_port": 80,
                "ipv6_cidr_blocks": [],
                "prefix_list_ids": [],
                "protocol": "tcp",
                "security_groups": [],
                "self": false,
                "to_port": 80
              }
            ],
            "name": "nginx-access",
            "name_prefix": "",
            "owner_id": "431410879895",
            "revoke_rules_on_delete": false,
            "tags": {},
            "tags_all": {},
            "timeouts": null,
            "vpc_id": "vpc-08602d56efdccad67"
          },
          "sensitive_attributes": [],
          "private": "eyJlMmJmYjczMC1lY2FhLTExZTYtOGY4OC0zNDM2M2JjN2M0YzAiOnsiY3JlYXRlIjo2MDAwMDAwMDAwMDAsImRlbGV0ZSI6OTAwMDAwMDAwMDAwfSwic2NoZW1hX3ZlcnNpb24iOiIxIn0="
        }
      ]
    },
    {
      "mode": "managed",
      "type": "aws_security_group",
      "name": "ssh-access",
      "provider": "provider[\"registry.terraform.io/hashicorp/aws\"]",
      "instances": [
        {
          "schema_version": 1,
          "attributes": {
            "arn": "arn:aws:ec2:ap-northeast-2:431410879895:security-group/sg-0d75a8a836eaaa424",
            "description": "Managed by Terraform",
            "egress": [],
            "id": "sg-0d75a8a836eaaa424",
            "ingress": [
              {
                "cidr_blocks": [
                  "0.0.0.0/0"
                ],
                "description": "",
                "from_port": 22,
                "ipv6_cidr_blocks": [],
                "prefix_list_ids": [],
                "protocol": "tcp",
                "security_groups": [],
                "self": false,
                "to_port": 22
              }
            ],
            "name": "ssh-access",
            "name_prefix": "",
            "owner_id": "431410879895",
            "revoke_rules_on_delete": false,
            "tags": {},
            "tags_all": {},
            "timeouts": null,
            "vpc_id": "vpc-08602d56efdccad67"
          },
          "sensitive_attributes": [],
          "private": "eyJlMmJmYjczMC1lY2FhLTExZTYtOGY4OC0zNDM2M2JjN2M0YzAiOnsiY3JlYXRlIjo2MDAwMDAwMDAwMDAsImRlbGV0ZSI6OTAwMDAwMDAwMDAwfSwic2NoZW1hX3ZlcnNpb24iOiIxIn0="
        }
      ]
    }
  ],
  "check_results": null
}
