{
  "version": 4,
  "terraform_version": "1.6.2",
  "serial": 13,
  "lineage": "941e9f59-0428-20b2-0b1b-90ca5fe9eb99",
  "outputs": {
    "publicip": {
      "value": "3.35.218.193",
      "type": "string"
    }
  },
  "resources": [
    {
      "mode": "managed",
      "type": "aws_instance",
      "name": "web",
      "provider": "provider[\"registry.terraform.io/hashicorp/aws\"]",
      "instances": [
        {
          "schema_version": 1,
          "attributes": {
            "ami": "ami-0bcb37eab443e2f5b",
            "arn": "arn:aws:ec2:ap-northeast-2:431410879895:instance/i-067dfba619170c56e",
            "associate_public_ip_address": true,
            "availability_zone": "ap-northeast-2c",
            "capacity_reservation_specification": [
              {
                "capacity_reservation_preference": "open",
                "capacity_reservation_target": []
              }
            ],
            "cpu_core_count": 1,
            "cpu_options": [
              {
                "amd_sev_snp": "",
                "core_count": 1,
                "threads_per_core": 2
              }
            ],
            "cpu_threads_per_core": 2,
            "credit_specification": [
              {
                "cpu_credits": "unlimited"
              }
            ],
            "disable_api_stop": false,
            "disable_api_termination": false,
            "ebs_block_device": [],
            "ebs_optimized": false,
            "enclave_options": [
              {
                "enabled": false
              }
            ],
            "ephemeral_block_device": [],
            "get_password_data": false,
            "hibernation": false,
            "host_id": "",
            "host_resource_group_arn": null,
            "iam_instance_profile": "",
            "id": "i-067dfba619170c56e",
            "instance_initiated_shutdown_behavior": "stop",
            "instance_lifecycle": "",
            "instance_market_options": [],
            "instance_state": "running",
            "instance_type": "t3.micro",
            "ipv6_address_count": 0,
            "ipv6_addresses": [],
            "key_name": "terraform-20231101093725261400000001",
            "launch_template": [],
            "maintenance_options": [
              {
                "auto_recovery": "default"
              }
            ],
            "metadata_options": [
              {
                "http_endpoint": "enabled",
                "http_protocol_ipv6": "disabled",
                "http_put_response_hop_limit": 2,
                "http_tokens": "required",
                "instance_metadata_tags": "disabled"
              }
            ],
            "monitoring": false,
            "network_interface": [],
            "outpost_arn": "",
            "password_data": "",
            "placement_group": "",
            "placement_partition_number": 0,
            "primary_network_interface_id": "eni-08818459937ec8893",
            "private_dns": "ip-172-31-32-78.ap-northeast-2.compute.internal",
            "private_dns_name_options": [
              {
                "enable_resource_name_dns_a_record": false,
                "enable_resource_name_dns_aaaa_record": false,
                "hostname_type": "ip-name"
              }
            ],
            "private_ip": "172.31.32.78",
            "public_dns": "ec2-3-35-218-193.ap-northeast-2.compute.amazonaws.com",
            "public_ip": "3.35.218.193",
            "root_block_device": [
              {
                "delete_on_termination": true,
                "device_name": "/dev/xvda",
                "encrypted": false,
                "iops": 3000,
                "kms_key_id": "",
                "tags": {},
                "throughput": 125,
                "volume_id": "vol-03bb28a6638cd20eb",
                "volume_size": 8,
                "volume_type": "gp3"
              }
            ],
            "secondary_private_ips": [],
            "security_groups": [
              "nginx-access",
              "ssh-access"
            ],
            "source_dest_check": true,
            "spot_instance_request_id": "",
            "subnet_id": "subnet-0cddab9fd168b95d1",
            "tags": {
              "Name": "Hello word"
            },
            "tags_all": {
              "Name": "Hello word"
            },
            "tenancy": "default",
            "timeouts": null,
            "user_data": null,
            "user_data_base64": null,
            "user_data_replace_on_change": false,
            "volume_tags": null,
            "vpc_security_group_ids": [
              "sg-0d75a8a836eaaa424",
              "sg-0e0796b8e12e78402"
            ]
          },
          "sensitive_attributes": [],
          "private": "eyJlMmJmYjczMC1lY2FhLTExZTYtOGY4OC0zNDM2M2JjN2M0YzAiOnsiY3JlYXRlIjo2MDAwMDAwMDAwMDAsImRlbGV0ZSI6MTIwMDAwMDAwMDAwMCwidXBkYXRlIjo2MDAwMDAwMDAwMDB9LCJzY2hlbWFfdmVyc2lvbiI6IjEifQ==",
          "dependencies": [
            "aws_key_pair.web",
            "aws_security_group.nginx-access",
            "aws_security_group.ssh-access"
          ]
        }
      ]
    },
    {
      "mode": "managed",
      "type": "aws_key_pair",
      "name": "web",
      "provider": "provider[\"registry.terraform.io/hashicorp/aws\"]",
      "instances": [
        {
          "schema_version": 1,
          "attributes": {
            "arn": "arn:aws:ec2:ap-northeast-2:431410879895:key-pair/terraform-20231101093725261400000001",
            "fingerprint": "f3:4d:75:49:2c:e5:75:47:f1:c0:da:45:1c:f9:14:25",
            "id": "terraform-20231101093725261400000001",
            "key_name": "terraform-20231101093725261400000001",
            "key_name_prefix": "terraform-",
            "key_pair_id": "key-077303adf0cfc9308",
            "key_type": "rsa",
            "public_key": "ssh-rsa AAAAB3NzaC1yc2EAAAADAQABAAACAQDFYvGVVI0bU8+LGje8O4NtiGBW0/bpaFqCjItb98njeGGTrZw/3XDbWNJBMlcU1uYRzaIt2N0qAB9gSXnCgTeGHooOrZi9UTMHs3bacJ9SMYQn6kKy4re7m4oGISZngWwmXY778W/sIa1IVgVyhFSvVRfFAjnUxXr/PIpDZoQlEEaGL59OQTK52GvQT8UF1tEipzp5Urfuz9uc9NeSJm06R+FGChoiCvwkGsAXZHIDSV5gjNUfDFxozvJJvIXTbnYDW2UZxVwoz1VMHDWF8E2Hfl7Y+4VBfraKD2Cd1Pywrjv5qSvSHLYnCOjom06iX9r/kIYHfE1RVwFLjqCDVFTjvZLoeHDS+bEWBpik/FOYgNVsYYucGpcHaUm7+LYLKVr6R0Z7hxmZhYv3HPPuQzfJiSXTKwCzMVKqUc63ybGG2tkq3A+rA8cP05JjylPkm+XKpbmWtREt57GXulaVU08AtFYOErbP7rkiQaq6Zqhk1f7pUjdcYbGwswcx7oMX/oGWzzgj6IiWd4d/FL+a703VPNU7golc8l+sslfFP3ddFdR7H5ZxzzxMqhOHlBFpwWrBRabv5GIVN0kNYDWRFGbNywQRdiqeXkLk/AZWeTrxZdCYt9V3g6CgDRnY39PtsyuiQ65r8TM9G5eHhMiHKgESv9ehYW/Tl0SZ2ukMzXFbtQ== daga4242@gmail.com",
            "tags": {},
            "tags_all": {}
          },
          "sensitive_attributes": [],
          "private": "eyJzY2hlbWFfdmVyc2lvbiI6IjEifQ=="
        }
      ]
    },
    {
      "mode": "managed",
      "type": "aws_security_group",
      "name": "nginx-access",
      "provider": "provider[\"registry.terraform.io/hashicorp/aws\"]",
      "instances": [
        {
          "schema_version": 1,
          "attributes": {
            "arn": "arn:aws:ec2:ap-northeast-2:431410879895:security-group/sg-0e0796b8e12e78402",
            "description": "Managed by Terraform",
            "egress": [
              {
                "cidr_blocks": [
                  "0.0.0.0/0"
                ],
                "description": "",
                "from_port": 0,
                "ipv6_cidr_blocks": [
                  "::/0"
                ],
                "prefix_list_ids": [],
                "protocol": "-1",
                "security_groups": [],
                "self": false,
                "to_port": 0
              }
            ],
            "id": "sg-0e0796b8e12e78402",
            "ingress": [
              {
                "cidr_blocks": [
                  "0.0.0.0/0"
                ],
                "description": "",
                "from_port": 80,
                "ipv6_cidr_blocks": [],
                "prefix_list_ids": [],
                "protocol": "tcp",
                "security_groups": [],
                "self": false,
                "to_port": 80
              }
            ],
            "name": "nginx-access",
            "name_prefix": "",
            "owner_id": "431410879895",
            "revoke_rules_on_delete": false,
            "tags": {},
            "tags_all": {},
            "timeouts": null,
            "vpc_id": "vpc-08602d56efdccad67"
          },
          "sensitive_attributes": [],
          "private": "eyJlMmJmYjczMC1lY2FhLTExZTYtOGY4OC0zNDM2M2JjN2M0YzAiOnsiY3JlYXRlIjo2MDAwMDAwMDAwMDAsImRlbGV0ZSI6OTAwMDAwMDAwMDAwfSwic2NoZW1hX3ZlcnNpb24iOiIxIn0="
        }
      ]
    },
    {
      "mode": "managed",
      "type": "aws_security_group",
      "name": "ssh-access",
      "provider": "provider[\"registry.terraform.io/hashicorp/aws\"]",
      "instances": [
        {
          "schema_version": 1,
          "attributes": {
            "arn": "arn:aws:ec2:ap-northeast-2:431410879895:security-group/sg-0d75a8a836eaaa424",
            "description": "Managed by Terraform",
            "egress": [],
            "id": "sg-0d75a8a836eaaa424",
            "ingress": [
              {
                "cidr_blocks": [
                  "0.0.0.0/0"
                ],
                "description": "",
                "from_port": 22,
                "ipv6_cidr_blocks": [],
                "prefix_list_ids": [],
                "protocol": "tcp",
                "security_groups": [],
                "self": false,
                "to_port": 22
              }
            ],
            "name": "ssh-access",
            "name_prefix": "",
            "owner_id": "431410879895",
            "revoke_rules_on_delete": false,
            "tags": {},
            "tags_all": {},
            "timeouts": null,
            "vpc_id": "vpc-08602d56efdccad67"
          },
          "sensitive_attributes": [],
          "private": "eyJlMmJmYjczMC1lY2FhLTExZTYtOGY4OC0zNDM2M2JjN2M0YzAiOnsiY3JlYXRlIjo2MDAwMDAwMDAwMDAsImRlbGV0ZSI6OTAwMDAwMDAwMDAwfSwic2NoZW1hX3ZlcnNpb24iOiIxIn0="
        }
      ]
    }
  ],
  "check_results": null
}
