{
  "version": 4,
  "terraform_version": "1.6.2",
  "serial": 36,
  "lineage": "9a7101b8-1910-724f-10b2-19eb9c4ffbaf",
  "outputs": {},
  "resources": [
    {
      "mode": "managed",
      "type": "aws_autoscaling_group",
      "name": "app_autoscaling_group",
      "provider": "provider[\"registry.terraform.io/hashicorp/aws\"]",
      "instances": [
        {
          "schema_version": 1,
          "attributes": {
            "arn": "arn:aws:autoscaling:ap-northeast-2:431410879895:autoScalingGroup:a6b7a87a-e65d-4cee-8bf4-fcbd33c2d7b9:autoScalingGroupName/app-autoscaling-group",
            "availability_zones": [
              "ap-northeast-2a",
              "ap-northeast-2c"
            ],
            "capacity_rebalance": false,
            "context": "",
            "default_cooldown": 300,
            "default_instance_warmup": 0,
            "desired_capacity": 2,
            "desired_capacity_type": "",
            "enabled_metrics": null,
            "force_delete": false,
            "force_delete_warm_pool": false,
            "health_check_grace_period": 300,
            "health_check_type": "EC2",
            "id": "app-autoscaling-group",
            "ignore_failed_scaling_activities": false,
            "initial_lifecycle_hook": [],
            "instance_refresh": [],
            "launch_configuration": "",
            "launch_template": [
              {
                "id": "lt-0062a593e1b03b701",
                "name": "app-launch-template",
                "version": "$Latest"
              }
            ],
            "load_balancers": [],
            "max_instance_lifetime": 0,
            "max_size": 3,
            "metrics_granularity": "1Minute",
            "min_elb_capacity": null,
            "min_size": 2,
            "mixed_instances_policy": [],
            "name": "app-autoscaling-group",
            "name_prefix": "",
            "placement_group": "",
            "predicted_capacity": 0,
            "protect_from_scale_in": false,
            "service_linked_role_arn": "arn:aws:iam::431410879895:role/aws-service-role/autoscaling.amazonaws.com/AWSServiceRoleForAutoScaling",
            "suspended_processes": null,
            "tag": [],
            "target_group_arns": [
              "arn:aws:elasticloadbalancing:ap-northeast-2:431410879895:targetgroup/app-lb-target-group/65267f72bf44aaa9"
            ],
            "termination_policies": null,
            "timeouts": null,
            "traffic_source": [
              {
                "identifier": "arn:aws:elasticloadbalancing:ap-northeast-2:431410879895:targetgroup/app-lb-target-group/65267f72bf44aaa9",
                "type": "elbv2"
              }
            ],
            "vpc_zone_identifier": [
              "subnet-07302c78c9827fa6b",
              "subnet-0eeb0e1fdb7683e9a"
            ],
            "wait_for_capacity_timeout": "10m",
            "wait_for_elb_capacity": null,
            "warm_pool": [],
            "warm_pool_size": 0
          },
          "sensitive_attributes": [],
          "private": "eyJlMmJmYjczMC1lY2FhLTExZTYtOGY4OC0zNDM2M2JjN2M0YzAiOnsiZGVsZXRlIjo2MDAwMDAwMDAwMDAsInVwZGF0ZSI6NjAwMDAwMDAwMDAwfSwic2NoZW1hX3ZlcnNpb24iOiIxIn0=",
          "dependencies": [
            "aws_key_pair.key_pair",
            "aws_launch_template.app_launch_template",
            "aws_lb_target_group.app_lb_target_group",
            "aws_security_group.goormVPC_security_group",
            "aws_subnet.private_app_a",
            "aws_subnet.private_app_c",
            "aws_vpc.goormVPC",
            "tls_private_key.rsa_4096"
          ]
        }
      ]
    },
    {
      "mode": "managed",
      "type": "aws_autoscaling_group",
      "name": "web_autoscaling_group",
      "provider": "provider[\"registry.terraform.io/hashicorp/aws\"]",
      "instances": [
        {
          "schema_version": 1,
          "attributes": {
            "arn": "arn:aws:autoscaling:ap-northeast-2:431410879895:autoScalingGroup:4c444030-07fe-4de1-b2f9-4e61e6f02678:autoScalingGroupName/web-autoscaling-group",
            "availability_zones": [
              "ap-northeast-2a",
              "ap-northeast-2c"
            ],
            "capacity_rebalance": false,
            "context": "",
            "default_cooldown": 300,
            "default_instance_warmup": 0,
            "desired_capacity": 2,
            "desired_capacity_type": "",
            "enabled_metrics": null,
            "force_delete": false,
            "force_delete_warm_pool": false,
            "health_check_grace_period": 300,
            "health_check_type": "EC2",
            "id": "web-autoscaling-group",
            "ignore_failed_scaling_activities": false,
            "initial_lifecycle_hook": [],
            "instance_refresh": [],
            "launch_configuration": "",
            "launch_template": [
              {
                "id": "lt-09887f3fa5dd5aa2c",
                "name": "web-launch-template",
                "version": "$Latest"
              }
            ],
            "load_balancers": [],
            "max_instance_lifetime": 0,
            "max_size": 3,
            "metrics_granularity": "1Minute",
            "min_elb_capacity": null,
            "min_size": 2,
            "mixed_instances_policy": [],
            "name": "web-autoscaling-group",
            "name_prefix": "",
            "placement_group": "",
            "predicted_capacity": 0,
            "protect_from_scale_in": false,
            "service_linked_role_arn": "arn:aws:iam::431410879895:role/aws-service-role/autoscaling.amazonaws.com/AWSServiceRoleForAutoScaling",
            "suspended_processes": null,
            "tag": [],
            "target_group_arns": [
              "arn:aws:elasticloadbalancing:ap-northeast-2:431410879895:targetgroup/web-lb-target-group/68c5a90dd0b4514f"
            ],
            "termination_policies": null,
            "timeouts": null,
            "traffic_source": [
              {
                "identifier": "arn:aws:elasticloadbalancing:ap-northeast-2:431410879895:targetgroup/web-lb-target-group/68c5a90dd0b4514f",
                "type": "elbv2"
              }
            ],
            "vpc_zone_identifier": [
              "subnet-044160d62b7dace21",
              "subnet-0d76e96b0651ca3ef"
            ],
            "wait_for_capacity_timeout": "10m",
            "wait_for_elb_capacity": null,
            "warm_pool": [],
            "warm_pool_size": 0
          },
          "sensitive_attributes": [],
          "private": "eyJlMmJmYjczMC1lY2FhLTExZTYtOGY4OC0zNDM2M2JjN2M0YzAiOnsiZGVsZXRlIjo2MDAwMDAwMDAwMDAsInVwZGF0ZSI6NjAwMDAwMDAwMDAwfSwic2NoZW1hX3ZlcnNpb24iOiIxIn0=",
          "dependencies": [
            "aws_key_pair.key_pair",
            "aws_launch_template.web_launch_template",
            "aws_lb_target_group.web_lb_target_group",
            "aws_security_group.goormVPC_security_group",
            "aws_subnet.public_web_a",
            "aws_subnet.public_web_c",
            "aws_vpc.goormVPC",
            "tls_private_key.rsa_4096"
          ]
        }
      ]
    },
    {
      "mode": "managed",
      "type": "aws_eip",
      "name": "nat_gateway_ip",
      "provider": "provider[\"registry.terraform.io/hashicorp/aws\"]",
      "instances": [
        {
          "schema_version": 0,
          "attributes": {
            "address": null,
            "allocation_id": "eipalloc-0af6510eb1c2cfa34",
            "associate_with_private_ip": null,
            "association_id": "",
            "carrier_ip": "",
            "customer_owned_ip": "",
            "customer_owned_ipv4_pool": "",
            "domain": "vpc",
            "id": "eipalloc-0af6510eb1c2cfa34",
            "instance": "",
            "network_border_group": "ap-northeast-2",
            "network_interface": "",
            "private_dns": null,
            "private_ip": "",
            "public_dns": "ec2-52-79-83-9.ap-northeast-2.compute.amazonaws.com",
            "public_ip": "52.79.83.9",
            "public_ipv4_pool": "amazon",
            "tags": null,
            "tags_all": {},
            "timeouts": null,
            "vpc": true
          },
          "sensitive_attributes": [],
          "private": "eyJlMmJmYjczMC1lY2FhLTExZTYtOGY4OC0zNDM2M2JjN2M0YzAiOnsiZGVsZXRlIjoxODAwMDAwMDAwMDAsInJlYWQiOjkwMDAwMDAwMDAwMCwidXBkYXRlIjozMDAwMDAwMDAwMDB9fQ==",
          "create_before_destroy": true
        }
      ]
    },
    {
      "mode": "managed",
      "type": "aws_internet_gateway",
      "name": "internet_gateway",
      "provider": "provider[\"registry.terraform.io/hashicorp/aws\"]",
      "instances": [
        {
          "schema_version": 0,
          "attributes": {
            "arn": "arn:aws:ec2:ap-northeast-2:431410879895:internet-gateway/igw-0f5c59f84a4ff8491",
            "id": "igw-0f5c59f84a4ff8491",
            "owner_id": "431410879895",
            "tags": {
              "Name": "internet_gateway"
            },
            "tags_all": {
              "Name": "internet_gateway"
            },
            "timeouts": null,
            "vpc_id": "vpc-09de2f4281603ec50"
          },
          "sensitive_attributes": [],
          "private": "eyJlMmJmYjczMC1lY2FhLTExZTYtOGY4OC0zNDM2M2JjN2M0YzAiOnsiY3JlYXRlIjoxMjAwMDAwMDAwMDAwLCJkZWxldGUiOjEyMDAwMDAwMDAwMDAsInVwZGF0ZSI6MTIwMDAwMDAwMDAwMH19",
          "dependencies": [
            "aws_vpc.goormVPC"
          ]
        }
      ]
    },
    {
      "mode": "managed",
      "type": "aws_key_pair",
      "name": "key_pair",
      "provider": "provider[\"registry.terraform.io/hashicorp/aws\"]",
      "instances": [
        {
          "schema_version": 1,
          "attributes": {
            "arn": "arn:aws:ec2:ap-northeast-2:431410879895:key-pair/terraform-devops",
            "fingerprint": "60:fd:ef:8a:ee:43:2c:e2:da:83:24:aa:f1:2f:43:c6",
            "id": "terraform-devops",
            "key_name": "terraform-devops",
            "key_name_prefix": "",
            "key_pair_id": "key-040426c75175a165a",
            "key_type": "rsa",
            "public_key": "ssh-rsa AAAAB3NzaC1yc2EAAAADAQABAAACAQCzQA6gyKxN2nSEDY5V+fCmtdezmYpgX6oYh+7CEs4WAyrMZjy/fo65My6YDkOfvFxTCszLWzRGbCoL3QaoBYSaUONeKP8uE2k51omUXt9ZCr3q1E14coeYitvtfAp3JB5VBfqafD6eas6YItVQtAfC8My5NqH8Rb+suVjV5vgS3s/y8UH2U+NJRf/pJmEQsiyONKcNW8ytO6iYP6s7uLFKu5IFy0knRLAIzZfY/kFzr2Zm/DJgPmj+W4/dokx5dpwJWwN3j9/y7PLLx7cj6v5WMpBa0m0FMysew/BDM/qFnAi6L/WEgY4MLHeFlTyjMXma2f7Wq2I4SUZXpUhxqlklEpV8aWf3OOmazhrMcHWBs9U5E1WYQZTn9AKzTTG65Ek+6sEItFb+kXd9flpeohH/jVSoXjoA3I6cKQ2/FyN78+53mYPIibzGuhtOTIbLjhrZWwZj7M/Bkbn22Om0I6SBYwCh7X9ZYNJGDQ00pXiiMRQeMI6fMCIwcGr+TdhnDOHdzxny8G+0WSnWjhTbog997XXqTSspXt3fxt421FO2zm6EZc9EQutIfTc9nvIy50yoM8TIxIN3ylmCmQkR2mJT2qKI0B1TPycdpfq6b5zcmgqD/Q8m9WGMLtQJnOisrBD8ZXzlOuEoIK0RhfM7QKC3ovBAdhI3Cm9ILqO0R9rBqw==",
            "tags": null,
            "tags_all": {}
          },
          "sensitive_attributes": [],
          "private": "eyJzY2hlbWFfdmVyc2lvbiI6IjEifQ==",
          "dependencies": [
            "tls_private_key.rsa_4096"
          ]
        }
      ]
    },
    {
      "mode": "managed",
      "type": "aws_launch_template",
      "name": "app_launch_template",
      "provider": "provider[\"registry.terraform.io/hashicorp/aws\"]",
      "instances": [
        {
          "schema_version": 0,
          "attributes": {
            "arn": "arn:aws:ec2:ap-northeast-2:431410879895:launch-template/lt-0062a593e1b03b701",
            "block_device_mappings": [],
            "capacity_reservation_specification": [],
            "cpu_options": [],
            "credit_specification": [],
            "default_version": 1,
            "description": "",
            "disable_api_stop": false,
            "disable_api_termination": false,
            "ebs_optimized": "",
            "elastic_gpu_specifications": [],
            "elastic_inference_accelerator": [],
            "enclave_options": [],
            "hibernation_options": [],
            "iam_instance_profile": [],
            "id": "lt-0062a593e1b03b701",
            "image_id": "ami-086cae3329a3f7d75",
            "instance_initiated_shutdown_behavior": "",
            "instance_market_options": [],
            "instance_requirements": [],
            "instance_type": "t2.micro",
            "kernel_id": "",
            "key_name": "terraform-devops",
            "latest_version": 1,
            "license_specification": [],
            "maintenance_options": [],
            "metadata_options": [],
            "monitoring": [],
            "name": "app-launch-template",
            "name_prefix": "",
            "network_interfaces": [
              {
                "associate_carrier_ip_address": "",
                "associate_public_ip_address": "false",
                "delete_on_termination": "",
                "description": "",
                "device_index": 0,
                "interface_type": "",
                "ipv4_address_count": 0,
                "ipv4_addresses": null,
                "ipv4_prefix_count": 0,
                "ipv4_prefixes": null,
                "ipv6_address_count": 0,
                "ipv6_addresses": null,
                "ipv6_prefix_count": 0,
                "ipv6_prefixes": null,
                "network_card_index": 0,
                "network_interface_id": "",
                "private_ip_address": "",
                "security_groups": [
                  "sg-01dc94116fb9739b5"
                ],
                "subnet_id": ""
              }
            ],
            "placement": [],
            "private_dns_name_options": [],
            "ram_disk_id": "",
            "security_group_names": null,
            "tag_specifications": [],
            "tags": null,
            "tags_all": {},
            "update_default_version": null,
            "user_data": "",
            "vpc_security_group_ids": null
          },
          "sensitive_attributes": [],
          "private": "bnVsbA==",
          "dependencies": [
            "aws_key_pair.key_pair",
            "aws_security_group.goormVPC_security_group",
            "aws_vpc.goormVPC",
            "tls_private_key.rsa_4096"
          ]
        }
      ]
    },
    {
      "mode": "managed",
      "type": "aws_launch_template",
      "name": "web_launch_template",
      "provider": "provider[\"registry.terraform.io/hashicorp/aws\"]",
      "instances": [
        {
          "schema_version": 0,
          "attributes": {
            "arn": "arn:aws:ec2:ap-northeast-2:431410879895:launch-template/lt-09887f3fa5dd5aa2c",
            "block_device_mappings": [],
            "capacity_reservation_specification": [],
            "cpu_options": [],
            "credit_specification": [],
            "default_version": 1,
            "description": "",
            "disable_api_stop": false,
            "disable_api_termination": false,
            "ebs_optimized": "",
            "elastic_gpu_specifications": [],
            "elastic_inference_accelerator": [],
            "enclave_options": [],
            "hibernation_options": [],
            "iam_instance_profile": [],
            "id": "lt-09887f3fa5dd5aa2c",
            "image_id": "ami-086cae3329a3f7d75",
            "instance_initiated_shutdown_behavior": "",
            "instance_market_options": [],
            "instance_requirements": [],
            "instance_type": "t2.micro",
            "kernel_id": "",
            "key_name": "terraform-devops",
            "latest_version": 1,
            "license_specification": [],
            "maintenance_options": [],
            "metadata_options": [],
            "monitoring": [],
            "name": "web-launch-template",
            "name_prefix": "",
            "network_interfaces": [
              {
                "associate_carrier_ip_address": "",
                "associate_public_ip_address": "true",
                "delete_on_termination": "",
                "description": "",
                "device_index": 0,
                "interface_type": "",
                "ipv4_address_count": 0,
                "ipv4_addresses": null,
                "ipv4_prefix_count": 0,
                "ipv4_prefixes": null,
                "ipv6_address_count": 0,
                "ipv6_addresses": null,
                "ipv6_prefix_count": 0,
                "ipv6_prefixes": null,
                "network_card_index": 0,
                "network_interface_id": "",
                "private_ip_address": "",
                "security_groups": [
                  "sg-01dc94116fb9739b5"
                ],
                "subnet_id": ""
              }
            ],
            "placement": [],
            "private_dns_name_options": [],
            "ram_disk_id": "",
            "security_group_names": null,
            "tag_specifications": [],
            "tags": null,
            "tags_all": {},
            "update_default_version": null,
            "user_data": "",
            "vpc_security_group_ids": null
          },
          "sensitive_attributes": [],
          "private": "bnVsbA==",
          "dependencies": [
            "aws_key_pair.key_pair",
            "aws_security_group.goormVPC_security_group",
            "aws_vpc.goormVPC",
            "tls_private_key.rsa_4096"
          ]
        }
      ]
    },
    {
      "mode": "managed",
      "type": "aws_lb",
      "name": "app_lb",
      "provider": "provider[\"registry.terraform.io/hashicorp/aws\"]",
      "instances": [
        {
          "schema_version": 0,
          "attributes": {
            "access_logs": [
              {
                "bucket": "",
                "enabled": false,
                "prefix": ""
              }
            ],
            "arn": "arn:aws:elasticloadbalancing:ap-northeast-2:431410879895:loadbalancer/app/app-lb/c00ea7d1ffaf1d4d",
            "arn_suffix": "app/app-lb/c00ea7d1ffaf1d4d",
            "customer_owned_ipv4_pool": "",
            "desync_mitigation_mode": "defensive",
            "dns_name": "internal-app-lb-1705595140.ap-northeast-2.elb.amazonaws.com",
            "dns_record_client_routing_policy": null,
            "drop_invalid_header_fields": false,
            "enable_cross_zone_load_balancing": true,
            "enable_deletion_protection": false,
            "enable_http2": true,
            "enable_tls_version_and_cipher_suite_headers": false,
            "enable_waf_fail_open": false,
            "enable_xff_client_port": false,
            "id": "arn:aws:elasticloadbalancing:ap-northeast-2:431410879895:loadbalancer/app/app-lb/c00ea7d1ffaf1d4d",
            "idle_timeout": 60,
            "internal": true,
            "ip_address_type": "ipv4",
            "load_balancer_type": "application",
            "name": "app-lb",
            "name_prefix": "",
            "preserve_host_header": false,
            "security_groups": [
              "sg-01dc94116fb9739b5"
            ],
            "subnet_mapping": [
              {
                "allocation_id": "",
                "ipv6_address": "",
                "outpost_id": "",
                "private_ipv4_address": "",
                "subnet_id": "subnet-07302c78c9827fa6b"
              },
              {
                "allocation_id": "",
                "ipv6_address": "",
                "outpost_id": "",
                "private_ipv4_address": "",
                "subnet_id": "subnet-0eeb0e1fdb7683e9a"
              }
            ],
            "subnets": [
              "subnet-07302c78c9827fa6b",
              "subnet-0eeb0e1fdb7683e9a"
            ],
            "tags": null,
            "tags_all": {},
            "timeouts": null,
            "vpc_id": "vpc-09de2f4281603ec50",
            "xff_header_processing_mode": "append",
            "zone_id": "ZWKZPGTI48KDX"
          },
          "sensitive_attributes": [],
          "private": "eyJlMmJmYjczMC1lY2FhLTExZTYtOGY4OC0zNDM2M2JjN2M0YzAiOnsiY3JlYXRlIjo2MDAwMDAwMDAwMDAsImRlbGV0ZSI6NjAwMDAwMDAwMDAwLCJ1cGRhdGUiOjYwMDAwMDAwMDAwMH19",
          "dependencies": [
            "aws_security_group.goormVPC_security_group",
            "aws_subnet.private_app_a",
            "aws_subnet.private_app_c",
            "aws_vpc.goormVPC"
          ]
        }
      ]
    },
    {
      "mode": "managed",
      "type": "aws_lb",
      "name": "web_lb",
      "provider": "provider[\"registry.terraform.io/hashicorp/aws\"]",
      "instances": [
        {
          "schema_version": 0,
          "attributes": {
            "access_logs": [
              {
                "bucket": "",
                "enabled": false,
                "prefix": ""
              }
            ],
            "arn": "arn:aws:elasticloadbalancing:ap-northeast-2:431410879895:loadbalancer/app/web-lb/d7ed9d8c4d656e56",
            "arn_suffix": "app/web-lb/d7ed9d8c4d656e56",
            "customer_owned_ipv4_pool": "",
            "desync_mitigation_mode": "defensive",
            "dns_name": "web-lb-776020789.ap-northeast-2.elb.amazonaws.com",
            "dns_record_client_routing_policy": null,
            "drop_invalid_header_fields": false,
            "enable_cross_zone_load_balancing": true,
            "enable_deletion_protection": false,
            "enable_http2": true,
            "enable_tls_version_and_cipher_suite_headers": false,
            "enable_waf_fail_open": false,
            "enable_xff_client_port": false,
            "id": "arn:aws:elasticloadbalancing:ap-northeast-2:431410879895:loadbalancer/app/web-lb/d7ed9d8c4d656e56",
            "idle_timeout": 60,
            "internal": false,
            "ip_address_type": "ipv4",
            "load_balancer_type": "application",
            "name": "web-lb",
            "name_prefix": "",
            "preserve_host_header": false,
            "security_groups": [
              "sg-01dc94116fb9739b5"
            ],
            "subnet_mapping": [
              {
                "allocation_id": "",
                "ipv6_address": "",
                "outpost_id": "",
                "private_ipv4_address": "",
                "subnet_id": "subnet-044160d62b7dace21"
              },
              {
                "allocation_id": "",
                "ipv6_address": "",
                "outpost_id": "",
                "private_ipv4_address": "",
                "subnet_id": "subnet-0d76e96b0651ca3ef"
              }
            ],
            "subnets": [
              "subnet-044160d62b7dace21",
              "subnet-0d76e96b0651ca3ef"
            ],
            "tags": null,
            "tags_all": {},
            "timeouts": null,
            "vpc_id": "vpc-09de2f4281603ec50",
            "xff_header_processing_mode": "append",
            "zone_id": "ZWKZPGTI48KDX"
          },
          "sensitive_attributes": [],
          "private": "eyJlMmJmYjczMC1lY2FhLTExZTYtOGY4OC0zNDM2M2JjN2M0YzAiOnsiY3JlYXRlIjo2MDAwMDAwMDAwMDAsImRlbGV0ZSI6NjAwMDAwMDAwMDAwLCJ1cGRhdGUiOjYwMDAwMDAwMDAwMH19",
          "dependencies": [
            "aws_security_group.goormVPC_security_group",
            "aws_subnet.public_web_a",
            "aws_subnet.public_web_c",
            "aws_vpc.goormVPC"
          ]
        }
      ]
    },
    {
      "mode": "managed",
      "type": "aws_lb_listener",
      "name": "app_lb_listener",
      "provider": "provider[\"registry.terraform.io/hashicorp/aws\"]",
      "instances": [
        {
          "schema_version": 0,
          "attributes": {
            "alpn_policy": null,
            "arn": "arn:aws:elasticloadbalancing:ap-northeast-2:431410879895:listener/app/app-lb/c00ea7d1ffaf1d4d/2c3cdb5e1eb7e34f",
            "certificate_arn": null,
            "default_action": [
              {
                "authenticate_cognito": [],
                "authenticate_oidc": [],
                "fixed_response": [],
                "forward": [],
                "order": 1,
                "redirect": [],
                "target_group_arn": "arn:aws:elasticloadbalancing:ap-northeast-2:431410879895:targetgroup/app-lb-target-group/65267f72bf44aaa9",
                "type": "forward"
              }
            ],
            "id": "arn:aws:elasticloadbalancing:ap-northeast-2:431410879895:listener/app/app-lb/c00ea7d1ffaf1d4d/2c3cdb5e1eb7e34f",
            "load_balancer_arn": "arn:aws:elasticloadbalancing:ap-northeast-2:431410879895:loadbalancer/app/app-lb/c00ea7d1ffaf1d4d",
            "port": 80,
            "protocol": "HTTP",
            "ssl_policy": "",
            "tags": null,
            "tags_all": {},
            "timeouts": null
          },
          "sensitive_attributes": [],
          "private": "eyJlMmJmYjczMC1lY2FhLTExZTYtOGY4OC0zNDM2M2JjN2M0YzAiOnsicmVhZCI6NjAwMDAwMDAwMDAwfX0=",
          "dependencies": [
            "aws_lb.app_lb",
            "aws_lb_target_group.app_lb_target_group",
            "aws_security_group.goormVPC_security_group",
            "aws_subnet.private_app_a",
            "aws_subnet.private_app_c",
            "aws_vpc.goormVPC"
          ]
        }
      ]
    },
    {
      "mode": "managed",
      "type": "aws_lb_listener",
      "name": "web_lb_listener",
      "provider": "provider[\"registry.terraform.io/hashicorp/aws\"]",
      "instances": [
        {
          "schema_version": 0,
          "attributes": {
            "alpn_policy": null,
            "arn": "arn:aws:elasticloadbalancing:ap-northeast-2:431410879895:listener/app/web-lb/d7ed9d8c4d656e56/ce803927f7f3519a",
            "certificate_arn": null,
            "default_action": [
              {
                "authenticate_cognito": [],
                "authenticate_oidc": [],
                "fixed_response": [],
                "forward": [],
                "order": 1,
                "redirect": [],
                "target_group_arn": "arn:aws:elasticloadbalancing:ap-northeast-2:431410879895:targetgroup/web-lb-target-group/68c5a90dd0b4514f",
                "type": "forward"
              }
            ],
            "id": "arn:aws:elasticloadbalancing:ap-northeast-2:431410879895:listener/app/web-lb/d7ed9d8c4d656e56/ce803927f7f3519a",
            "load_balancer_arn": "arn:aws:elasticloadbalancing:ap-northeast-2:431410879895:loadbalancer/app/web-lb/d7ed9d8c4d656e56",
            "port": 80,
            "protocol": "HTTP",
            "ssl_policy": "",
            "tags": null,
            "tags_all": {},
            "timeouts": null
          },
          "sensitive_attributes": [],
          "private": "eyJlMmJmYjczMC1lY2FhLTExZTYtOGY4OC0zNDM2M2JjN2M0YzAiOnsicmVhZCI6NjAwMDAwMDAwMDAwfX0=",
          "dependencies": [
            "aws_lb.web_lb",
            "aws_lb_target_group.web_lb_target_group",
            "aws_security_group.goormVPC_security_group",
            "aws_subnet.public_web_a",
            "aws_subnet.public_web_c",
            "aws_vpc.goormVPC"
          ]
        }
      ]
    },
    {
      "mode": "managed",
      "type": "aws_lb_target_group",
      "name": "app_lb_target_group",
      "provider": "provider[\"registry.terraform.io/hashicorp/aws\"]",
      "instances": [
        {
          "schema_version": 0,
          "attributes": {
            "arn": "arn:aws:elasticloadbalancing:ap-northeast-2:431410879895:targetgroup/app-lb-target-group/65267f72bf44aaa9",
            "arn_suffix": "targetgroup/app-lb-target-group/65267f72bf44aaa9",
            "connection_termination": null,
            "deregistration_delay": "300",
            "health_check": [
              {
                "enabled": true,
                "healthy_threshold": 5,
                "interval": 30,
                "matcher": "200",
                "path": "/",
                "port": "traffic-port",
                "protocol": "HTTP",
                "timeout": 5,
                "unhealthy_threshold": 2
              }
            ],
            "id": "arn:aws:elasticloadbalancing:ap-northeast-2:431410879895:targetgroup/app-lb-target-group/65267f72bf44aaa9",
            "ip_address_type": "ipv4",
            "lambda_multi_value_headers_enabled": false,
            "load_balancing_algorithm_type": "round_robin",
            "load_balancing_cross_zone_enabled": "use_load_balancer_configuration",
            "name": "app-lb-target-group",
            "name_prefix": "",
            "port": 80,
            "preserve_client_ip": null,
            "protocol": "HTTP",
            "protocol_version": "HTTP1",
            "proxy_protocol_v2": false,
            "slow_start": 0,
            "stickiness": [
              {
                "cookie_duration": 86400,
                "cookie_name": "",
                "enabled": false,
                "type": "lb_cookie"
              }
            ],
            "tags": null,
            "tags_all": {},
            "target_failover": [
              {
                "on_deregistration": null,
                "on_unhealthy": null
              }
            ],
            "target_health_state": [
              {
                "enable_unhealthy_connection_termination": null
              }
            ],
            "target_type": "instance",
            "vpc_id": "vpc-09de2f4281603ec50"
          },
          "sensitive_attributes": [],
          "private": "bnVsbA==",
          "dependencies": [
            "aws_vpc.goormVPC"
          ]
        }
      ]
    },
    {
      "mode": "managed",
      "type": "aws_lb_target_group",
      "name": "web_lb_target_group",
      "provider": "provider[\"registry.terraform.io/hashicorp/aws\"]",
      "instances": [
        {
          "schema_version": 0,
          "attributes": {
            "arn": "arn:aws:elasticloadbalancing:ap-northeast-2:431410879895:targetgroup/web-lb-target-group/68c5a90dd0b4514f",
            "arn_suffix": "targetgroup/web-lb-target-group/68c5a90dd0b4514f",
            "connection_termination": null,
            "deregistration_delay": "300",
            "health_check": [
              {
                "enabled": true,
                "healthy_threshold": 5,
                "interval": 30,
                "matcher": "200",
                "path": "/",
                "port": "traffic-port",
                "protocol": "HTTP",
                "timeout": 5,
                "unhealthy_threshold": 2
              }
            ],
            "id": "arn:aws:elasticloadbalancing:ap-northeast-2:431410879895:targetgroup/web-lb-target-group/68c5a90dd0b4514f",
            "ip_address_type": "ipv4",
            "lambda_multi_value_headers_enabled": false,
            "load_balancing_algorithm_type": "round_robin",
            "load_balancing_cross_zone_enabled": "use_load_balancer_configuration",
            "name": "web-lb-target-group",
            "name_prefix": "",
            "port": 80,
            "preserve_client_ip": null,
            "protocol": "HTTP",
            "protocol_version": "HTTP1",
            "proxy_protocol_v2": false,
            "slow_start": 0,
            "stickiness": [
              {
                "cookie_duration": 86400,
                "cookie_name": "",
                "enabled": false,
                "type": "lb_cookie"
              }
            ],
            "tags": null,
            "tags_all": {},
            "target_failover": [
              {
                "on_deregistration": null,
                "on_unhealthy": null
              }
            ],
            "target_health_state": [
              {
                "enable_unhealthy_connection_termination": null
              }
            ],
            "target_type": "instance",
            "vpc_id": "vpc-09de2f4281603ec50"
          },
          "sensitive_attributes": [],
          "private": "bnVsbA==",
          "dependencies": [
            "aws_vpc.goormVPC"
          ]
        }
      ]
    },
    {
      "mode": "managed",
      "type": "aws_nat_gateway",
      "name": "nat_gateway",
      "provider": "provider[\"registry.terraform.io/hashicorp/aws\"]",
      "instances": [
        {
          "schema_version": 0,
          "attributes": {
            "allocation_id": "eipalloc-0af6510eb1c2cfa34",
            "association_id": "eipassoc-00a33ab47b3c6657d",
            "connectivity_type": "public",
            "id": "nat-0a43a087f6e93e0ff",
            "network_interface_id": "eni-02bfb3a6bc50d9d3f",
            "private_ip": "10.10.1.82",
            "public_ip": "52.79.83.9",
            "secondary_allocation_ids": null,
            "secondary_private_ip_address_count": 0,
            "secondary_private_ip_addresses": [],
            "subnet_id": "subnet-044160d62b7dace21",
            "tags": {
              "Name": "NAT Gateway"
            },
            "tags_all": {
              "Name": "NAT Gateway"
            },
            "timeouts": null
          },
          "sensitive_attributes": [],
          "private": "eyJlMmJmYjczMC1lY2FhLTExZTYtOGY4OC0zNDM2M2JjN2M0YzAiOnsiY3JlYXRlIjo2MDAwMDAwMDAwMDAsImRlbGV0ZSI6MTgwMDAwMDAwMDAwMCwidXBkYXRlIjo2MDAwMDAwMDAwMDB9fQ==",
          "dependencies": [
            "aws_eip.nat_gateway_ip",
            "aws_internet_gateway.internet_gateway",
            "aws_subnet.public_web_a",
            "aws_vpc.goormVPC"
          ]
        }
      ]
    },
    {
      "mode": "managed",
      "type": "aws_route",
      "name": "private_route_table_route",
      "provider": "provider[\"registry.terraform.io/hashicorp/aws\"]",
      "instances": [
        {
          "schema_version": 0,
          "attributes": {
            "carrier_gateway_id": "",
            "core_network_arn": "",
            "destination_cidr_block": "0.0.0.0/0",
            "destination_ipv6_cidr_block": "",
            "destination_prefix_list_id": "",
            "egress_only_gateway_id": "",
            "gateway_id": "",
            "id": "r-rtb-008e83fcdcd6bfb761080289494",
            "instance_id": "",
            "instance_owner_id": "",
            "local_gateway_id": "",
            "nat_gateway_id": "nat-0a43a087f6e93e0ff",
            "network_interface_id": "",
            "origin": "CreateRoute",
            "route_table_id": "rtb-008e83fcdcd6bfb76",
            "state": "active",
            "timeouts": null,
            "transit_gateway_id": "",
            "vpc_endpoint_id": "",
            "vpc_peering_connection_id": ""
          },
          "sensitive_attributes": [],
          "private": "eyJlMmJmYjczMC1lY2FhLTExZTYtOGY4OC0zNDM2M2JjN2M0YzAiOnsiY3JlYXRlIjozMDAwMDAwMDAwMDAsImRlbGV0ZSI6MzAwMDAwMDAwMDAwLCJ1cGRhdGUiOjEyMDAwMDAwMDAwMH19",
          "dependencies": [
            "aws_eip.nat_gateway_ip",
            "aws_internet_gateway.internet_gateway",
            "aws_nat_gateway.nat_gateway",
            "aws_route_table.app_route_table",
            "aws_subnet.public_web_a",
            "aws_vpc.goormVPC"
          ]
        }
      ]
    },
    {
      "mode": "managed",
      "type": "aws_route_table",
      "name": "app_route_table",
      "provider": "provider[\"registry.terraform.io/hashicorp/aws\"]",
      "instances": [
        {
          "schema_version": 0,
          "attributes": {
            "arn": "arn:aws:ec2:ap-northeast-2:431410879895:route-table/rtb-008e83fcdcd6bfb76",
            "id": "rtb-008e83fcdcd6bfb76",
            "owner_id": "431410879895",
            "propagating_vgws": [],
            "route": [],
            "tags": {
              "Name": "Private App Route Table"
            },
            "tags_all": {
              "Name": "Private App Route Table"
            },
            "timeouts": null,
            "vpc_id": "vpc-09de2f4281603ec50"
          },
          "sensitive_attributes": [],
          "private": "eyJlMmJmYjczMC1lY2FhLTExZTYtOGY4OC0zNDM2M2JjN2M0YzAiOnsiY3JlYXRlIjozMDAwMDAwMDAwMDAsImRlbGV0ZSI6MzAwMDAwMDAwMDAwLCJ1cGRhdGUiOjEyMDAwMDAwMDAwMH19",
          "dependencies": [
            "aws_vpc.goormVPC"
          ]
        }
      ]
    },
    {
      "mode": "managed",
      "type": "aws_route_table",
      "name": "web_route_table",
      "provider": "provider[\"registry.terraform.io/hashicorp/aws\"]",
      "instances": [
        {
          "schema_version": 0,
          "attributes": {
            "arn": "arn:aws:ec2:ap-northeast-2:431410879895:route-table/rtb-0845668c5011f8cc5",
            "id": "rtb-0845668c5011f8cc5",
            "owner_id": "431410879895",
            "propagating_vgws": [],
            "route": [
              {
                "carrier_gateway_id": "",
                "cidr_block": "0.0.0.0/0",
                "core_network_arn": "",
                "destination_prefix_list_id": "",
                "egress_only_gateway_id": "",
                "gateway_id": "igw-0f5c59f84a4ff8491",
                "ipv6_cidr_block": "",
                "local_gateway_id": "",
                "nat_gateway_id": "",
                "network_interface_id": "",
                "transit_gateway_id": "",
                "vpc_endpoint_id": "",
                "vpc_peering_connection_id": ""
              }
            ],
            "tags": {
              "Name": "Public Web Route Table"
            },
            "tags_all": {
              "Name": "Public Web Route Table"
            },
            "timeouts": null,
            "vpc_id": "vpc-09de2f4281603ec50"
          },
          "sensitive_attributes": [],
          "private": "eyJlMmJmYjczMC1lY2FhLTExZTYtOGY4OC0zNDM2M2JjN2M0YzAiOnsiY3JlYXRlIjozMDAwMDAwMDAwMDAsImRlbGV0ZSI6MzAwMDAwMDAwMDAwLCJ1cGRhdGUiOjEyMDAwMDAwMDAwMH19",
          "dependencies": [
            "aws_internet_gateway.internet_gateway",
            "aws_vpc.goormVPC"
          ]
        }
      ]
    },
    {
      "mode": "managed",
      "type": "aws_route_table_association",
      "name": "app_db_route_table_association",
      "provider": "provider[\"registry.terraform.io/hashicorp/aws\"]",
      "instances": [
        {
          "schema_version": 0,
          "attributes": {
            "gateway_id": "",
            "id": "rtbassoc-035751a8edd9f39da",
            "route_table_id": "rtb-008e83fcdcd6bfb76",
            "subnet_id": "subnet-06f478f268c7ad3c9",
            "timeouts": null
          },
          "sensitive_attributes": [],
          "private": "eyJlMmJmYjczMC1lY2FhLTExZTYtOGY4OC0zNDM2M2JjN2M0YzAiOnsiY3JlYXRlIjozMDAwMDAwMDAwMDAsImRlbGV0ZSI6MzAwMDAwMDAwMDAwLCJ1cGRhdGUiOjEyMDAwMDAwMDAwMH19",
          "dependencies": [
            "aws_route_table.app_route_table",
            "aws_subnet.private_db_a",
            "aws_vpc.goormVPC"
          ]
        }
      ]
    },
    {
      "mode": "managed",
      "type": "aws_route_table_association",
      "name": "app_route_table_association_a",
      "provider": "provider[\"registry.terraform.io/hashicorp/aws\"]",
      "instances": [
        {
          "schema_version": 0,
          "attributes": {
            "gateway_id": "",
            "id": "rtbassoc-0f96ab184c5272866",
            "route_table_id": "rtb-008e83fcdcd6bfb76",
            "subnet_id": "subnet-07302c78c9827fa6b",
            "timeouts": null
          },
          "sensitive_attributes": [],
          "private": "eyJlMmJmYjczMC1lY2FhLTExZTYtOGY4OC0zNDM2M2JjN2M0YzAiOnsiY3JlYXRlIjozMDAwMDAwMDAwMDAsImRlbGV0ZSI6MzAwMDAwMDAwMDAwLCJ1cGRhdGUiOjEyMDAwMDAwMDAwMH19",
          "dependencies": [
            "aws_route_table.app_route_table",
            "aws_subnet.private_app_a",
            "aws_vpc.goormVPC"
          ]
        }
      ]
    },
    {
      "mode": "managed",
      "type": "aws_route_table_association",
      "name": "app_route_table_association_c",
      "provider": "provider[\"registry.terraform.io/hashicorp/aws\"]",
      "instances": [
        {
          "schema_version": 0,
          "attributes": {
            "gateway_id": "",
            "id": "rtbassoc-03a0c8868e0de57b4",
            "route_table_id": "rtb-008e83fcdcd6bfb76",
            "subnet_id": "subnet-0eeb0e1fdb7683e9a",
            "timeouts": null
          },
          "sensitive_attributes": [],
          "private": "eyJlMmJmYjczMC1lY2FhLTExZTYtOGY4OC0zNDM2M2JjN2M0YzAiOnsiY3JlYXRlIjozMDAwMDAwMDAwMDAsImRlbGV0ZSI6MzAwMDAwMDAwMDAwLCJ1cGRhdGUiOjEyMDAwMDAwMDAwMH19",
          "dependencies": [
            "aws_route_table.app_route_table",
            "aws_subnet.private_app_c",
            "aws_vpc.goormVPC"
          ]
        }
      ]
    },
    {
      "mode": "managed",
      "type": "aws_route_table_association",
      "name": "web_route_table_association_a",
      "provider": "provider[\"registry.terraform.io/hashicorp/aws\"]",
      "instances": [
        {
          "schema_version": 0,
          "attributes": {
            "gateway_id": "",
            "id": "rtbassoc-0510a16831c647368",
            "route_table_id": "rtb-0845668c5011f8cc5",
            "subnet_id": "subnet-044160d62b7dace21",
            "timeouts": null
          },
          "sensitive_attributes": [],
          "private": "eyJlMmJmYjczMC1lY2FhLTExZTYtOGY4OC0zNDM2M2JjN2M0YzAiOnsiY3JlYXRlIjozMDAwMDAwMDAwMDAsImRlbGV0ZSI6MzAwMDAwMDAwMDAwLCJ1cGRhdGUiOjEyMDAwMDAwMDAwMH19",
          "dependencies": [
            "aws_internet_gateway.internet_gateway",
            "aws_route_table.web_route_table",
            "aws_subnet.public_web_a",
            "aws_vpc.goormVPC"
          ]
        }
      ]
    },
    {
      "mode": "managed",
      "type": "aws_route_table_association",
      "name": "web_route_table_association_c",
      "provider": "provider[\"registry.terraform.io/hashicorp/aws\"]",
      "instances": [
        {
          "schema_version": 0,
          "attributes": {
            "gateway_id": "",
            "id": "rtbassoc-01e96b8fa03fa896a",
            "route_table_id": "rtb-0845668c5011f8cc5",
            "subnet_id": "subnet-0d76e96b0651ca3ef",
            "timeouts": null
          },
          "sensitive_attributes": [],
          "private": "eyJlMmJmYjczMC1lY2FhLTExZTYtOGY4OC0zNDM2M2JjN2M0YzAiOnsiY3JlYXRlIjozMDAwMDAwMDAwMDAsImRlbGV0ZSI6MzAwMDAwMDAwMDAwLCJ1cGRhdGUiOjEyMDAwMDAwMDAwMH19",
          "dependencies": [
            "aws_internet_gateway.internet_gateway",
            "aws_route_table.web_route_table",
            "aws_subnet.public_web_c",
            "aws_vpc.goormVPC"
          ]
        }
      ]
    },
    {
      "mode": "managed",
      "type": "aws_security_group",
      "name": "goormVPC_security_group",
      "provider": "provider[\"registry.terraform.io/hashicorp/aws\"]",
      "instances": [
        {
          "schema_version": 1,
          "attributes": {
            "arn": "arn:aws:ec2:ap-northeast-2:431410879895:security-group/sg-01dc94116fb9739b5",
            "description": "Managed by Terraform",
            "egress": [
              {
                "cidr_blocks": [
                  "0.0.0.0/0"
                ],
                "description": "",
                "from_port": 0,
                "ipv6_cidr_blocks": [
                  "::/0"
                ],
                "prefix_list_ids": [],
                "protocol": "-1",
                "security_groups": [],
                "self": false,
                "to_port": 0
              }
            ],
            "id": "sg-01dc94116fb9739b5",
            "ingress": [
              {
                "cidr_blocks": [
                  "0.0.0.0/0"
                ],
                "description": "",
                "from_port": 22,
                "ipv6_cidr_blocks": [
                  "::/0"
                ],
                "prefix_list_ids": [],
                "protocol": "tcp",
                "security_groups": [],
                "self": false,
                "to_port": 22
              },
              {
                "cidr_blocks": [
                  "0.0.0.0/0"
                ],
                "description": "",
                "from_port": 8080,
                "ipv6_cidr_blocks": [
                  "::/0"
                ],
                "prefix_list_ids": [],
                "protocol": "tcp",
                "security_groups": [],
                "self": false,
                "to_port": 8080
              },
              {
                "cidr_blocks": [
                  "0.0.0.0/0"
                ],
                "description": "",
                "from_port": 80,
                "ipv6_cidr_blocks": [
                  "::/0"
                ],
                "prefix_list_ids": [],
                "protocol": "tcp",
                "security_groups": [],
                "self": false,
                "to_port": 80
              }
            ],
            "name": "goormVPC_security_group",
            "name_prefix": "",
            "owner_id": "431410879895",
            "revoke_rules_on_delete": false,
            "tags": null,
            "tags_all": {},
            "timeouts": null,
            "vpc_id": "vpc-09de2f4281603ec50"
          },
          "sensitive_attributes": [],
          "private": "eyJlMmJmYjczMC1lY2FhLTExZTYtOGY4OC0zNDM2M2JjN2M0YzAiOnsiY3JlYXRlIjo2MDAwMDAwMDAwMDAsImRlbGV0ZSI6OTAwMDAwMDAwMDAwfSwic2NoZW1hX3ZlcnNpb24iOiIxIn0=",
          "dependencies": [
            "aws_vpc.goormVPC"
          ]
        }
      ]
    },
    {
      "mode": "managed",
      "type": "aws_security_group",
      "name": "rds_security_group",
      "provider": "provider[\"registry.terraform.io/hashicorp/aws\"]",
      "instances": [
        {
          "schema_version": 1,
          "attributes": {
            "arn": "arn:aws:ec2:ap-northeast-2:431410879895:security-group/sg-0e2dd8b56415309b2",
            "description": "Managed by Terraform",
            "egress": [],
            "id": "sg-0e2dd8b56415309b2",
            "ingress": [
              {
                "cidr_blocks": [],
                "description": "",
                "from_port": 3306,
                "ipv6_cidr_blocks": [],
                "prefix_list_ids": [],
                "protocol": "tcp",
                "security_groups": [
                  "sg-01dc94116fb9739b5"
                ],
                "self": false,
                "to_port": 3306
              }
            ],
            "name": "rds_security_group",
            "name_prefix": "",
            "owner_id": "431410879895",
            "revoke_rules_on_delete": false,
            "tags": {
              "Name": "rds_security_group"
            },
            "tags_all": {
              "Name": "rds_security_group"
            },
            "timeouts": null,
            "vpc_id": "vpc-09de2f4281603ec50"
          },
          "sensitive_attributes": [],
          "private": "eyJlMmJmYjczMC1lY2FhLTExZTYtOGY4OC0zNDM2M2JjN2M0YzAiOnsiY3JlYXRlIjo2MDAwMDAwMDAwMDAsImRlbGV0ZSI6OTAwMDAwMDAwMDAwfSwic2NoZW1hX3ZlcnNpb24iOiIxIn0=",
          "dependencies": [
            "aws_security_group.goormVPC_security_group",
            "aws_vpc.goormVPC"
          ]
        }
      ]
    },
    {
      "mode": "managed",
      "type": "aws_subnet",
      "name": "private_app_a",
      "provider": "provider[\"registry.terraform.io/hashicorp/aws\"]",
      "instances": [
        {
          "schema_version": 1,
          "attributes": {
            "arn": "arn:aws:ec2:ap-northeast-2:431410879895:subnet/subnet-07302c78c9827fa6b",
            "assign_ipv6_address_on_creation": false,
            "availability_zone": "ap-northeast-2a",
            "availability_zone_id": "apne2-az1",
            "cidr_block": "10.10.10.0/24",
            "customer_owned_ipv4_pool": "",
            "enable_dns64": false,
            "enable_lni_at_device_index": 0,
            "enable_resource_name_dns_a_record_on_launch": false,
            "enable_resource_name_dns_aaaa_record_on_launch": false,
            "id": "subnet-07302c78c9827fa6b",
            "ipv6_cidr_block": "",
            "ipv6_cidr_block_association_id": "",
            "ipv6_native": false,
            "map_customer_owned_ip_on_launch": false,
            "map_public_ip_on_launch": false,
            "outpost_arn": "",
            "owner_id": "431410879895",
            "private_dns_hostname_type_on_launch": "ip-name",
            "tags": {
              "Name": "private_app_a"
            },
            "tags_all": {
              "Name": "private_app_a"
            },
            "timeouts": null,
            "vpc_id": "vpc-09de2f4281603ec50"
          },
          "sensitive_attributes": [],
          "private": "eyJlMmJmYjczMC1lY2FhLTExZTYtOGY4OC0zNDM2M2JjN2M0YzAiOnsiY3JlYXRlIjo2MDAwMDAwMDAwMDAsImRlbGV0ZSI6MTIwMDAwMDAwMDAwMH0sInNjaGVtYV92ZXJzaW9uIjoiMSJ9",
          "dependencies": [
            "aws_vpc.goormVPC"
          ]
        }
      ]
    },
    {
      "mode": "managed",
      "type": "aws_subnet",
      "name": "private_app_c",
      "provider": "provider[\"registry.terraform.io/hashicorp/aws\"]",
      "instances": [
        {
          "schema_version": 1,
          "attributes": {
            "arn": "arn:aws:ec2:ap-northeast-2:431410879895:subnet/subnet-0eeb0e1fdb7683e9a",
            "assign_ipv6_address_on_creation": false,
            "availability_zone": "ap-northeast-2c",
            "availability_zone_id": "apne2-az3",
            "cidr_block": "10.10.20.0/24",
            "customer_owned_ipv4_pool": "",
            "enable_dns64": false,
            "enable_lni_at_device_index": 0,
            "enable_resource_name_dns_a_record_on_launch": false,
            "enable_resource_name_dns_aaaa_record_on_launch": false,
            "id": "subnet-0eeb0e1fdb7683e9a",
            "ipv6_cidr_block": "",
            "ipv6_cidr_block_association_id": "",
            "ipv6_native": false,
            "map_customer_owned_ip_on_launch": false,
            "map_public_ip_on_launch": false,
            "outpost_arn": "",
            "owner_id": "431410879895",
            "private_dns_hostname_type_on_launch": "ip-name",
            "tags": {
              "Name": "private_app_c"
            },
            "tags_all": {
              "Name": "private_app_c"
            },
            "timeouts": null,
            "vpc_id": "vpc-09de2f4281603ec50"
          },
          "sensitive_attributes": [],
          "private": "eyJlMmJmYjczMC1lY2FhLTExZTYtOGY4OC0zNDM2M2JjN2M0YzAiOnsiY3JlYXRlIjo2MDAwMDAwMDAwMDAsImRlbGV0ZSI6MTIwMDAwMDAwMDAwMH0sInNjaGVtYV92ZXJzaW9uIjoiMSJ9",
          "dependencies": [
            "aws_vpc.goormVPC"
          ]
        }
      ]
    },
    {
      "mode": "managed",
      "type": "aws_subnet",
      "name": "private_db_a",
      "provider": "provider[\"registry.terraform.io/hashicorp/aws\"]",
      "instances": [
        {
          "schema_version": 1,
          "attributes": {
            "arn": "arn:aws:ec2:ap-northeast-2:431410879895:subnet/subnet-06f478f268c7ad3c9",
            "assign_ipv6_address_on_creation": false,
            "availability_zone": "ap-northeast-2a",
            "availability_zone_id": "apne2-az1",
            "cidr_block": "10.10.100.0/24",
            "customer_owned_ipv4_pool": "",
            "enable_dns64": false,
            "enable_lni_at_device_index": 0,
            "enable_resource_name_dns_a_record_on_launch": false,
            "enable_resource_name_dns_aaaa_record_on_launch": false,
            "id": "subnet-06f478f268c7ad3c9",
            "ipv6_cidr_block": "",
            "ipv6_cidr_block_association_id": "",
            "ipv6_native": false,
            "map_customer_owned_ip_on_launch": false,
            "map_public_ip_on_launch": false,
            "outpost_arn": "",
            "owner_id": "431410879895",
            "private_dns_hostname_type_on_launch": "ip-name",
            "tags": {
              "Name": "private_db_a"
            },
            "tags_all": {
              "Name": "private_db_a"
            },
            "timeouts": null,
            "vpc_id": "vpc-09de2f4281603ec50"
          },
          "sensitive_attributes": [],
          "private": "eyJlMmJmYjczMC1lY2FhLTExZTYtOGY4OC0zNDM2M2JjN2M0YzAiOnsiY3JlYXRlIjo2MDAwMDAwMDAwMDAsImRlbGV0ZSI6MTIwMDAwMDAwMDAwMH0sInNjaGVtYV92ZXJzaW9uIjoiMSJ9",
          "dependencies": [
            "aws_vpc.goormVPC"
          ]
        }
      ]
    },
    {
      "mode": "managed",
      "type": "aws_subnet",
      "name": "private_db_c",
      "provider": "provider[\"registry.terraform.io/hashicorp/aws\"]",
      "instances": [
        {
          "schema_version": 1,
          "attributes": {
            "arn": "arn:aws:ec2:ap-northeast-2:431410879895:subnet/subnet-08b3c2dec65cad99f",
            "assign_ipv6_address_on_creation": false,
            "availability_zone": "ap-northeast-2c",
            "availability_zone_id": "apne2-az3",
            "cidr_block": "10.10.200.0/24",
            "customer_owned_ipv4_pool": "",
            "enable_dns64": false,
            "enable_lni_at_device_index": 0,
            "enable_resource_name_dns_a_record_on_launch": false,
            "enable_resource_name_dns_aaaa_record_on_launch": false,
            "id": "subnet-08b3c2dec65cad99f",
            "ipv6_cidr_block": "",
            "ipv6_cidr_block_association_id": "",
            "ipv6_native": false,
            "map_customer_owned_ip_on_launch": false,
            "map_public_ip_on_launch": false,
            "outpost_arn": "",
            "owner_id": "431410879895",
            "private_dns_hostname_type_on_launch": "ip-name",
            "tags": {
              "Name": "private_db_c"
            },
            "tags_all": {
              "Name": "private_db_c"
            },
            "timeouts": null,
            "vpc_id": "vpc-09de2f4281603ec50"
          },
          "sensitive_attributes": [],
          "private": "eyJlMmJmYjczMC1lY2FhLTExZTYtOGY4OC0zNDM2M2JjN2M0YzAiOnsiY3JlYXRlIjo2MDAwMDAwMDAwMDAsImRlbGV0ZSI6MTIwMDAwMDAwMDAwMH0sInNjaGVtYV92ZXJzaW9uIjoiMSJ9",
          "dependencies": [
            "aws_vpc.goormVPC"
          ]
        }
      ]
    },
    {
      "mode": "managed",
      "type": "aws_subnet",
      "name": "public_web_a",
      "provider": "provider[\"registry.terraform.io/hashicorp/aws\"]",
      "instances": [
        {
          "schema_version": 1,
          "attributes": {
            "arn": "arn:aws:ec2:ap-northeast-2:431410879895:subnet/subnet-044160d62b7dace21",
            "assign_ipv6_address_on_creation": false,
            "availability_zone": "ap-northeast-2a",
            "availability_zone_id": "apne2-az1",
            "cidr_block": "10.10.1.0/24",
            "customer_owned_ipv4_pool": "",
            "enable_dns64": false,
            "enable_lni_at_device_index": 0,
            "enable_resource_name_dns_a_record_on_launch": false,
            "enable_resource_name_dns_aaaa_record_on_launch": false,
            "id": "subnet-044160d62b7dace21",
            "ipv6_cidr_block": "",
            "ipv6_cidr_block_association_id": "",
            "ipv6_native": false,
            "map_customer_owned_ip_on_launch": false,
            "map_public_ip_on_launch": false,
            "outpost_arn": "",
            "owner_id": "431410879895",
            "private_dns_hostname_type_on_launch": "ip-name",
            "tags": {
              "Name": "public_web_a"
            },
            "tags_all": {
              "Name": "public_web_a"
            },
            "timeouts": null,
            "vpc_id": "vpc-09de2f4281603ec50"
          },
          "sensitive_attributes": [],
          "private": "eyJlMmJmYjczMC1lY2FhLTExZTYtOGY4OC0zNDM2M2JjN2M0YzAiOnsiY3JlYXRlIjo2MDAwMDAwMDAwMDAsImRlbGV0ZSI6MTIwMDAwMDAwMDAwMH0sInNjaGVtYV92ZXJzaW9uIjoiMSJ9",
          "dependencies": [
            "aws_vpc.goormVPC"
          ]
        }
      ]
    },
    {
      "mode": "managed",
      "type": "aws_subnet",
      "name": "public_web_c",
      "provider": "provider[\"registry.terraform.io/hashicorp/aws\"]",
      "instances": [
        {
          "schema_version": 1,
          "attributes": {
            "arn": "arn:aws:ec2:ap-northeast-2:431410879895:subnet/subnet-0d76e96b0651ca3ef",
            "assign_ipv6_address_on_creation": false,
            "availability_zone": "ap-northeast-2c",
            "availability_zone_id": "apne2-az3",
            "cidr_block": "10.10.2.0/24",
            "customer_owned_ipv4_pool": "",
            "enable_dns64": false,
            "enable_lni_at_device_index": 0,
            "enable_resource_name_dns_a_record_on_launch": false,
            "enable_resource_name_dns_aaaa_record_on_launch": false,
            "id": "subnet-0d76e96b0651ca3ef",
            "ipv6_cidr_block": "",
            "ipv6_cidr_block_association_id": "",
            "ipv6_native": false,
            "map_customer_owned_ip_on_launch": false,
            "map_public_ip_on_launch": false,
            "outpost_arn": "",
            "owner_id": "431410879895",
            "private_dns_hostname_type_on_launch": "ip-name",
            "tags": {
              "Name": "public_web_c"
            },
            "tags_all": {
              "Name": "public_web_c"
            },
            "timeouts": null,
            "vpc_id": "vpc-09de2f4281603ec50"
          },
          "sensitive_attributes": [],
          "private": "eyJlMmJmYjczMC1lY2FhLTExZTYtOGY4OC0zNDM2M2JjN2M0YzAiOnsiY3JlYXRlIjo2MDAwMDAwMDAwMDAsImRlbGV0ZSI6MTIwMDAwMDAwMDAwMH0sInNjaGVtYV92ZXJzaW9uIjoiMSJ9",
          "dependencies": [
            "aws_vpc.goormVPC"
          ]
        }
      ]
    },
    {
      "mode": "managed",
      "type": "aws_vpc",
      "name": "goormVPC",
      "provider": "provider[\"registry.terraform.io/hashicorp/aws\"]",
      "instances": [
        {
          "schema_version": 1,
          "attributes": {
            "arn": "arn:aws:ec2:ap-northeast-2:431410879895:vpc/vpc-09de2f4281603ec50",
            "assign_generated_ipv6_cidr_block": false,
            "cidr_block": "10.10.0.0/16",
            "default_network_acl_id": "acl-0551343e3828b68f9",
            "default_route_table_id": "rtb-0374de5e3f95a1912",
            "default_security_group_id": "sg-0db33bfd9edc68cd9",
            "dhcp_options_id": "dopt-0b8d62eef1c6e46e1",
            "enable_dns_hostnames": false,
            "enable_dns_support": true,
            "enable_network_address_usage_metrics": false,
            "id": "vpc-09de2f4281603ec50",
            "instance_tenancy": "default",
            "ipv4_ipam_pool_id": null,
            "ipv4_netmask_length": null,
            "ipv6_association_id": "",
            "ipv6_cidr_block": "",
            "ipv6_cidr_block_network_border_group": "",
            "ipv6_ipam_pool_id": "",
            "ipv6_netmask_length": 0,
            "main_route_table_id": "rtb-0374de5e3f95a1912",
            "owner_id": "431410879895",
            "tags": {
              "Name": "goormVPC"
            },
            "tags_all": {
              "Name": "goormVPC"
            }
          },
          "sensitive_attributes": [],
          "private": "eyJzY2hlbWFfdmVyc2lvbiI6IjEifQ=="
        }
      ]
    },
    {
      "mode": "managed",
      "type": "local_file",
      "name": "private_key",
      "provider": "provider[\"registry.terraform.io/hashicorp/local\"]",
      "instances": [
        {
          "schema_version": 0,
          "attributes": {
            "content": "-----BEGIN RSA PRIVATE KEY-----\nMIIJJwIBAAKCAgEAs0AOoMisTdp0hA2OVfnwprXXs5mKYF+qGIfuwhLOFgMqzGY8\nv36OuTMumA5Dn7xcUwrMy1s0RmwqC90GqAWEmlDjXij/LhNpOdaJlF7fWQq96tRN\neHKHmIrb7XwKdyQeVQX6mnw+nmrOmCLVULQHwvDMuTah/EW/rLlY1eb4Et7P8vFB\n9lPjSUX/6SZhELIsjjSnDVvMrTuomD+rO7ixSruSBctJJ0SwCM2X2P5Bc69mZvwy\nYD5o/luP3aJMeXacCVsDd4/f8uzyy8e3I+r+VjKQWtJtBTMrHsPwQzP6hZwIui/1\nhIGODCx3hZU8ozF5mtn+1qtiOElGV6VIcapZJRKVfGln9zjpms4azHB1gbPVORNV\nmEGU5/QCs00xuuRJPurBCLRW/pF3fX5aXqIR/41UqF46ANyOnCkNvxcje/Pud5mD\nyIm8xrobTkyGy44a2VsGY+zPwZG59tjptCOkgWMAoe1/WWDSRg0NNKV4ojEUHjCO\nnzAiMHBq/k3YZwzh3c8Z8vBvtFkp1o4U26IPfe116k0rKV7d38beNtRTts5uhGXP\nRELrSH03PZ7yMudMqDPEyMSDd8pZgpkJEdpiU9qiiNAdUz8nHaX6um+c3JoKg/0P\nJvVhjC7UCZzorKwQ/GV85TrhKCCtEYXzO0Cgt6LwQHYSNwpvSC6jtEfawasCAwEA\nAQKCAgAy9Sfzb3kEXPE4xT3MlVRjoFhk12ZuRWPuu14V0BDEUzwshXgJnGnonnNF\niPCSjZLVjMFxokj3KDK/0qLcy0zKLeqlTxRUPfJxHdtY0au+/X3GL3qinjSMGhWx\nqsyy2BLDawK2PlHy6Tw4JdbsrXFzas9Ya/6a4B1AdiSaEqI9gxgs4Yc2Bt0bbIn2\n9xErFOvztWY0Nv+107r3JUqBnNzR+QbnHMZ8IlvE9OWRK57hy2BaMKIFmFhyzwbU\nJBqHgT+UrUoMCFvLDK9tXSZkUJ7jVFaTazTRAJ3mjh9Ui4dRymz0uUOb2tTOAyor\nUKS/ZAZFDmoTDv/KLpKPwg4ZOitDE9pmXVXeg1kl5hXeLfcKVQF4718Zroc0FGlp\nJN8Lq24vlf0JN5WzJwRG/dYypFomzq5TiFPG1s3I+HIRGhxiLVG07E2XX9lJrVkM\nUfTZtmyADRg9hvcofYZG3lUS22KHC37VNJfeUT4R3JWiTeKTvNOSNtu5xvHtNuaL\neUB+g8ZI3l7ziNWVxiv3EjxJy56Gt+l8+0JHY5tvQ5hHcniEbG6GJj4668ca5MUP\nsx5+XGCTnd7y2Nwa1yhzR7h75Xd2w3yMWn75pRInow0TUnKLlALuZNA5rjDOrpJw\ngPu4mL5SFZW5l2oOBnFaqdcIkapVGLyfJzTEQnA9iDTMEG9iUQKCAQEAzHCIVlNI\nym3Sdm6tRV+dKYczZw75hMQJDfFO0S8/OhxlEY2VHul7WZQAqtcWKtjtoYx0tIVL\nAImpJ/C4GJX8vwFW6JLWTAgkUo2gmo4KnvNThorRy+h6yzzRrM8XP9yCD4UF1vyX\n+ZXMRypY49yY3kZkzU/w+5QEb3SyvhfK5nvVLS+H/o0r5rKrsJhy2YIl6zMFxK93\nZlqcH5xCZc0xGBFTU6eJ3PId6GtB38jAjt6hqHvOAo2/DfWIuZgP4jLqEWXN9mpz\nsR1GTuIeQigS+NiV04SjImQQjBac82mXuVAw+/8QL93mVOX7GXQ11W7uq7knaDuR\nOvDtsFrjT91ZYwKCAQEA4HUx9y8s2vS8tvrdeiG/KlRtEpnml4oVtwqDvYIci9MH\nYdeUVSaS4uzKMphCH69OHuGa6gHjguO9z8HBUEncrIoOGZ+QwnUlV9aJEBeQgj5y\n/07WOUwVpL7Kx1TlynA7CswNCwXM3IGk5UNDeftRicZ39otUif+D8hIWTlWIe8x8\n821TPtEIbgtsrfrgdvveOGx1lO20jjfmMJY9G+BqFLGM9QUgjyO9Mcv9nOr2OpmV\nSdTEEqwlKKz8vgORzl4nxvc7gKDGaLVJMQZpl2lM2BvmDxF7QhNjGoc+lZHNXg3a\nmL90YFwuBDt7dJDn3fFtd2sX9Qmzfke1MD9U43ENGQKCAQAfDRCIHAo4RMnslw7W\nNJmITzKteobHdYbyiS4xc32k898d9WUq1seXaXVYfWauh1hAazbmnEAyCraYjGVJ\nxq4mzKtIk9Tco3fw2fYEw4I1dju/eaI32E2eRNSL7MBZQMK4XLnwV1k13VyzimkJ\n4t2NFSAGVxgA/hBWZWEoojB9JV3RiSCctxBt78FIBz+abbwYpx0/LG90KlsAKhmj\noLDOOQNw90dnOZb1UCUnOjSU/peLIZK+rIzSL/LeTYxMDPOkRNQtkymTQyEEpi92\nWOPYy/ylrcWhWZVx0ZVxGx6iVN27yJfKzWdIic3DpfTvP/QcPPkRScrbKvDPEl7o\nKHSFAoIBAHdNk3tA9eSDhPL1MFdELKnBKiBi8O/HE3ew/QjzaVzgk+HrhgokcJpx\nJZ/y0eKpeSps27xZuKXPiwosgCW+vK5wysHP0E+rmGexvjRxcfvoWZNeQfs+d5qT\nVpDQjTsmoBtDDgO314W02wKI2Aq0DEjg1s6SjCK1T1qRRo3oZJz4uclhaIfQ71we\ncmufF0Pm59yxuWWpWvjkuVNF58EzbO8G2Fc7nGy4oE0hkfGf6bSIAZO2pWkPWsjd\n+ZC9sPgxj47vxg6+ZfcttHN8Zw91hsSvP37u2cbrKxfknt09HB1L286opKC7HjJd\ns2bnxnZvZrG8mIVD3MXYM3QrlWE2q7ECggEAJiDPLvEqAmuNqXQqSd1YemHPCJHu\nMW/pK7p/+f28ZJaaVhV9Jy9K9aDZ9jpac9gjJtHEt05vcY8/jLngERt2ZSuT53VC\nyDtnRg6H7fr7u1POh9eSqGiOvuaQAWn/eYJO8ZOW91Ill89ndtTjrThaDOAuB+AT\n5g45h4eE4XmVSyOv3V9rjV/NJQhfgWbyvIZ0qvy1r1rkLjc5YVSB94Zzpm1bj/So\nxFoMJovSrul2k4zIM4HGP+fhB2PRfuCwl02FRQCaKTGA993W5TZuVsgQxW1aMb5l\nPFlWmLaUaxi4YRgdgSCOYVJnRVTOE0GitFl7KEYSHW7r1eOCDznj38r0GA==\n-----END RSA PRIVATE KEY-----\n",
            "content_base64": null,
            "content_base64sha256": "Y4lRskuWvsa2/Z/IEjmLaVz12s9Df1lDBZHIfGma52A=",
            "content_base64sha512": "tdF78M+0B3UzEkR0OwbCX9q5dfIWK2SzHO1Aul0eLjfXxpAgS6eMlL3sXHfdmavy44uOkWJn6Jea6GchqIg0Hg==",
            "content_md5": "b9388577b29ac6fd39d93d028a93570a",
            "content_sha1": "ce8c5260a74304350be75b4731fff247df3921b4",
            "content_sha256": "638951b24b96bec6b6fd9fc812398b695cf5dacf437f59430591c87c699ae760",
            "content_sha512": "b5d17bf0cfb40775331244743b06c25fdab975f2162b64b31ced40ba5d1e2e37d7c690204ba78c94bdec5c77dd99abf2e38b8e916267e8979ae86721a888341e",
            "directory_permission": "0777",
            "file_permission": "0777",
            "filename": "terraform-devops",
            "id": "ce8c5260a74304350be75b4731fff247df3921b4",
            "sensitive_content": null,
            "source": null
          },
          "sensitive_attributes": [
            [
              {
                "type": "get_attr",
                "value": "content"
              }
            ]
          ],
          "dependencies": [
            "tls_private_key.rsa_4096"
          ]
        }
      ]
    },
    {
      "mode": "managed",
      "type": "tls_private_key",
      "name": "rsa_4096",
      "provider": "provider[\"registry.terraform.io/hashicorp/tls\"]",
      "instances": [
        {
          "schema_version": 1,
          "attributes": {
            "algorithm": "RSA",
            "ecdsa_curve": "P224",
            "id": "fc73dfab82fe4716452a4bb6a8c27c4d97b61816",
            "private_key_openssh": "-----BEGIN OPENSSH PRIVATE KEY-----\nb3BlbnNzaC1rZXktdjEAAAAABG5vbmUAAAAEbm9uZQAAAAAAAAABAAACFwAAAAdz\nc2gtcnNhAAAAAwEAAQAAAgEAs0AOoMisTdp0hA2OVfnwprXXs5mKYF+qGIfuwhLO\nFgMqzGY8v36OuTMumA5Dn7xcUwrMy1s0RmwqC90GqAWEmlDjXij/LhNpOdaJlF7f\nWQq96tRNeHKHmIrb7XwKdyQeVQX6mnw+nmrOmCLVULQHwvDMuTah/EW/rLlY1eb4\nEt7P8vFB9lPjSUX/6SZhELIsjjSnDVvMrTuomD+rO7ixSruSBctJJ0SwCM2X2P5B\nc69mZvwyYD5o/luP3aJMeXacCVsDd4/f8uzyy8e3I+r+VjKQWtJtBTMrHsPwQzP6\nhZwIui/1hIGODCx3hZU8ozF5mtn+1qtiOElGV6VIcapZJRKVfGln9zjpms4azHB1\ngbPVORNVmEGU5/QCs00xuuRJPurBCLRW/pF3fX5aXqIR/41UqF46ANyOnCkNvxcj\ne/Pud5mDyIm8xrobTkyGy44a2VsGY+zPwZG59tjptCOkgWMAoe1/WWDSRg0NNKV4\nojEUHjCOnzAiMHBq/k3YZwzh3c8Z8vBvtFkp1o4U26IPfe116k0rKV7d38beNtRT\nts5uhGXPRELrSH03PZ7yMudMqDPEyMSDd8pZgpkJEdpiU9qiiNAdUz8nHaX6um+c\n3JoKg/0PJvVhjC7UCZzorKwQ/GV85TrhKCCtEYXzO0Cgt6LwQHYSNwpvSC6jtEfa\nwasAAAc44Oc3neDnN50AAAAHc3NoLXJzYQAAAgEAs0AOoMisTdp0hA2OVfnwprXX\ns5mKYF+qGIfuwhLOFgMqzGY8v36OuTMumA5Dn7xcUwrMy1s0RmwqC90GqAWEmlDj\nXij/LhNpOdaJlF7fWQq96tRNeHKHmIrb7XwKdyQeVQX6mnw+nmrOmCLVULQHwvDM\nuTah/EW/rLlY1eb4Et7P8vFB9lPjSUX/6SZhELIsjjSnDVvMrTuomD+rO7ixSruS\nBctJJ0SwCM2X2P5Bc69mZvwyYD5o/luP3aJMeXacCVsDd4/f8uzyy8e3I+r+VjKQ\nWtJtBTMrHsPwQzP6hZwIui/1hIGODCx3hZU8ozF5mtn+1qtiOElGV6VIcapZJRKV\nfGln9zjpms4azHB1gbPVORNVmEGU5/QCs00xuuRJPurBCLRW/pF3fX5aXqIR/41U\nqF46ANyOnCkNvxcje/Pud5mDyIm8xrobTkyGy44a2VsGY+zPwZG59tjptCOkgWMA\noe1/WWDSRg0NNKV4ojEUHjCOnzAiMHBq/k3YZwzh3c8Z8vBvtFkp1o4U26IPfe11\n6k0rKV7d38beNtRTts5uhGXPRELrSH03PZ7yMudMqDPEyMSDd8pZgpkJEdpiU9qi\niNAdUz8nHaX6um+c3JoKg/0PJvVhjC7UCZzorKwQ/GV85TrhKCCtEYXzO0Cgt6Lw\nQHYSNwpvSC6jtEfawasAAAADAQABAAACADL1J/NveQRc8TjFPcyVVGOgWGTXZm5F\nY+67XhXQEMRTPCyFeAmcaeiec0WI8JKNktWMwXGiSPcoMr/SotzLTMot6qVPFFQ9\n8nEd21jRq779fcYveqKeNIwaFbGqzLLYEsNrArY+UfLpPDgl1uytcXNqz1hr/prg\nHUB2JJoSoj2DGCzhhzYG3Rtsifb3ESsU6/O1ZjQ2/7XTuvclSoGc3NH5Buccxnwi\nW8T05ZErnuHLYFowogWYWHLPBtQkGoeBP5StSgwIW8sMr21dJmRQnuNUVpNrNNEA\nneaOH1SLh1HKbPS5Q5va1M4DKitQpL9kBkUOahMO/8ouko/CDhk6K0MT2mZdVd6D\nWSXmFd4t9wpVAXjvXxmuhzQUaWkk3wurbi+V/Qk3lbMnBEb91jKkWibOrlOIU8bW\nzcj4chEaHGItUbTsTZdf2UmtWQxR9Nm2bIANGD2G9yh9hkbeVRLbYocLftU0l95R\nPhHclaJN4pO805I227nG8e025ot5QH6DxkjeXvOI1ZXGK/cSPEnLnoa36Xz7Qkdj\nm29DmEdyeIRsboYmPjrrxxrkxQ+zHn5cYJOd3vLY3BrXKHNHuHvld3bDfIxafvml\nEiejDRNScouUAu5k0DmuMM6uknCA+7iYvlIVlbmXag4GcVqp1wiRqlUYvJ8nNMRC\ncD2INMwQb2JRAAABACYgzy7xKgJrjal0KkndWHphzwiR7jFv6Su6f/n9vGSWmlYV\nfScvSvWg2fY6WnPYIybRxLdOb3GPP4y54BEbdmUrk+d1Qsg7Z0YOh+36+7tTzofX\nkqhojr7mkAFp/3mCTvGTlvdSJZfPZ3bU4604WgzgLgfgE+YOOYeHhOF5lUsjr91f\na41fzSUIX4Fm8ryGdKr8ta9a5C43OWFUgfeGc6ZtW4/0qMRaDCaL0q7pdpOMyDOB\nxj/n4Qdj0X7gsJdNhUUAmikxgPfd1uU2blbIEMVtWjG+ZTxZVpi2lGsYuGEYHYEg\njmFSZ0VUzhNBorRZeyhGEh1u69Xjgg8549/K9BgAAAEBAMxwiFZTSMpt0nZurUVf\nnSmHM2cO+YTECQ3xTtEvPzocZRGNlR7pe1mUAKrXFirY7aGMdLSFSwCJqSfwuBiV\n/L8BVuiS1kwIJFKNoJqOCp7zU4aK0cvoess80azPFz/cgg+FBdb8l/mVzEcqWOPc\nmN5GZM1P8PuUBG90sr4XyuZ71S0vh/6NK+ayq7CYctmCJeszBcSvd2ZanB+cQmXN\nMRgRU1OnidzyHehrQd/IwI7eoah7zgKNvw31iLmYD+Iy6hFlzfZqc7EdRk7iHkIo\nEvjYldOEoyJkEIwWnPNpl7lQMPv/EC/d5lTl+xl0NdVu7qu5J2g7kTrw7bBa40/d\nWWMAAAEBAOB1MfcvLNr0vLb63XohvypUbRKZ5peKFbcKg72CHIvTB2HXlFUmkuLs\nyjKYQh+vTh7hmuoB44Ljvc/BwVBJ3KyKDhmfkMJ1JVfWiRAXkII+cv9O1jlMFaS+\nysdU5cpwOwrMDQsFzNyBpOVDQ3n7UYnGd/aLVIn/g/ISFk5ViHvMfPNtUz7RCG4L\nbK364Hb73jhsdZTttI435jCWPRvgahSxjPUFII8jvTHL/Zzq9jqZlUnUxBKsJSis\n/L4Dkc5eJ8b3O4Cgxmi1STEGaZdpTNgb5g8Re0ITYxqHPpWRzV4N2pi/dGBcLgQ7\ne3SQ593xbXdrF/UJs35HtTA/VONxDRkAAAAAAQID\n-----END OPENSSH PRIVATE KEY-----\n",
            "private_key_pem": "-----BEGIN RSA PRIVATE KEY-----\nMIIJJwIBAAKCAgEAs0AOoMisTdp0hA2OVfnwprXXs5mKYF+qGIfuwhLOFgMqzGY8\nv36OuTMumA5Dn7xcUwrMy1s0RmwqC90GqAWEmlDjXij/LhNpOdaJlF7fWQq96tRN\neHKHmIrb7XwKdyQeVQX6mnw+nmrOmCLVULQHwvDMuTah/EW/rLlY1eb4Et7P8vFB\n9lPjSUX/6SZhELIsjjSnDVvMrTuomD+rO7ixSruSBctJJ0SwCM2X2P5Bc69mZvwy\nYD5o/luP3aJMeXacCVsDd4/f8uzyy8e3I+r+VjKQWtJtBTMrHsPwQzP6hZwIui/1\nhIGODCx3hZU8ozF5mtn+1qtiOElGV6VIcapZJRKVfGln9zjpms4azHB1gbPVORNV\nmEGU5/QCs00xuuRJPurBCLRW/pF3fX5aXqIR/41UqF46ANyOnCkNvxcje/Pud5mD\nyIm8xrobTkyGy44a2VsGY+zPwZG59tjptCOkgWMAoe1/WWDSRg0NNKV4ojEUHjCO\nnzAiMHBq/k3YZwzh3c8Z8vBvtFkp1o4U26IPfe116k0rKV7d38beNtRTts5uhGXP\nRELrSH03PZ7yMudMqDPEyMSDd8pZgpkJEdpiU9qiiNAdUz8nHaX6um+c3JoKg/0P\nJvVhjC7UCZzorKwQ/GV85TrhKCCtEYXzO0Cgt6LwQHYSNwpvSC6jtEfawasCAwEA\nAQKCAgAy9Sfzb3kEXPE4xT3MlVRjoFhk12ZuRWPuu14V0BDEUzwshXgJnGnonnNF\niPCSjZLVjMFxokj3KDK/0qLcy0zKLeqlTxRUPfJxHdtY0au+/X3GL3qinjSMGhWx\nqsyy2BLDawK2PlHy6Tw4JdbsrXFzas9Ya/6a4B1AdiSaEqI9gxgs4Yc2Bt0bbIn2\n9xErFOvztWY0Nv+107r3JUqBnNzR+QbnHMZ8IlvE9OWRK57hy2BaMKIFmFhyzwbU\nJBqHgT+UrUoMCFvLDK9tXSZkUJ7jVFaTazTRAJ3mjh9Ui4dRymz0uUOb2tTOAyor\nUKS/ZAZFDmoTDv/KLpKPwg4ZOitDE9pmXVXeg1kl5hXeLfcKVQF4718Zroc0FGlp\nJN8Lq24vlf0JN5WzJwRG/dYypFomzq5TiFPG1s3I+HIRGhxiLVG07E2XX9lJrVkM\nUfTZtmyADRg9hvcofYZG3lUS22KHC37VNJfeUT4R3JWiTeKTvNOSNtu5xvHtNuaL\neUB+g8ZI3l7ziNWVxiv3EjxJy56Gt+l8+0JHY5tvQ5hHcniEbG6GJj4668ca5MUP\nsx5+XGCTnd7y2Nwa1yhzR7h75Xd2w3yMWn75pRInow0TUnKLlALuZNA5rjDOrpJw\ngPu4mL5SFZW5l2oOBnFaqdcIkapVGLyfJzTEQnA9iDTMEG9iUQKCAQEAzHCIVlNI\nym3Sdm6tRV+dKYczZw75hMQJDfFO0S8/OhxlEY2VHul7WZQAqtcWKtjtoYx0tIVL\nAImpJ/C4GJX8vwFW6JLWTAgkUo2gmo4KnvNThorRy+h6yzzRrM8XP9yCD4UF1vyX\n+ZXMRypY49yY3kZkzU/w+5QEb3SyvhfK5nvVLS+H/o0r5rKrsJhy2YIl6zMFxK93\nZlqcH5xCZc0xGBFTU6eJ3PId6GtB38jAjt6hqHvOAo2/DfWIuZgP4jLqEWXN9mpz\nsR1GTuIeQigS+NiV04SjImQQjBac82mXuVAw+/8QL93mVOX7GXQ11W7uq7knaDuR\nOvDtsFrjT91ZYwKCAQEA4HUx9y8s2vS8tvrdeiG/KlRtEpnml4oVtwqDvYIci9MH\nYdeUVSaS4uzKMphCH69OHuGa6gHjguO9z8HBUEncrIoOGZ+QwnUlV9aJEBeQgj5y\n/07WOUwVpL7Kx1TlynA7CswNCwXM3IGk5UNDeftRicZ39otUif+D8hIWTlWIe8x8\n821TPtEIbgtsrfrgdvveOGx1lO20jjfmMJY9G+BqFLGM9QUgjyO9Mcv9nOr2OpmV\nSdTEEqwlKKz8vgORzl4nxvc7gKDGaLVJMQZpl2lM2BvmDxF7QhNjGoc+lZHNXg3a\nmL90YFwuBDt7dJDn3fFtd2sX9Qmzfke1MD9U43ENGQKCAQAfDRCIHAo4RMnslw7W\nNJmITzKteobHdYbyiS4xc32k898d9WUq1seXaXVYfWauh1hAazbmnEAyCraYjGVJ\nxq4mzKtIk9Tco3fw2fYEw4I1dju/eaI32E2eRNSL7MBZQMK4XLnwV1k13VyzimkJ\n4t2NFSAGVxgA/hBWZWEoojB9JV3RiSCctxBt78FIBz+abbwYpx0/LG90KlsAKhmj\noLDOOQNw90dnOZb1UCUnOjSU/peLIZK+rIzSL/LeTYxMDPOkRNQtkymTQyEEpi92\nWOPYy/ylrcWhWZVx0ZVxGx6iVN27yJfKzWdIic3DpfTvP/QcPPkRScrbKvDPEl7o\nKHSFAoIBAHdNk3tA9eSDhPL1MFdELKnBKiBi8O/HE3ew/QjzaVzgk+HrhgokcJpx\nJZ/y0eKpeSps27xZuKXPiwosgCW+vK5wysHP0E+rmGexvjRxcfvoWZNeQfs+d5qT\nVpDQjTsmoBtDDgO314W02wKI2Aq0DEjg1s6SjCK1T1qRRo3oZJz4uclhaIfQ71we\ncmufF0Pm59yxuWWpWvjkuVNF58EzbO8G2Fc7nGy4oE0hkfGf6bSIAZO2pWkPWsjd\n+ZC9sPgxj47vxg6+ZfcttHN8Zw91hsSvP37u2cbrKxfknt09HB1L286opKC7HjJd\ns2bnxnZvZrG8mIVD3MXYM3QrlWE2q7ECggEAJiDPLvEqAmuNqXQqSd1YemHPCJHu\nMW/pK7p/+f28ZJaaVhV9Jy9K9aDZ9jpac9gjJtHEt05vcY8/jLngERt2ZSuT53VC\nyDtnRg6H7fr7u1POh9eSqGiOvuaQAWn/eYJO8ZOW91Ill89ndtTjrThaDOAuB+AT\n5g45h4eE4XmVSyOv3V9rjV/NJQhfgWbyvIZ0qvy1r1rkLjc5YVSB94Zzpm1bj/So\nxFoMJovSrul2k4zIM4HGP+fhB2PRfuCwl02FRQCaKTGA993W5TZuVsgQxW1aMb5l\nPFlWmLaUaxi4YRgdgSCOYVJnRVTOE0GitFl7KEYSHW7r1eOCDznj38r0GA==\n-----END RSA PRIVATE KEY-----\n",
            "private_key_pem_pkcs8": "-----BEGIN PRIVATE KEY-----\nMIIJQQIBADANBgkqhkiG9w0BAQEFAASCCSswggknAgEAAoICAQCzQA6gyKxN2nSE\nDY5V+fCmtdezmYpgX6oYh+7CEs4WAyrMZjy/fo65My6YDkOfvFxTCszLWzRGbCoL\n3QaoBYSaUONeKP8uE2k51omUXt9ZCr3q1E14coeYitvtfAp3JB5VBfqafD6eas6Y\nItVQtAfC8My5NqH8Rb+suVjV5vgS3s/y8UH2U+NJRf/pJmEQsiyONKcNW8ytO6iY\nP6s7uLFKu5IFy0knRLAIzZfY/kFzr2Zm/DJgPmj+W4/dokx5dpwJWwN3j9/y7PLL\nx7cj6v5WMpBa0m0FMysew/BDM/qFnAi6L/WEgY4MLHeFlTyjMXma2f7Wq2I4SUZX\npUhxqlklEpV8aWf3OOmazhrMcHWBs9U5E1WYQZTn9AKzTTG65Ek+6sEItFb+kXd9\nflpeohH/jVSoXjoA3I6cKQ2/FyN78+53mYPIibzGuhtOTIbLjhrZWwZj7M/Bkbn2\n2Om0I6SBYwCh7X9ZYNJGDQ00pXiiMRQeMI6fMCIwcGr+TdhnDOHdzxny8G+0WSnW\njhTbog997XXqTSspXt3fxt421FO2zm6EZc9EQutIfTc9nvIy50yoM8TIxIN3ylmC\nmQkR2mJT2qKI0B1TPycdpfq6b5zcmgqD/Q8m9WGMLtQJnOisrBD8ZXzlOuEoIK0R\nhfM7QKC3ovBAdhI3Cm9ILqO0R9rBqwIDAQABAoICADL1J/NveQRc8TjFPcyVVGOg\nWGTXZm5FY+67XhXQEMRTPCyFeAmcaeiec0WI8JKNktWMwXGiSPcoMr/SotzLTMot\n6qVPFFQ98nEd21jRq779fcYveqKeNIwaFbGqzLLYEsNrArY+UfLpPDgl1uytcXNq\nz1hr/prgHUB2JJoSoj2DGCzhhzYG3Rtsifb3ESsU6/O1ZjQ2/7XTuvclSoGc3NH5\nBuccxnwiW8T05ZErnuHLYFowogWYWHLPBtQkGoeBP5StSgwIW8sMr21dJmRQnuNU\nVpNrNNEAneaOH1SLh1HKbPS5Q5va1M4DKitQpL9kBkUOahMO/8ouko/CDhk6K0MT\n2mZdVd6DWSXmFd4t9wpVAXjvXxmuhzQUaWkk3wurbi+V/Qk3lbMnBEb91jKkWibO\nrlOIU8bWzcj4chEaHGItUbTsTZdf2UmtWQxR9Nm2bIANGD2G9yh9hkbeVRLbYocL\nftU0l95RPhHclaJN4pO805I227nG8e025ot5QH6DxkjeXvOI1ZXGK/cSPEnLnoa3\n6Xz7Qkdjm29DmEdyeIRsboYmPjrrxxrkxQ+zHn5cYJOd3vLY3BrXKHNHuHvld3bD\nfIxafvmlEiejDRNScouUAu5k0DmuMM6uknCA+7iYvlIVlbmXag4GcVqp1wiRqlUY\nvJ8nNMRCcD2INMwQb2JRAoIBAQDMcIhWU0jKbdJ2bq1FX50phzNnDvmExAkN8U7R\nLz86HGURjZUe6XtZlACq1xYq2O2hjHS0hUsAiakn8LgYlfy/AVboktZMCCRSjaCa\njgqe81OGitHL6HrLPNGszxc/3IIPhQXW/Jf5lcxHKljj3JjeRmTNT/D7lARvdLK+\nF8rme9UtL4f+jSvmsquwmHLZgiXrMwXEr3dmWpwfnEJlzTEYEVNTp4nc8h3oa0Hf\nyMCO3qGoe84Cjb8N9Yi5mA/iMuoRZc32anOxHUZO4h5CKBL42JXThKMiZBCMFpzz\naZe5UDD7/xAv3eZU5fsZdDXVbu6ruSdoO5E68O2wWuNP3VljAoIBAQDgdTH3Lyza\n9Ly2+t16Ib8qVG0SmeaXihW3CoO9ghyL0wdh15RVJpLi7MoymEIfr04e4ZrqAeOC\n473PwcFQSdysig4Zn5DCdSVX1okQF5CCPnL/TtY5TBWkvsrHVOXKcDsKzA0LBczc\ngaTlQ0N5+1GJxnf2i1SJ/4PyEhZOVYh7zHzzbVM+0QhuC2yt+uB2+944bHWU7bSO\nN+Ywlj0b4GoUsYz1BSCPI70xy/2c6vY6mZVJ1MQSrCUorPy+A5HOXifG9zuAoMZo\ntUkxBmmXaUzYG+YPEXtCE2Mahz6Vkc1eDdqYv3RgXC4EO3t0kOfd8W13axf1CbN+\nR7UwP1TjcQ0ZAoIBAB8NEIgcCjhEyeyXDtY0mYhPMq16hsd1hvKJLjFzfaTz3x31\nZSrWx5dpdVh9Zq6HWEBrNuacQDIKtpiMZUnGribMq0iT1Nyjd/DZ9gTDgjV2O795\nojfYTZ5E1IvswFlAwrhcufBXWTXdXLOKaQni3Y0VIAZXGAD+EFZlYSiiMH0lXdGJ\nIJy3EG3vwUgHP5ptvBinHT8sb3QqWwAqGaOgsM45A3D3R2c5lvVQJSc6NJT+l4sh\nkr6sjNIv8t5NjEwM86RE1C2TKZNDIQSmL3ZY49jL/KWtxaFZlXHRlXEbHqJU3bvI\nl8rNZ0iJzcOl9O8/9Bw8+RFJytsq8M8SXugodIUCggEAd02Te0D15IOE8vUwV0Qs\nqcEqIGLw78cTd7D9CPNpXOCT4euGCiRwmnEln/LR4ql5KmzbvFm4pc+LCiyAJb68\nrnDKwc/QT6uYZ7G+NHFx++hZk15B+z53mpNWkNCNOyagG0MOA7fXhbTbAojYCrQM\nSODWzpKMIrVPWpFGjehknPi5yWFoh9DvXB5ya58XQ+bn3LG5Zala+OS5U0XnwTNs\n7wbYVzucbLigTSGR8Z/ptIgBk7alaQ9ayN35kL2w+DGPju/GDr5l9y20c3xnD3WG\nxK8/fu7ZxusrF+Se3T0cHUvbzqikoLseMl2zZufGdm9msbyYhUPcxdgzdCuVYTar\nsQKCAQAmIM8u8SoCa42pdCpJ3Vh6Yc8Ike4xb+krun/5/bxklppWFX0nL0r1oNn2\nOlpz2CMm0cS3Tm9xjz+MueARG3ZlK5PndULIO2dGDoft+vu7U86H15KoaI6+5pAB\naf95gk7xk5b3UiWXz2d21OOtOFoM4C4H4BPmDjmHh4TheZVLI6/dX2uNX80lCF+B\nZvK8hnSq/LWvWuQuNzlhVIH3hnOmbVuP9KjEWgwmi9Ku6XaTjMgzgcY/5+EHY9F+\n4LCXTYVFAJopMYD33dblNm5WyBDFbVoxvmU8WVaYtpRrGLhhGB2BII5hUmdFVM4T\nQaK0WXsoRhIdbuvV44IPOePfyvQY\n-----END PRIVATE KEY-----\n",
            "public_key_fingerprint_md5": "07:10:b2:cf:e2:68:58:b9:8c:a0:2e:3c:bc:3c:c0:b0",
            "public_key_fingerprint_sha256": "SHA256:g2YrzJpFLnt9Mck5yKbr/TkXzNPo9iIRYBOWH9uicTs",
            "public_key_openssh": "ssh-rsa AAAAB3NzaC1yc2EAAAADAQABAAACAQCzQA6gyKxN2nSEDY5V+fCmtdezmYpgX6oYh+7CEs4WAyrMZjy/fo65My6YDkOfvFxTCszLWzRGbCoL3QaoBYSaUONeKP8uE2k51omUXt9ZCr3q1E14coeYitvtfAp3JB5VBfqafD6eas6YItVQtAfC8My5NqH8Rb+suVjV5vgS3s/y8UH2U+NJRf/pJmEQsiyONKcNW8ytO6iYP6s7uLFKu5IFy0knRLAIzZfY/kFzr2Zm/DJgPmj+W4/dokx5dpwJWwN3j9/y7PLLx7cj6v5WMpBa0m0FMysew/BDM/qFnAi6L/WEgY4MLHeFlTyjMXma2f7Wq2I4SUZXpUhxqlklEpV8aWf3OOmazhrMcHWBs9U5E1WYQZTn9AKzTTG65Ek+6sEItFb+kXd9flpeohH/jVSoXjoA3I6cKQ2/FyN78+53mYPIibzGuhtOTIbLjhrZWwZj7M/Bkbn22Om0I6SBYwCh7X9ZYNJGDQ00pXiiMRQeMI6fMCIwcGr+TdhnDOHdzxny8G+0WSnWjhTbog997XXqTSspXt3fxt421FO2zm6EZc9EQutIfTc9nvIy50yoM8TIxIN3ylmCmQkR2mJT2qKI0B1TPycdpfq6b5zcmgqD/Q8m9WGMLtQJnOisrBD8ZXzlOuEoIK0RhfM7QKC3ovBAdhI3Cm9ILqO0R9rBqw==\n",
            "public_key_pem": "-----BEGIN PUBLIC KEY-----\nMIICIjANBgkqhkiG9w0BAQEFAAOCAg8AMIICCgKCAgEAs0AOoMisTdp0hA2OVfnw\nprXXs5mKYF+qGIfuwhLOFgMqzGY8v36OuTMumA5Dn7xcUwrMy1s0RmwqC90GqAWE\nmlDjXij/LhNpOdaJlF7fWQq96tRNeHKHmIrb7XwKdyQeVQX6mnw+nmrOmCLVULQH\nwvDMuTah/EW/rLlY1eb4Et7P8vFB9lPjSUX/6SZhELIsjjSnDVvMrTuomD+rO7ix\nSruSBctJJ0SwCM2X2P5Bc69mZvwyYD5o/luP3aJMeXacCVsDd4/f8uzyy8e3I+r+\nVjKQWtJtBTMrHsPwQzP6hZwIui/1hIGODCx3hZU8ozF5mtn+1qtiOElGV6VIcapZ\nJRKVfGln9zjpms4azHB1gbPVORNVmEGU5/QCs00xuuRJPurBCLRW/pF3fX5aXqIR\n/41UqF46ANyOnCkNvxcje/Pud5mDyIm8xrobTkyGy44a2VsGY+zPwZG59tjptCOk\ngWMAoe1/WWDSRg0NNKV4ojEUHjCOnzAiMHBq/k3YZwzh3c8Z8vBvtFkp1o4U26IP\nfe116k0rKV7d38beNtRTts5uhGXPRELrSH03PZ7yMudMqDPEyMSDd8pZgpkJEdpi\nU9qiiNAdUz8nHaX6um+c3JoKg/0PJvVhjC7UCZzorKwQ/GV85TrhKCCtEYXzO0Cg\nt6LwQHYSNwpvSC6jtEfawasCAwEAAQ==\n-----END PUBLIC KEY-----\n",
            "rsa_bits": 4096
          },
          "sensitive_attributes": []
        }
      ]
    }
  ],
  "check_results": null
}
