{
  "version": 4,
  "terraform_version": "1.6.2",
  "serial": 269,
  "lineage": "9a7101b8-1910-724f-10b2-19eb9c4ffbaf",
  "outputs": {},
  "resources": [
    {
      "mode": "managed",
      "type": "aws_autoscaling_group",
      "name": "app_autoscaling_group",
      "provider": "provider[\"registry.terraform.io/hashicorp/aws\"]",
      "instances": [
        {
          "schema_version": 1,
          "attributes": {
            "arn": "arn:aws:autoscaling:ap-northeast-2:431410879895:autoScalingGroup:0e34dca1-a972-4d71-af58-a276150a60b8:autoScalingGroupName/app-autoscaling-group",
            "availability_zones": [
              "ap-northeast-2a",
              "ap-northeast-2c"
            ],
            "capacity_rebalance": false,
            "context": "",
            "default_cooldown": 300,
            "default_instance_warmup": 0,
            "desired_capacity": 2,
            "desired_capacity_type": "",
            "enabled_metrics": null,
            "force_delete": false,
            "force_delete_warm_pool": false,
            "health_check_grace_period": 300,
            "health_check_type": "EC2",
            "id": "app-autoscaling-group",
            "ignore_failed_scaling_activities": false,
            "initial_lifecycle_hook": [],
            "instance_refresh": [],
            "launch_configuration": "",
            "launch_template": [
              {
                "id": "lt-0dfaaac64a4f148ea",
                "name": "app-launch-template",
                "version": "$Latest"
              }
            ],
            "load_balancers": [],
            "max_instance_lifetime": 0,
            "max_size": 3,
            "metrics_granularity": "1Minute",
            "min_elb_capacity": null,
            "min_size": 2,
            "mixed_instances_policy": [],
            "name": "app-autoscaling-group",
            "name_prefix": "",
            "placement_group": "",
            "predicted_capacity": 0,
            "protect_from_scale_in": false,
            "service_linked_role_arn": "arn:aws:iam::431410879895:role/aws-service-role/autoscaling.amazonaws.com/AWSServiceRoleForAutoScaling",
            "suspended_processes": null,
            "tag": [],
            "target_group_arns": [
              "arn:aws:elasticloadbalancing:ap-northeast-2:431410879895:targetgroup/app-lb-target-group/898e50f9cb64e332"
            ],
            "termination_policies": null,
            "timeouts": null,
            "traffic_source": [
              {
                "identifier": "arn:aws:elasticloadbalancing:ap-northeast-2:431410879895:targetgroup/app-lb-target-group/898e50f9cb64e332",
                "type": "elbv2"
              }
            ],
            "vpc_zone_identifier": [
              "subnet-0686962c3854507f6",
              "subnet-0ee7aedcf78d43674"
            ],
            "wait_for_capacity_timeout": "10m",
            "wait_for_elb_capacity": null,
            "warm_pool": [],
            "warm_pool_size": 0
          },
          "sensitive_attributes": [],
          "private": "eyJlMmJmYjczMC1lY2FhLTExZTYtOGY4OC0zNDM2M2JjN2M0YzAiOnsiZGVsZXRlIjo2MDAwMDAwMDAwMDAsInVwZGF0ZSI6NjAwMDAwMDAwMDAwfSwic2NoZW1hX3ZlcnNpb24iOiIxIn0=",
          "dependencies": [
            "aws_key_pair.key_pair",
            "aws_launch_template.app_launch_template",
            "aws_lb_target_group.app_lb_target_group",
            "aws_security_group.goormVPC_security_group",
            "aws_subnet.private_app_a",
            "aws_subnet.private_app_c",
            "aws_vpc.goormVPC",
            "tls_private_key.rsa_4096"
          ]
        }
      ]
    },
    {
      "mode": "managed",
      "type": "aws_autoscaling_group",
      "name": "web_autoscaling_group",
      "provider": "provider[\"registry.terraform.io/hashicorp/aws\"]",
      "instances": [
        {
          "schema_version": 1,
          "attributes": {
            "arn": "arn:aws:autoscaling:ap-northeast-2:431410879895:autoScalingGroup:aeb73eb4-eded-469c-bfc6-7c373d6f3344:autoScalingGroupName/web-autoscaling-group",
            "availability_zones": [
              "ap-northeast-2a",
              "ap-northeast-2c"
            ],
            "capacity_rebalance": false,
            "context": "",
            "default_cooldown": 300,
            "default_instance_warmup": 0,
            "desired_capacity": 2,
            "desired_capacity_type": "",
            "enabled_metrics": null,
            "force_delete": false,
            "force_delete_warm_pool": false,
            "health_check_grace_period": 300,
            "health_check_type": "EC2",
            "id": "web-autoscaling-group",
            "ignore_failed_scaling_activities": false,
            "initial_lifecycle_hook": [],
            "instance_refresh": [],
            "launch_configuration": "",
            "launch_template": [
              {
                "id": "lt-049c0fe3c2d4384b7",
                "name": "web-launch-template",
                "version": "$Latest"
              }
            ],
            "load_balancers": [],
            "max_instance_lifetime": 0,
            "max_size": 3,
            "metrics_granularity": "1Minute",
            "min_elb_capacity": null,
            "min_size": 2,
            "mixed_instances_policy": [],
            "name": "web-autoscaling-group",
            "name_prefix": "",
            "placement_group": "",
            "predicted_capacity": 0,
            "protect_from_scale_in": false,
            "service_linked_role_arn": "arn:aws:iam::431410879895:role/aws-service-role/autoscaling.amazonaws.com/AWSServiceRoleForAutoScaling",
            "suspended_processes": null,
            "tag": [],
            "target_group_arns": [
              "arn:aws:elasticloadbalancing:ap-northeast-2:431410879895:targetgroup/web-lb-target-group/7e514bafc75101ae"
            ],
            "termination_policies": null,
            "timeouts": null,
            "traffic_source": [
              {
                "identifier": "arn:aws:elasticloadbalancing:ap-northeast-2:431410879895:targetgroup/web-lb-target-group/7e514bafc75101ae",
                "type": "elbv2"
              }
            ],
            "vpc_zone_identifier": [
              "subnet-0060d59f9ae45e061",
              "subnet-0cbdf94563e6c13b4"
            ],
            "wait_for_capacity_timeout": "10m",
            "wait_for_elb_capacity": null,
            "warm_pool": [],
            "warm_pool_size": 0
          },
          "sensitive_attributes": [],
          "private": "eyJlMmJmYjczMC1lY2FhLTExZTYtOGY4OC0zNDM2M2JjN2M0YzAiOnsiZGVsZXRlIjo2MDAwMDAwMDAwMDAsInVwZGF0ZSI6NjAwMDAwMDAwMDAwfSwic2NoZW1hX3ZlcnNpb24iOiIxIn0=",
          "dependencies": [
            "aws_key_pair.key_pair",
            "aws_launch_template.web_launch_template",
            "aws_lb_target_group.web_lb_target_group",
            "aws_security_group.goormVPC_security_group",
            "aws_subnet.public_web_a",
            "aws_subnet.public_web_c",
            "aws_vpc.goormVPC",
            "tls_private_key.rsa_4096"
          ]
        }
      ]
    },
    {
      "mode": "managed",
      "type": "aws_db_instance",
      "name": "primary-rds-instance",
      "provider": "provider[\"registry.terraform.io/hashicorp/aws\"]",
      "instances": [
        {
          "schema_version": 2,
          "attributes": {
            "address": "primary-rds-instance.cxeboorpctnn.ap-northeast-2.rds.amazonaws.com",
            "allocated_storage": 5,
            "allow_major_version_upgrade": null,
            "apply_immediately": false,
            "arn": "arn:aws:rds:ap-northeast-2:431410879895:db:primary-rds-instance",
            "auto_minor_version_upgrade": true,
            "availability_zone": "ap-northeast-2c",
            "backup_retention_period": 1,
            "backup_target": "region",
            "backup_window": "17:09-17:39",
            "blue_green_update": [],
            "ca_cert_identifier": "rds-ca-2019",
            "character_set_name": "",
            "copy_tags_to_snapshot": false,
            "custom_iam_instance_profile": "",
            "customer_owned_ip_enabled": false,
            "db_name": "",
            "db_subnet_group_name": "db-subnet-group",
            "delete_automated_backups": true,
            "deletion_protection": false,
            "domain": "",
            "domain_iam_role_name": "",
            "enabled_cloudwatch_logs_exports": null,
            "endpoint": "primary-rds-instance.cxeboorpctnn.ap-northeast-2.rds.amazonaws.com:5432",
            "engine": "postgres",
            "engine_version": "14.3",
            "engine_version_actual": "14.3",
            "final_snapshot_identifier": null,
            "hosted_zone_id": "ZLA2NUCOLGUUR",
            "iam_database_authentication_enabled": false,
            "id": "db-Q6H6O3OVMMESTQUEDU7ZVRSUZ4",
            "identifier": "primary-rds-instance",
            "identifier_prefix": "",
            "instance_class": "db.t3.micro",
            "iops": 0,
            "kms_key_id": "",
            "latest_restorable_time": "2023-11-07T14:36:13Z",
            "license_model": "postgresql-license",
            "listener_endpoint": [],
            "maintenance_window": "mon:19:44-mon:20:14",
            "manage_master_user_password": null,
            "master_user_secret": [],
            "master_user_secret_kms_key_id": null,
            "max_allocated_storage": 0,
            "monitoring_interval": 0,
            "monitoring_role_arn": "",
            "multi_az": true,
            "nchar_character_set_name": "",
            "network_type": "IPV4",
            "option_group_name": "default:postgres-14",
            "parameter_group_name": "db-pg",
            "password": "moonstar",
            "performance_insights_enabled": false,
            "performance_insights_kms_key_id": "",
            "performance_insights_retention_period": 0,
            "port": 5432,
            "publicly_accessible": false,
            "replica_mode": "",
            "replicas": [],
            "replicate_source_db": "",
            "resource_id": "db-Q6H6O3OVMMESTQUEDU7ZVRSUZ4",
            "restore_to_point_in_time": [],
            "s3_import": [],
            "skip_final_snapshot": true,
            "snapshot_identifier": null,
            "status": "available",
            "storage_encrypted": false,
            "storage_throughput": 0,
            "storage_type": "gp2",
            "tags": null,
            "tags_all": {},
            "timeouts": null,
            "timezone": "",
            "username": "moon",
            "vpc_security_group_ids": [
              "sg-076fd9778fe9a259b"
            ]
          },
          "sensitive_attributes": [],
          "private": "eyJlMmJmYjczMC1lY2FhLTExZTYtOGY4OC0zNDM2M2JjN2M0YzAiOnsiY3JlYXRlIjoyNDAwMDAwMDAwMDAwLCJkZWxldGUiOjM2MDAwMDAwMDAwMDAsInVwZGF0ZSI6NDgwMDAwMDAwMDAwMH0sInNjaGVtYV92ZXJzaW9uIjoiMiJ9",
          "dependencies": [
            "aws_db_parameter_group.db_pg",
            "aws_db_subnet_group.db_subnet_group",
            "aws_security_group.goormVPC_security_group",
            "aws_security_group.rds_security_group",
            "aws_subnet.private_db_a",
            "aws_subnet.private_db_c",
            "aws_vpc.goormVPC"
          ]
        }
      ]
    },
    {
      "mode": "managed",
      "type": "aws_db_instance",
      "name": "replica-rds-instance",
      "provider": "provider[\"registry.terraform.io/hashicorp/aws\"]",
      "instances": [
        {
          "schema_version": 2,
          "attributes": {
            "address": "replica-rds-instance.cxeboorpctnn.ap-northeast-2.rds.amazonaws.com",
            "allocated_storage": 5,
            "allow_major_version_upgrade": null,
            "apply_immediately": true,
            "arn": "arn:aws:rds:ap-northeast-2:431410879895:db:replica-rds-instance",
            "auto_minor_version_upgrade": true,
            "availability_zone": "ap-northeast-2a",
            "backup_retention_period": 0,
            "backup_target": "region",
            "backup_window": "17:09-17:39",
            "blue_green_update": [],
            "ca_cert_identifier": "rds-ca-2019",
            "character_set_name": "",
            "copy_tags_to_snapshot": false,
            "custom_iam_instance_profile": "",
            "customer_owned_ip_enabled": false,
            "db_name": "",
            "db_subnet_group_name": "db-subnet-group",
            "delete_automated_backups": true,
            "deletion_protection": false,
            "domain": "",
            "domain_iam_role_name": "",
            "enabled_cloudwatch_logs_exports": null,
            "endpoint": "replica-rds-instance.cxeboorpctnn.ap-northeast-2.rds.amazonaws.com:5432",
            "engine": "postgres",
            "engine_version": "14.3",
            "engine_version_actual": "14.3",
            "final_snapshot_identifier": null,
            "hosted_zone_id": "ZLA2NUCOLGUUR",
            "iam_database_authentication_enabled": false,
            "id": "db-Z6UAKUXKFE246XYU4O7O4CZHHM",
            "identifier": "replica-rds-instance",
            "identifier_prefix": "",
            "instance_class": "db.t3.micro",
            "iops": 0,
            "kms_key_id": "",
            "latest_restorable_time": "",
            "license_model": "postgresql-license",
            "listener_endpoint": [],
            "maintenance_window": "mon:19:44-mon:20:14",
            "manage_master_user_password": null,
            "master_user_secret": [],
            "master_user_secret_kms_key_id": null,
            "max_allocated_storage": 0,
            "monitoring_interval": 0,
            "monitoring_role_arn": "",
            "multi_az": true,
            "nchar_character_set_name": "",
            "network_type": "IPV4",
            "option_group_name": "default:postgres-14",
            "parameter_group_name": "db-pg",
            "password": null,
            "performance_insights_enabled": false,
            "performance_insights_kms_key_id": "",
            "performance_insights_retention_period": 0,
            "port": 5432,
            "publicly_accessible": false,
            "replica_mode": "",
            "replicas": [],
            "replicate_source_db": "primary-rds-instance",
            "resource_id": "db-Z6UAKUXKFE246XYU4O7O4CZHHM",
            "restore_to_point_in_time": [],
            "s3_import": [],
            "skip_final_snapshot": true,
            "snapshot_identifier": null,
            "status": "available",
            "storage_encrypted": false,
            "storage_throughput": 0,
            "storage_type": "gp2",
            "tags": null,
            "tags_all": {},
            "timeouts": null,
            "timezone": "",
            "username": "moon",
            "vpc_security_group_ids": [
              "sg-076fd9778fe9a259b"
            ]
          },
          "sensitive_attributes": [],
          "private": "eyJlMmJmYjczMC1lY2FhLTExZTYtOGY4OC0zNDM2M2JjN2M0YzAiOnsiY3JlYXRlIjoyNDAwMDAwMDAwMDAwLCJkZWxldGUiOjM2MDAwMDAwMDAwMDAsInVwZGF0ZSI6NDgwMDAwMDAwMDAwMH0sInNjaGVtYV92ZXJzaW9uIjoiMiJ9",
          "dependencies": [
            "aws_db_instance.primary-rds-instance",
            "aws_db_parameter_group.db_pg",
            "aws_db_subnet_group.db_subnet_group",
            "aws_security_group.goormVPC_security_group",
            "aws_security_group.rds_security_group",
            "aws_subnet.private_db_a",
            "aws_subnet.private_db_c",
            "aws_vpc.goormVPC"
          ]
        }
      ]
    },
    {
      "mode": "managed",
      "type": "aws_db_parameter_group",
      "name": "db_pg",
      "provider": "provider[\"registry.terraform.io/hashicorp/aws\"]",
      "instances": [
        {
          "schema_version": 0,
          "attributes": {
            "arn": "arn:aws:rds:ap-northeast-2:431410879895:pg:db-pg",
            "description": "Managed by Terraform",
            "family": "postgres14",
            "id": "db-pg",
            "name": "db-pg",
            "name_prefix": null,
            "parameter": [
              {
                "apply_method": "immediate",
                "name": "log_connections",
                "value": "1"
              }
            ],
            "tags": null,
            "tags_all": {}
          },
          "sensitive_attributes": [],
          "private": "bnVsbA=="
        }
      ]
    },
    {
      "mode": "managed",
      "type": "aws_db_subnet_group",
      "name": "db_subnet_group",
      "provider": "provider[\"registry.terraform.io/hashicorp/aws\"]",
      "instances": [
        {
          "schema_version": 0,
          "attributes": {
            "arn": "arn:aws:rds:ap-northeast-2:431410879895:subgrp:db-subnet-group",
            "description": "Managed by Terraform",
            "id": "db-subnet-group",
            "name": "db-subnet-group",
            "name_prefix": "",
            "subnet_ids": [
              "subnet-02b71881829bc9943",
              "subnet-0a02f323be4b9cff6"
            ],
            "supported_network_types": [
              "IPV4"
            ],
            "tags": null,
            "tags_all": {},
            "vpc_id": "vpc-05991954750d18f1f"
          },
          "sensitive_attributes": [],
          "private": "bnVsbA==",
          "dependencies": [
            "aws_subnet.private_db_a",
            "aws_subnet.private_db_c",
            "aws_vpc.goormVPC"
          ]
        }
      ]
    },
    {
      "mode": "managed",
      "type": "aws_eip",
      "name": "nat_gateway_ip",
      "provider": "provider[\"registry.terraform.io/hashicorp/aws\"]",
      "instances": [
        {
          "schema_version": 0,
          "attributes": {
            "address": null,
            "allocation_id": "eipalloc-0dc34d321e46e9075",
            "associate_with_private_ip": null,
            "association_id": "",
            "carrier_ip": "",
            "customer_owned_ip": "",
            "customer_owned_ipv4_pool": "",
            "domain": "vpc",
            "id": "eipalloc-0dc34d321e46e9075",
            "instance": "",
            "network_border_group": "ap-northeast-2",
            "network_interface": "",
            "private_dns": null,
            "private_ip": "",
            "public_dns": "ec2-13-209-123-232.ap-northeast-2.compute.amazonaws.com",
            "public_ip": "13.209.123.232",
            "public_ipv4_pool": "amazon",
            "tags": null,
            "tags_all": {},
            "timeouts": null,
            "vpc": true
          },
          "sensitive_attributes": [],
          "private": "eyJlMmJmYjczMC1lY2FhLTExZTYtOGY4OC0zNDM2M2JjN2M0YzAiOnsiZGVsZXRlIjoxODAwMDAwMDAwMDAsInJlYWQiOjkwMDAwMDAwMDAwMCwidXBkYXRlIjozMDAwMDAwMDAwMDB9fQ==",
          "create_before_destroy": true
        }
      ]
    },
    {
      "mode": "managed",
      "type": "aws_internet_gateway",
      "name": "internet_gateway",
      "provider": "provider[\"registry.terraform.io/hashicorp/aws\"]",
      "instances": [
        {
          "schema_version": 0,
          "attributes": {
            "arn": "arn:aws:ec2:ap-northeast-2:431410879895:internet-gateway/igw-015fe0e42cbf71d42",
            "id": "igw-015fe0e42cbf71d42",
            "owner_id": "431410879895",
            "tags": {
              "Name": "internet_gateway"
            },
            "tags_all": {
              "Name": "internet_gateway"
            },
            "timeouts": null,
            "vpc_id": "vpc-05991954750d18f1f"
          },
          "sensitive_attributes": [],
          "private": "eyJlMmJmYjczMC1lY2FhLTExZTYtOGY4OC0zNDM2M2JjN2M0YzAiOnsiY3JlYXRlIjoxMjAwMDAwMDAwMDAwLCJkZWxldGUiOjEyMDAwMDAwMDAwMDAsInVwZGF0ZSI6MTIwMDAwMDAwMDAwMH19",
          "dependencies": [
            "aws_vpc.goormVPC"
          ]
        }
      ]
    },
    {
      "mode": "managed",
      "type": "aws_key_pair",
      "name": "key_pair",
      "provider": "provider[\"registry.terraform.io/hashicorp/aws\"]",
      "instances": [
        {
          "schema_version": 1,
          "attributes": {
            "arn": "arn:aws:ec2:ap-northeast-2:431410879895:key-pair/terraform-devops",
            "fingerprint": "4d:b2:b6:0f:3c:1a:cc:d8:bc:e4:f4:b3:e8:eb:3e:16",
            "id": "terraform-devops",
            "key_name": "terraform-devops",
            "key_name_prefix": "",
            "key_pair_id": "key-0900c1d3ff00a5048",
            "key_type": "rsa",
            "public_key": "ssh-rsa AAAAB3NzaC1yc2EAAAADAQABAAACAQC+JLCuz/Eyd6fEHhE/gc1Wp8mXNM5+f/achCWttpDKQkp3KZe1r6YWkw5LPYkIZP1L2FIcfaA+BPFUwkH1aiuVGemJp98cQcZg7aET7fhzsm0McZ3JJj+LAoKrO3AgF5TLJq66PYzwZyQKjIiXB5WMy0XL/201ekdYBD2gCPRYUmJXNsz8Qm74jbGwDcOK6MizQOjynkFkMrHBqQf2WdpwKQ44YDpecSrnoTVtV8jgtAZ4DWdPOhK6Q8psRbKNbnsK1ITDezsavrPGIumne2CTSJpvOOosscf3+Ddl8D+HifiC9wRN2cswaJcGNIcqpS1H7th6b7gcawB0ICsICrgfur7HyVy2jJSSsmUv37PGxgGueWVF20jMJ9rmd9kqd5HO3rtii1YPprc6fpdWx9/Zg0rURuL+ahLMcdpvW4iDwgYwoPkXv0y8WdN1ULeMGekhaKNkFMLOrAYiSQkWh4CFN1XtDYClmF0DXZiRMW5EeWxhV3EnjcVJm6XfsCHD8OYcvoTaEXLxdGWf/q1nNv3tqN5Fns++DCJP5BJ+ldXlWBRRPuyB0atEyAa0L6DKgMHTiehXfbMWnRwcRMmWjOfGGGTfSq/cuinM3mVRNDrUP5BPfyqlRfqdb1BGSeLJZ1MaAE+K5OVLoH3HONbiEx1p+fGci0s3YJTP99g19xO+RQ==",
            "tags": null,
            "tags_all": {}
          },
          "sensitive_attributes": [],
          "private": "eyJzY2hlbWFfdmVyc2lvbiI6IjEifQ==",
          "dependencies": [
            "tls_private_key.rsa_4096"
          ]
        }
      ]
    },
    {
      "mode": "managed",
      "type": "aws_launch_template",
      "name": "app_launch_template",
      "provider": "provider[\"registry.terraform.io/hashicorp/aws\"]",
      "instances": [
        {
          "schema_version": 0,
          "attributes": {
            "arn": "arn:aws:ec2:ap-northeast-2:431410879895:launch-template/lt-0dfaaac64a4f148ea",
            "block_device_mappings": [],
            "capacity_reservation_specification": [],
            "cpu_options": [],
            "credit_specification": [],
            "default_version": 1,
            "description": "",
            "disable_api_stop": false,
            "disable_api_termination": false,
            "ebs_optimized": "",
            "elastic_gpu_specifications": [],
            "elastic_inference_accelerator": [],
            "enclave_options": [],
            "hibernation_options": [],
            "iam_instance_profile": [],
            "id": "lt-0dfaaac64a4f148ea",
            "image_id": "ami-086cae3329a3f7d75",
            "instance_initiated_shutdown_behavior": "",
            "instance_market_options": [],
            "instance_requirements": [],
            "instance_type": "t2.micro",
            "kernel_id": "",
            "key_name": "terraform-devops",
            "latest_version": 1,
            "license_specification": [],
            "maintenance_options": [],
            "metadata_options": [],
            "monitoring": [],
            "name": "app-launch-template",
            "name_prefix": "",
            "network_interfaces": [
              {
                "associate_carrier_ip_address": "",
                "associate_public_ip_address": "false",
                "delete_on_termination": "",
                "description": "",
                "device_index": 0,
                "interface_type": "",
                "ipv4_address_count": 0,
                "ipv4_addresses": null,
                "ipv4_prefix_count": 0,
                "ipv4_prefixes": null,
                "ipv6_address_count": 0,
                "ipv6_addresses": null,
                "ipv6_prefix_count": 0,
                "ipv6_prefixes": null,
                "network_card_index": 0,
                "network_interface_id": "",
                "private_ip_address": "",
                "security_groups": [
                  "sg-0ba3f4f411d7577d0"
                ],
                "subnet_id": ""
              }
            ],
            "placement": [],
            "private_dns_name_options": [],
            "ram_disk_id": "",
            "security_group_names": null,
            "tag_specifications": [],
            "tags": null,
            "tags_all": {},
            "update_default_version": null,
            "user_data": "",
            "vpc_security_group_ids": null
          },
          "sensitive_attributes": [],
          "private": "bnVsbA==",
          "dependencies": [
            "aws_key_pair.key_pair",
            "aws_security_group.goormVPC_security_group",
            "aws_vpc.goormVPC",
            "tls_private_key.rsa_4096"
          ]
        }
      ]
    },
    {
      "mode": "managed",
      "type": "aws_launch_template",
      "name": "web_launch_template",
      "provider": "provider[\"registry.terraform.io/hashicorp/aws\"]",
      "instances": [
        {
          "schema_version": 0,
          "attributes": {
            "arn": "arn:aws:ec2:ap-northeast-2:431410879895:launch-template/lt-049c0fe3c2d4384b7",
            "block_device_mappings": [],
            "capacity_reservation_specification": [],
            "cpu_options": [],
            "credit_specification": [],
            "default_version": 1,
            "description": "",
            "disable_api_stop": false,
            "disable_api_termination": false,
            "ebs_optimized": "",
            "elastic_gpu_specifications": [],
            "elastic_inference_accelerator": [],
            "enclave_options": [],
            "hibernation_options": [],
            "iam_instance_profile": [],
            "id": "lt-049c0fe3c2d4384b7",
            "image_id": "ami-086cae3329a3f7d75",
            "instance_initiated_shutdown_behavior": "",
            "instance_market_options": [],
            "instance_requirements": [],
            "instance_type": "t2.micro",
            "kernel_id": "",
            "key_name": "terraform-devops",
            "latest_version": 1,
            "license_specification": [],
            "maintenance_options": [],
            "metadata_options": [],
            "monitoring": [],
            "name": "web-launch-template",
            "name_prefix": "",
            "network_interfaces": [
              {
                "associate_carrier_ip_address": "",
                "associate_public_ip_address": "true",
                "delete_on_termination": "",
                "description": "",
                "device_index": 0,
                "interface_type": "",
                "ipv4_address_count": 0,
                "ipv4_addresses": null,
                "ipv4_prefix_count": 0,
                "ipv4_prefixes": null,
                "ipv6_address_count": 0,
                "ipv6_addresses": null,
                "ipv6_prefix_count": 0,
                "ipv6_prefixes": null,
                "network_card_index": 0,
                "network_interface_id": "",
                "private_ip_address": "",
                "security_groups": [
                  "sg-0ba3f4f411d7577d0"
                ],
                "subnet_id": ""
              }
            ],
            "placement": [],
            "private_dns_name_options": [],
            "ram_disk_id": "",
            "security_group_names": null,
            "tag_specifications": [],
            "tags": null,
            "tags_all": {},
            "update_default_version": null,
            "user_data": "",
            "vpc_security_group_ids": null
          },
          "sensitive_attributes": [],
          "private": "bnVsbA==",
          "dependencies": [
            "aws_key_pair.key_pair",
            "aws_security_group.goormVPC_security_group",
            "aws_vpc.goormVPC",
            "tls_private_key.rsa_4096"
          ]
        }
      ]
    },
    {
      "mode": "managed",
      "type": "aws_lb",
      "name": "app_lb",
      "provider": "provider[\"registry.terraform.io/hashicorp/aws\"]",
      "instances": [
        {
          "schema_version": 0,
          "attributes": {
            "access_logs": [
              {
                "bucket": "",
                "enabled": false,
                "prefix": ""
              }
            ],
            "arn": "arn:aws:elasticloadbalancing:ap-northeast-2:431410879895:loadbalancer/app/app-lb/99d8317348771ae4",
            "arn_suffix": "app/app-lb/99d8317348771ae4",
            "customer_owned_ipv4_pool": "",
            "desync_mitigation_mode": "defensive",
            "dns_name": "internal-app-lb-1836416857.ap-northeast-2.elb.amazonaws.com",
            "dns_record_client_routing_policy": null,
            "drop_invalid_header_fields": false,
            "enable_cross_zone_load_balancing": true,
            "enable_deletion_protection": false,
            "enable_http2": true,
            "enable_tls_version_and_cipher_suite_headers": false,
            "enable_waf_fail_open": false,
            "enable_xff_client_port": false,
            "id": "arn:aws:elasticloadbalancing:ap-northeast-2:431410879895:loadbalancer/app/app-lb/99d8317348771ae4",
            "idle_timeout": 60,
            "internal": true,
            "ip_address_type": "ipv4",
            "load_balancer_type": "application",
            "name": "app-lb",
            "name_prefix": "",
            "preserve_host_header": false,
            "security_groups": [
              "sg-0ba3f4f411d7577d0"
            ],
            "subnet_mapping": [
              {
                "allocation_id": "",
                "ipv6_address": "",
                "outpost_id": "",
                "private_ipv4_address": "",
                "subnet_id": "subnet-0686962c3854507f6"
              },
              {
                "allocation_id": "",
                "ipv6_address": "",
                "outpost_id": "",
                "private_ipv4_address": "",
                "subnet_id": "subnet-0ee7aedcf78d43674"
              }
            ],
            "subnets": [
              "subnet-0686962c3854507f6",
              "subnet-0ee7aedcf78d43674"
            ],
            "tags": null,
            "tags_all": {},
            "timeouts": null,
            "vpc_id": "vpc-05991954750d18f1f",
            "xff_header_processing_mode": "append",
            "zone_id": "ZWKZPGTI48KDX"
          },
          "sensitive_attributes": [],
          "private": "eyJlMmJmYjczMC1lY2FhLTExZTYtOGY4OC0zNDM2M2JjN2M0YzAiOnsiY3JlYXRlIjo2MDAwMDAwMDAwMDAsImRlbGV0ZSI6NjAwMDAwMDAwMDAwLCJ1cGRhdGUiOjYwMDAwMDAwMDAwMH19",
          "dependencies": [
            "aws_security_group.goormVPC_security_group",
            "aws_subnet.private_app_a",
            "aws_subnet.private_app_c",
            "aws_vpc.goormVPC"
          ]
        }
      ]
    },
    {
      "mode": "managed",
      "type": "aws_lb",
      "name": "web_lb",
      "provider": "provider[\"registry.terraform.io/hashicorp/aws\"]",
      "instances": [
        {
          "schema_version": 0,
          "attributes": {
            "access_logs": [
              {
                "bucket": "",
                "enabled": false,
                "prefix": ""
              }
            ],
            "arn": "arn:aws:elasticloadbalancing:ap-northeast-2:431410879895:loadbalancer/app/web-lb/e5e1f73ffa10739e",
            "arn_suffix": "app/web-lb/e5e1f73ffa10739e",
            "customer_owned_ipv4_pool": "",
            "desync_mitigation_mode": "defensive",
            "dns_name": "web-lb-1598571506.ap-northeast-2.elb.amazonaws.com",
            "dns_record_client_routing_policy": null,
            "drop_invalid_header_fields": false,
            "enable_cross_zone_load_balancing": true,
            "enable_deletion_protection": false,
            "enable_http2": true,
            "enable_tls_version_and_cipher_suite_headers": false,
            "enable_waf_fail_open": false,
            "enable_xff_client_port": false,
            "id": "arn:aws:elasticloadbalancing:ap-northeast-2:431410879895:loadbalancer/app/web-lb/e5e1f73ffa10739e",
            "idle_timeout": 60,
            "internal": false,
            "ip_address_type": "ipv4",
            "load_balancer_type": "application",
            "name": "web-lb",
            "name_prefix": "",
            "preserve_host_header": false,
            "security_groups": [
              "sg-0ba3f4f411d7577d0"
            ],
            "subnet_mapping": [
              {
                "allocation_id": "",
                "ipv6_address": "",
                "outpost_id": "",
                "private_ipv4_address": "",
                "subnet_id": "subnet-0060d59f9ae45e061"
              },
              {
                "allocation_id": "",
                "ipv6_address": "",
                "outpost_id": "",
                "private_ipv4_address": "",
                "subnet_id": "subnet-0cbdf94563e6c13b4"
              }
            ],
            "subnets": [
              "subnet-0060d59f9ae45e061",
              "subnet-0cbdf94563e6c13b4"
            ],
            "tags": null,
            "tags_all": {},
            "timeouts": null,
            "vpc_id": "vpc-05991954750d18f1f",
            "xff_header_processing_mode": "append",
            "zone_id": "ZWKZPGTI48KDX"
          },
          "sensitive_attributes": [],
          "private": "eyJlMmJmYjczMC1lY2FhLTExZTYtOGY4OC0zNDM2M2JjN2M0YzAiOnsiY3JlYXRlIjo2MDAwMDAwMDAwMDAsImRlbGV0ZSI6NjAwMDAwMDAwMDAwLCJ1cGRhdGUiOjYwMDAwMDAwMDAwMH19",
          "dependencies": [
            "aws_security_group.goormVPC_security_group",
            "aws_subnet.public_web_a",
            "aws_subnet.public_web_c",
            "aws_vpc.goormVPC"
          ]
        }
      ]
    },
    {
      "mode": "managed",
      "type": "aws_lb_listener",
      "name": "app_lb_listener",
      "provider": "provider[\"registry.terraform.io/hashicorp/aws\"]",
      "instances": [
        {
          "schema_version": 0,
          "attributes": {
            "alpn_policy": null,
            "arn": "arn:aws:elasticloadbalancing:ap-northeast-2:431410879895:listener/app/app-lb/99d8317348771ae4/1298935a0432be13",
            "certificate_arn": null,
            "default_action": [
              {
                "authenticate_cognito": [],
                "authenticate_oidc": [],
                "fixed_response": [],
                "forward": [],
                "order": 1,
                "redirect": [],
                "target_group_arn": "arn:aws:elasticloadbalancing:ap-northeast-2:431410879895:targetgroup/app-lb-target-group/898e50f9cb64e332",
                "type": "forward"
              }
            ],
            "id": "arn:aws:elasticloadbalancing:ap-northeast-2:431410879895:listener/app/app-lb/99d8317348771ae4/1298935a0432be13",
            "load_balancer_arn": "arn:aws:elasticloadbalancing:ap-northeast-2:431410879895:loadbalancer/app/app-lb/99d8317348771ae4",
            "port": 80,
            "protocol": "HTTP",
            "ssl_policy": "",
            "tags": null,
            "tags_all": {},
            "timeouts": null
          },
          "sensitive_attributes": [],
          "private": "eyJlMmJmYjczMC1lY2FhLTExZTYtOGY4OC0zNDM2M2JjN2M0YzAiOnsicmVhZCI6NjAwMDAwMDAwMDAwfX0=",
          "dependencies": [
            "aws_lb.app_lb",
            "aws_lb_target_group.app_lb_target_group",
            "aws_security_group.goormVPC_security_group",
            "aws_subnet.private_app_a",
            "aws_subnet.private_app_c",
            "aws_vpc.goormVPC"
          ]
        }
      ]
    },
    {
      "mode": "managed",
      "type": "aws_lb_listener",
      "name": "web_lb_listener",
      "provider": "provider[\"registry.terraform.io/hashicorp/aws\"]",
      "instances": [
        {
          "schema_version": 0,
          "attributes": {
            "alpn_policy": null,
            "arn": "arn:aws:elasticloadbalancing:ap-northeast-2:431410879895:listener/app/web-lb/e5e1f73ffa10739e/bdf3084ced40bbd8",
            "certificate_arn": null,
            "default_action": [
              {
                "authenticate_cognito": [],
                "authenticate_oidc": [],
                "fixed_response": [],
                "forward": [],
                "order": 1,
                "redirect": [],
                "target_group_arn": "arn:aws:elasticloadbalancing:ap-northeast-2:431410879895:targetgroup/web-lb-target-group/7e514bafc75101ae",
                "type": "forward"
              }
            ],
            "id": "arn:aws:elasticloadbalancing:ap-northeast-2:431410879895:listener/app/web-lb/e5e1f73ffa10739e/bdf3084ced40bbd8",
            "load_balancer_arn": "arn:aws:elasticloadbalancing:ap-northeast-2:431410879895:loadbalancer/app/web-lb/e5e1f73ffa10739e",
            "port": 80,
            "protocol": "HTTP",
            "ssl_policy": "",
            "tags": null,
            "tags_all": {},
            "timeouts": null
          },
          "sensitive_attributes": [],
          "private": "eyJlMmJmYjczMC1lY2FhLTExZTYtOGY4OC0zNDM2M2JjN2M0YzAiOnsicmVhZCI6NjAwMDAwMDAwMDAwfX0=",
          "dependencies": [
            "aws_lb.web_lb",
            "aws_lb_target_group.web_lb_target_group",
            "aws_security_group.goormVPC_security_group",
            "aws_subnet.public_web_a",
            "aws_subnet.public_web_c",
            "aws_vpc.goormVPC"
          ]
        }
      ]
    },
    {
      "mode": "managed",
      "type": "aws_lb_target_group",
      "name": "app_lb_target_group",
      "provider": "provider[\"registry.terraform.io/hashicorp/aws\"]",
      "instances": [
        {
          "schema_version": 0,
          "attributes": {
            "arn": "arn:aws:elasticloadbalancing:ap-northeast-2:431410879895:targetgroup/app-lb-target-group/898e50f9cb64e332",
            "arn_suffix": "targetgroup/app-lb-target-group/898e50f9cb64e332",
            "connection_termination": null,
            "deregistration_delay": "300",
            "health_check": [
              {
                "enabled": true,
                "healthy_threshold": 5,
                "interval": 30,
                "matcher": "200",
                "path": "/",
                "port": "traffic-port",
                "protocol": "HTTP",
                "timeout": 5,
                "unhealthy_threshold": 2
              }
            ],
            "id": "arn:aws:elasticloadbalancing:ap-northeast-2:431410879895:targetgroup/app-lb-target-group/898e50f9cb64e332",
            "ip_address_type": "ipv4",
            "lambda_multi_value_headers_enabled": false,
            "load_balancing_algorithm_type": "round_robin",
            "load_balancing_cross_zone_enabled": "use_load_balancer_configuration",
            "name": "app-lb-target-group",
            "name_prefix": "",
            "port": 80,
            "preserve_client_ip": null,
            "protocol": "HTTP",
            "protocol_version": "HTTP1",
            "proxy_protocol_v2": false,
            "slow_start": 0,
            "stickiness": [
              {
                "cookie_duration": 86400,
                "cookie_name": "",
                "enabled": false,
                "type": "lb_cookie"
              }
            ],
            "tags": null,
            "tags_all": {},
            "target_failover": [
              {
                "on_deregistration": null,
                "on_unhealthy": null
              }
            ],
            "target_health_state": [
              {
                "enable_unhealthy_connection_termination": null
              }
            ],
            "target_type": "instance",
            "vpc_id": "vpc-05991954750d18f1f"
          },
          "sensitive_attributes": [],
          "private": "bnVsbA==",
          "dependencies": [
            "aws_vpc.goormVPC"
          ]
        }
      ]
    },
    {
      "mode": "managed",
      "type": "aws_lb_target_group",
      "name": "web_lb_target_group",
      "provider": "provider[\"registry.terraform.io/hashicorp/aws\"]",
      "instances": [
        {
          "schema_version": 0,
          "attributes": {
            "arn": "arn:aws:elasticloadbalancing:ap-northeast-2:431410879895:targetgroup/web-lb-target-group/7e514bafc75101ae",
            "arn_suffix": "targetgroup/web-lb-target-group/7e514bafc75101ae",
            "connection_termination": null,
            "deregistration_delay": "300",
            "health_check": [
              {
                "enabled": true,
                "healthy_threshold": 5,
                "interval": 30,
                "matcher": "200",
                "path": "/",
                "port": "traffic-port",
                "protocol": "HTTP",
                "timeout": 5,
                "unhealthy_threshold": 2
              }
            ],
            "id": "arn:aws:elasticloadbalancing:ap-northeast-2:431410879895:targetgroup/web-lb-target-group/7e514bafc75101ae",
            "ip_address_type": "ipv4",
            "lambda_multi_value_headers_enabled": false,
            "load_balancing_algorithm_type": "round_robin",
            "load_balancing_cross_zone_enabled": "use_load_balancer_configuration",
            "name": "web-lb-target-group",
            "name_prefix": "",
            "port": 80,
            "preserve_client_ip": null,
            "protocol": "HTTP",
            "protocol_version": "HTTP1",
            "proxy_protocol_v2": false,
            "slow_start": 0,
            "stickiness": [
              {
                "cookie_duration": 86400,
                "cookie_name": "",
                "enabled": false,
                "type": "lb_cookie"
              }
            ],
            "tags": null,
            "tags_all": {},
            "target_failover": [
              {
                "on_deregistration": null,
                "on_unhealthy": null
              }
            ],
            "target_health_state": [
              {
                "enable_unhealthy_connection_termination": null
              }
            ],
            "target_type": "instance",
            "vpc_id": "vpc-05991954750d18f1f"
          },
          "sensitive_attributes": [],
          "private": "bnVsbA==",
          "dependencies": [
            "aws_vpc.goormVPC"
          ]
        }
      ]
    },
    {
      "mode": "managed",
      "type": "aws_nat_gateway",
      "name": "nat_gateway",
      "provider": "provider[\"registry.terraform.io/hashicorp/aws\"]",
      "instances": [
        {
          "schema_version": 0,
          "attributes": {
            "allocation_id": "eipalloc-0dc34d321e46e9075",
            "association_id": "eipassoc-09ac4b1f8bff9b61f",
            "connectivity_type": "public",
            "id": "nat-0d72feaa1b8f28406",
            "network_interface_id": "eni-04c9e7252a73e7212",
            "private_ip": "10.10.1.245",
            "public_ip": "13.209.123.232",
            "secondary_allocation_ids": null,
            "secondary_private_ip_address_count": 0,
            "secondary_private_ip_addresses": [],
            "subnet_id": "subnet-0060d59f9ae45e061",
            "tags": {
              "Name": "NAT Gateway"
            },
            "tags_all": {
              "Name": "NAT Gateway"
            },
            "timeouts": null
          },
          "sensitive_attributes": [],
          "private": "eyJlMmJmYjczMC1lY2FhLTExZTYtOGY4OC0zNDM2M2JjN2M0YzAiOnsiY3JlYXRlIjo2MDAwMDAwMDAwMDAsImRlbGV0ZSI6MTgwMDAwMDAwMDAwMCwidXBkYXRlIjo2MDAwMDAwMDAwMDB9fQ==",
          "dependencies": [
            "aws_eip.nat_gateway_ip",
            "aws_internet_gateway.internet_gateway",
            "aws_subnet.public_web_a",
            "aws_vpc.goormVPC"
          ]
        }
      ]
    },
    {
      "mode": "managed",
      "type": "aws_route",
      "name": "private_route_table_route",
      "provider": "provider[\"registry.terraform.io/hashicorp/aws\"]",
      "instances": [
        {
          "schema_version": 0,
          "attributes": {
            "carrier_gateway_id": "",
            "core_network_arn": "",
            "destination_cidr_block": "0.0.0.0/0",
            "destination_ipv6_cidr_block": "",
            "destination_prefix_list_id": "",
            "egress_only_gateway_id": "",
            "gateway_id": "",
            "id": "r-rtb-0cce7a2df402ee4cb1080289494",
            "instance_id": "",
            "instance_owner_id": "",
            "local_gateway_id": "",
            "nat_gateway_id": "nat-0d72feaa1b8f28406",
            "network_interface_id": "",
            "origin": "CreateRoute",
            "route_table_id": "rtb-0cce7a2df402ee4cb",
            "state": "active",
            "timeouts": null,
            "transit_gateway_id": "",
            "vpc_endpoint_id": "",
            "vpc_peering_connection_id": ""
          },
          "sensitive_attributes": [],
          "private": "eyJlMmJmYjczMC1lY2FhLTExZTYtOGY4OC0zNDM2M2JjN2M0YzAiOnsiY3JlYXRlIjozMDAwMDAwMDAwMDAsImRlbGV0ZSI6MzAwMDAwMDAwMDAwLCJ1cGRhdGUiOjEyMDAwMDAwMDAwMH19",
          "dependencies": [
            "aws_eip.nat_gateway_ip",
            "aws_internet_gateway.internet_gateway",
            "aws_nat_gateway.nat_gateway",
            "aws_route_table.app_route_table",
            "aws_subnet.public_web_a",
            "aws_vpc.goormVPC"
          ]
        }
      ]
    },
    {
      "mode": "managed",
      "type": "aws_route_table",
      "name": "app_route_table",
      "provider": "provider[\"registry.terraform.io/hashicorp/aws\"]",
      "instances": [
        {
          "schema_version": 0,
          "attributes": {
            "arn": "arn:aws:ec2:ap-northeast-2:431410879895:route-table/rtb-0cce7a2df402ee4cb",
            "id": "rtb-0cce7a2df402ee4cb",
            "owner_id": "431410879895",
            "propagating_vgws": [],
            "route": [],
            "tags": {
              "Name": "Private App Route Table"
            },
            "tags_all": {
              "Name": "Private App Route Table"
            },
            "timeouts": null,
            "vpc_id": "vpc-05991954750d18f1f"
          },
          "sensitive_attributes": [],
          "private": "eyJlMmJmYjczMC1lY2FhLTExZTYtOGY4OC0zNDM2M2JjN2M0YzAiOnsiY3JlYXRlIjozMDAwMDAwMDAwMDAsImRlbGV0ZSI6MzAwMDAwMDAwMDAwLCJ1cGRhdGUiOjEyMDAwMDAwMDAwMH19",
          "dependencies": [
            "aws_vpc.goormVPC"
          ]
        }
      ]
    },
    {
      "mode": "managed",
      "type": "aws_route_table",
      "name": "web_route_table",
      "provider": "provider[\"registry.terraform.io/hashicorp/aws\"]",
      "instances": [
        {
          "schema_version": 0,
          "attributes": {
            "arn": "arn:aws:ec2:ap-northeast-2:431410879895:route-table/rtb-0e5ba02af4a019059",
            "id": "rtb-0e5ba02af4a019059",
            "owner_id": "431410879895",
            "propagating_vgws": [],
            "route": [
              {
                "carrier_gateway_id": "",
                "cidr_block": "0.0.0.0/0",
                "core_network_arn": "",
                "destination_prefix_list_id": "",
                "egress_only_gateway_id": "",
                "gateway_id": "igw-015fe0e42cbf71d42",
                "ipv6_cidr_block": "",
                "local_gateway_id": "",
                "nat_gateway_id": "",
                "network_interface_id": "",
                "transit_gateway_id": "",
                "vpc_endpoint_id": "",
                "vpc_peering_connection_id": ""
              }
            ],
            "tags": {
              "Name": "Public Web Route Table"
            },
            "tags_all": {
              "Name": "Public Web Route Table"
            },
            "timeouts": null,
            "vpc_id": "vpc-05991954750d18f1f"
          },
          "sensitive_attributes": [],
          "private": "eyJlMmJmYjczMC1lY2FhLTExZTYtOGY4OC0zNDM2M2JjN2M0YzAiOnsiY3JlYXRlIjozMDAwMDAwMDAwMDAsImRlbGV0ZSI6MzAwMDAwMDAwMDAwLCJ1cGRhdGUiOjEyMDAwMDAwMDAwMH19",
          "dependencies": [
            "aws_internet_gateway.internet_gateway",
            "aws_vpc.goormVPC"
          ]
        }
      ]
    },
    {
      "mode": "managed",
      "type": "aws_route_table_association",
      "name": "app_db_route_table_association",
      "provider": "provider[\"registry.terraform.io/hashicorp/aws\"]",
      "instances": [
        {
          "schema_version": 0,
          "attributes": {
            "gateway_id": "",
            "id": "rtbassoc-0142b97940e76bd61",
            "route_table_id": "rtb-0cce7a2df402ee4cb",
            "subnet_id": "subnet-02b71881829bc9943",
            "timeouts": null
          },
          "sensitive_attributes": [],
          "private": "eyJlMmJmYjczMC1lY2FhLTExZTYtOGY4OC0zNDM2M2JjN2M0YzAiOnsiY3JlYXRlIjozMDAwMDAwMDAwMDAsImRlbGV0ZSI6MzAwMDAwMDAwMDAwLCJ1cGRhdGUiOjEyMDAwMDAwMDAwMH19",
          "dependencies": [
            "aws_route_table.app_route_table",
            "aws_subnet.private_db_a",
            "aws_vpc.goormVPC"
          ]
        }
      ]
    },
    {
      "mode": "managed",
      "type": "aws_route_table_association",
      "name": "app_route_table_association_a",
      "provider": "provider[\"registry.terraform.io/hashicorp/aws\"]",
      "instances": [
        {
          "schema_version": 0,
          "attributes": {
            "gateway_id": "",
            "id": "rtbassoc-0cc8872135b0e6650",
            "route_table_id": "rtb-0cce7a2df402ee4cb",
            "subnet_id": "subnet-0686962c3854507f6",
            "timeouts": null
          },
          "sensitive_attributes": [],
          "private": "eyJlMmJmYjczMC1lY2FhLTExZTYtOGY4OC0zNDM2M2JjN2M0YzAiOnsiY3JlYXRlIjozMDAwMDAwMDAwMDAsImRlbGV0ZSI6MzAwMDAwMDAwMDAwLCJ1cGRhdGUiOjEyMDAwMDAwMDAwMH19",
          "dependencies": [
            "aws_route_table.app_route_table",
            "aws_subnet.private_app_a",
            "aws_vpc.goormVPC"
          ]
        }
      ]
    },
    {
      "mode": "managed",
      "type": "aws_route_table_association",
      "name": "app_route_table_association_c",
      "provider": "provider[\"registry.terraform.io/hashicorp/aws\"]",
      "instances": [
        {
          "schema_version": 0,
          "attributes": {
            "gateway_id": "",
            "id": "rtbassoc-0f8aaf1b2755e6f10",
            "route_table_id": "rtb-0cce7a2df402ee4cb",
            "subnet_id": "subnet-0ee7aedcf78d43674",
            "timeouts": null
          },
          "sensitive_attributes": [],
          "private": "eyJlMmJmYjczMC1lY2FhLTExZTYtOGY4OC0zNDM2M2JjN2M0YzAiOnsiY3JlYXRlIjozMDAwMDAwMDAwMDAsImRlbGV0ZSI6MzAwMDAwMDAwMDAwLCJ1cGRhdGUiOjEyMDAwMDAwMDAwMH19",
          "dependencies": [
            "aws_route_table.app_route_table",
            "aws_subnet.private_app_c",
            "aws_vpc.goormVPC"
          ]
        }
      ]
    },
    {
      "mode": "managed",
      "type": "aws_route_table_association",
      "name": "web_route_table_association_a",
      "provider": "provider[\"registry.terraform.io/hashicorp/aws\"]",
      "instances": [
        {
          "schema_version": 0,
          "attributes": {
            "gateway_id": "",
            "id": "rtbassoc-0cf9d9d4b75065404",
            "route_table_id": "rtb-0e5ba02af4a019059",
            "subnet_id": "subnet-0060d59f9ae45e061",
            "timeouts": null
          },
          "sensitive_attributes": [],
          "private": "eyJlMmJmYjczMC1lY2FhLTExZTYtOGY4OC0zNDM2M2JjN2M0YzAiOnsiY3JlYXRlIjozMDAwMDAwMDAwMDAsImRlbGV0ZSI6MzAwMDAwMDAwMDAwLCJ1cGRhdGUiOjEyMDAwMDAwMDAwMH19",
          "dependencies": [
            "aws_internet_gateway.internet_gateway",
            "aws_route_table.web_route_table",
            "aws_subnet.public_web_a",
            "aws_vpc.goormVPC"
          ]
        }
      ]
    },
    {
      "mode": "managed",
      "type": "aws_route_table_association",
      "name": "web_route_table_association_c",
      "provider": "provider[\"registry.terraform.io/hashicorp/aws\"]",
      "instances": [
        {
          "schema_version": 0,
          "attributes": {
            "gateway_id": "",
            "id": "rtbassoc-0b46a640331529eb2",
            "route_table_id": "rtb-0e5ba02af4a019059",
            "subnet_id": "subnet-0cbdf94563e6c13b4",
            "timeouts": null
          },
          "sensitive_attributes": [],
          "private": "eyJlMmJmYjczMC1lY2FhLTExZTYtOGY4OC0zNDM2M2JjN2M0YzAiOnsiY3JlYXRlIjozMDAwMDAwMDAwMDAsImRlbGV0ZSI6MzAwMDAwMDAwMDAwLCJ1cGRhdGUiOjEyMDAwMDAwMDAwMH19",
          "dependencies": [
            "aws_internet_gateway.internet_gateway",
            "aws_route_table.web_route_table",
            "aws_subnet.public_web_c",
            "aws_vpc.goormVPC"
          ]
        }
      ]
    },
    {
      "mode": "managed",
      "type": "aws_security_group",
      "name": "goormVPC_security_group",
      "provider": "provider[\"registry.terraform.io/hashicorp/aws\"]",
      "instances": [
        {
          "schema_version": 1,
          "attributes": {
            "arn": "arn:aws:ec2:ap-northeast-2:431410879895:security-group/sg-0ba3f4f411d7577d0",
            "description": "Managed by Terraform",
            "egress": [
              {
                "cidr_blocks": [
                  "0.0.0.0/0"
                ],
                "description": "",
                "from_port": 0,
                "ipv6_cidr_blocks": [
                  "::/0"
                ],
                "prefix_list_ids": [],
                "protocol": "-1",
                "security_groups": [],
                "self": false,
                "to_port": 0
              }
            ],
            "id": "sg-0ba3f4f411d7577d0",
            "ingress": [
              {
                "cidr_blocks": [
                  "0.0.0.0/0"
                ],
                "description": "",
                "from_port": 22,
                "ipv6_cidr_blocks": [
                  "::/0"
                ],
                "prefix_list_ids": [],
                "protocol": "tcp",
                "security_groups": [],
                "self": false,
                "to_port": 22
              },
              {
                "cidr_blocks": [
                  "0.0.0.0/0"
                ],
                "description": "",
                "from_port": 8080,
                "ipv6_cidr_blocks": [
                  "::/0"
                ],
                "prefix_list_ids": [],
                "protocol": "tcp",
                "security_groups": [],
                "self": false,
                "to_port": 8080
              },
              {
                "cidr_blocks": [
                  "0.0.0.0/0"
                ],
                "description": "",
                "from_port": 80,
                "ipv6_cidr_blocks": [
                  "::/0"
                ],
                "prefix_list_ids": [],
                "protocol": "tcp",
                "security_groups": [],
                "self": false,
                "to_port": 80
              }
            ],
            "name": "goormVPC_security_group",
            "name_prefix": "",
            "owner_id": "431410879895",
            "revoke_rules_on_delete": false,
            "tags": null,
            "tags_all": {},
            "timeouts": null,
            "vpc_id": "vpc-05991954750d18f1f"
          },
          "sensitive_attributes": [],
          "private": "eyJlMmJmYjczMC1lY2FhLTExZTYtOGY4OC0zNDM2M2JjN2M0YzAiOnsiY3JlYXRlIjo2MDAwMDAwMDAwMDAsImRlbGV0ZSI6OTAwMDAwMDAwMDAwfSwic2NoZW1hX3ZlcnNpb24iOiIxIn0=",
          "dependencies": [
            "aws_vpc.goormVPC"
          ]
        }
      ]
    },
    {
      "mode": "managed",
      "type": "aws_security_group",
      "name": "rds_security_group",
      "provider": "provider[\"registry.terraform.io/hashicorp/aws\"]",
      "instances": [
        {
          "schema_version": 1,
          "attributes": {
            "arn": "arn:aws:ec2:ap-northeast-2:431410879895:security-group/sg-076fd9778fe9a259b",
            "description": "Managed by Terraform",
            "egress": [],
            "id": "sg-076fd9778fe9a259b",
            "ingress": [
              {
                "cidr_blocks": [],
                "description": "",
                "from_port": 3306,
                "ipv6_cidr_blocks": [],
                "prefix_list_ids": [],
                "protocol": "tcp",
                "security_groups": [
                  "sg-0ba3f4f411d7577d0"
                ],
                "self": false,
                "to_port": 3306
              }
            ],
            "name": "rds_security_group",
            "name_prefix": "",
            "owner_id": "431410879895",
            "revoke_rules_on_delete": false,
            "tags": {
              "Name": "rds_security_group"
            },
            "tags_all": {
              "Name": "rds_security_group"
            },
            "timeouts": null,
            "vpc_id": "vpc-05991954750d18f1f"
          },
          "sensitive_attributes": [],
          "private": "eyJlMmJmYjczMC1lY2FhLTExZTYtOGY4OC0zNDM2M2JjN2M0YzAiOnsiY3JlYXRlIjo2MDAwMDAwMDAwMDAsImRlbGV0ZSI6OTAwMDAwMDAwMDAwfSwic2NoZW1hX3ZlcnNpb24iOiIxIn0=",
          "dependencies": [
            "aws_security_group.goormVPC_security_group",
            "aws_vpc.goormVPC"
          ]
        }
      ]
    },
    {
      "mode": "managed",
      "type": "aws_subnet",
      "name": "private_app_a",
      "provider": "provider[\"registry.terraform.io/hashicorp/aws\"]",
      "instances": [
        {
          "schema_version": 1,
          "attributes": {
            "arn": "arn:aws:ec2:ap-northeast-2:431410879895:subnet/subnet-0686962c3854507f6",
            "assign_ipv6_address_on_creation": false,
            "availability_zone": "ap-northeast-2a",
            "availability_zone_id": "apne2-az1",
            "cidr_block": "10.10.10.0/24",
            "customer_owned_ipv4_pool": "",
            "enable_dns64": false,
            "enable_lni_at_device_index": 0,
            "enable_resource_name_dns_a_record_on_launch": false,
            "enable_resource_name_dns_aaaa_record_on_launch": false,
            "id": "subnet-0686962c3854507f6",
            "ipv6_cidr_block": "",
            "ipv6_cidr_block_association_id": "",
            "ipv6_native": false,
            "map_customer_owned_ip_on_launch": false,
            "map_public_ip_on_launch": false,
            "outpost_arn": "",
            "owner_id": "431410879895",
            "private_dns_hostname_type_on_launch": "ip-name",
            "tags": {
              "Name": "private_app_a"
            },
            "tags_all": {
              "Name": "private_app_a"
            },
            "timeouts": null,
            "vpc_id": "vpc-05991954750d18f1f"
          },
          "sensitive_attributes": [],
          "private": "eyJlMmJmYjczMC1lY2FhLTExZTYtOGY4OC0zNDM2M2JjN2M0YzAiOnsiY3JlYXRlIjo2MDAwMDAwMDAwMDAsImRlbGV0ZSI6MTIwMDAwMDAwMDAwMH0sInNjaGVtYV92ZXJzaW9uIjoiMSJ9",
          "dependencies": [
            "aws_vpc.goormVPC"
          ]
        }
      ]
    },
    {
      "mode": "managed",
      "type": "aws_subnet",
      "name": "private_app_c",
      "provider": "provider[\"registry.terraform.io/hashicorp/aws\"]",
      "instances": [
        {
          "schema_version": 1,
          "attributes": {
            "arn": "arn:aws:ec2:ap-northeast-2:431410879895:subnet/subnet-0ee7aedcf78d43674",
            "assign_ipv6_address_on_creation": false,
            "availability_zone": "ap-northeast-2c",
            "availability_zone_id": "apne2-az3",
            "cidr_block": "10.10.20.0/24",
            "customer_owned_ipv4_pool": "",
            "enable_dns64": false,
            "enable_lni_at_device_index": 0,
            "enable_resource_name_dns_a_record_on_launch": false,
            "enable_resource_name_dns_aaaa_record_on_launch": false,
            "id": "subnet-0ee7aedcf78d43674",
            "ipv6_cidr_block": "",
            "ipv6_cidr_block_association_id": "",
            "ipv6_native": false,
            "map_customer_owned_ip_on_launch": false,
            "map_public_ip_on_launch": false,
            "outpost_arn": "",
            "owner_id": "431410879895",
            "private_dns_hostname_type_on_launch": "ip-name",
            "tags": {
              "Name": "private_app_c"
            },
            "tags_all": {
              "Name": "private_app_c"
            },
            "timeouts": null,
            "vpc_id": "vpc-05991954750d18f1f"
          },
          "sensitive_attributes": [],
          "private": "eyJlMmJmYjczMC1lY2FhLTExZTYtOGY4OC0zNDM2M2JjN2M0YzAiOnsiY3JlYXRlIjo2MDAwMDAwMDAwMDAsImRlbGV0ZSI6MTIwMDAwMDAwMDAwMH0sInNjaGVtYV92ZXJzaW9uIjoiMSJ9",
          "dependencies": [
            "aws_vpc.goormVPC"
          ]
        }
      ]
    },
    {
      "mode": "managed",
      "type": "aws_subnet",
      "name": "private_db_a",
      "provider": "provider[\"registry.terraform.io/hashicorp/aws\"]",
      "instances": [
        {
          "schema_version": 1,
          "attributes": {
            "arn": "arn:aws:ec2:ap-northeast-2:431410879895:subnet/subnet-02b71881829bc9943",
            "assign_ipv6_address_on_creation": false,
            "availability_zone": "ap-northeast-2a",
            "availability_zone_id": "apne2-az1",
            "cidr_block": "10.10.100.0/24",
            "customer_owned_ipv4_pool": "",
            "enable_dns64": false,
            "enable_lni_at_device_index": 0,
            "enable_resource_name_dns_a_record_on_launch": false,
            "enable_resource_name_dns_aaaa_record_on_launch": false,
            "id": "subnet-02b71881829bc9943",
            "ipv6_cidr_block": "",
            "ipv6_cidr_block_association_id": "",
            "ipv6_native": false,
            "map_customer_owned_ip_on_launch": false,
            "map_public_ip_on_launch": false,
            "outpost_arn": "",
            "owner_id": "431410879895",
            "private_dns_hostname_type_on_launch": "ip-name",
            "tags": {
              "Name": "private_db_a"
            },
            "tags_all": {
              "Name": "private_db_a"
            },
            "timeouts": null,
            "vpc_id": "vpc-05991954750d18f1f"
          },
          "sensitive_attributes": [],
          "private": "eyJlMmJmYjczMC1lY2FhLTExZTYtOGY4OC0zNDM2M2JjN2M0YzAiOnsiY3JlYXRlIjo2MDAwMDAwMDAwMDAsImRlbGV0ZSI6MTIwMDAwMDAwMDAwMH0sInNjaGVtYV92ZXJzaW9uIjoiMSJ9",
          "dependencies": [
            "aws_vpc.goormVPC"
          ]
        }
      ]
    },
    {
      "mode": "managed",
      "type": "aws_subnet",
      "name": "private_db_c",
      "provider": "provider[\"registry.terraform.io/hashicorp/aws\"]",
      "instances": [
        {
          "schema_version": 1,
          "attributes": {
            "arn": "arn:aws:ec2:ap-northeast-2:431410879895:subnet/subnet-0a02f323be4b9cff6",
            "assign_ipv6_address_on_creation": false,
            "availability_zone": "ap-northeast-2c",
            "availability_zone_id": "apne2-az3",
            "cidr_block": "10.10.200.0/24",
            "customer_owned_ipv4_pool": "",
            "enable_dns64": false,
            "enable_lni_at_device_index": 0,
            "enable_resource_name_dns_a_record_on_launch": false,
            "enable_resource_name_dns_aaaa_record_on_launch": false,
            "id": "subnet-0a02f323be4b9cff6",
            "ipv6_cidr_block": "",
            "ipv6_cidr_block_association_id": "",
            "ipv6_native": false,
            "map_customer_owned_ip_on_launch": false,
            "map_public_ip_on_launch": false,
            "outpost_arn": "",
            "owner_id": "431410879895",
            "private_dns_hostname_type_on_launch": "ip-name",
            "tags": {
              "Name": "private_db_c"
            },
            "tags_all": {
              "Name": "private_db_c"
            },
            "timeouts": null,
            "vpc_id": "vpc-05991954750d18f1f"
          },
          "sensitive_attributes": [],
          "private": "eyJlMmJmYjczMC1lY2FhLTExZTYtOGY4OC0zNDM2M2JjN2M0YzAiOnsiY3JlYXRlIjo2MDAwMDAwMDAwMDAsImRlbGV0ZSI6MTIwMDAwMDAwMDAwMH0sInNjaGVtYV92ZXJzaW9uIjoiMSJ9",
          "dependencies": [
            "aws_vpc.goormVPC"
          ]
        }
      ]
    },
    {
      "mode": "managed",
      "type": "aws_subnet",
      "name": "public_web_a",
      "provider": "provider[\"registry.terraform.io/hashicorp/aws\"]",
      "instances": [
        {
          "schema_version": 1,
          "attributes": {
            "arn": "arn:aws:ec2:ap-northeast-2:431410879895:subnet/subnet-0060d59f9ae45e061",
            "assign_ipv6_address_on_creation": false,
            "availability_zone": "ap-northeast-2a",
            "availability_zone_id": "apne2-az1",
            "cidr_block": "10.10.1.0/24",
            "customer_owned_ipv4_pool": "",
            "enable_dns64": false,
            "enable_lni_at_device_index": 0,
            "enable_resource_name_dns_a_record_on_launch": false,
            "enable_resource_name_dns_aaaa_record_on_launch": false,
            "id": "subnet-0060d59f9ae45e061",
            "ipv6_cidr_block": "",
            "ipv6_cidr_block_association_id": "",
            "ipv6_native": false,
            "map_customer_owned_ip_on_launch": false,
            "map_public_ip_on_launch": false,
            "outpost_arn": "",
            "owner_id": "431410879895",
            "private_dns_hostname_type_on_launch": "ip-name",
            "tags": {
              "Name": "public_web_a"
            },
            "tags_all": {
              "Name": "public_web_a"
            },
            "timeouts": null,
            "vpc_id": "vpc-05991954750d18f1f"
          },
          "sensitive_attributes": [],
          "private": "eyJlMmJmYjczMC1lY2FhLTExZTYtOGY4OC0zNDM2M2JjN2M0YzAiOnsiY3JlYXRlIjo2MDAwMDAwMDAwMDAsImRlbGV0ZSI6MTIwMDAwMDAwMDAwMH0sInNjaGVtYV92ZXJzaW9uIjoiMSJ9",
          "dependencies": [
            "aws_vpc.goormVPC"
          ]
        }
      ]
    },
    {
      "mode": "managed",
      "type": "aws_subnet",
      "name": "public_web_c",
      "provider": "provider[\"registry.terraform.io/hashicorp/aws\"]",
      "instances": [
        {
          "schema_version": 1,
          "attributes": {
            "arn": "arn:aws:ec2:ap-northeast-2:431410879895:subnet/subnet-0cbdf94563e6c13b4",
            "assign_ipv6_address_on_creation": false,
            "availability_zone": "ap-northeast-2c",
            "availability_zone_id": "apne2-az3",
            "cidr_block": "10.10.2.0/24",
            "customer_owned_ipv4_pool": "",
            "enable_dns64": false,
            "enable_lni_at_device_index": 0,
            "enable_resource_name_dns_a_record_on_launch": false,
            "enable_resource_name_dns_aaaa_record_on_launch": false,
            "id": "subnet-0cbdf94563e6c13b4",
            "ipv6_cidr_block": "",
            "ipv6_cidr_block_association_id": "",
            "ipv6_native": false,
            "map_customer_owned_ip_on_launch": false,
            "map_public_ip_on_launch": false,
            "outpost_arn": "",
            "owner_id": "431410879895",
            "private_dns_hostname_type_on_launch": "ip-name",
            "tags": {
              "Name": "public_web_c"
            },
            "tags_all": {
              "Name": "public_web_c"
            },
            "timeouts": null,
            "vpc_id": "vpc-05991954750d18f1f"
          },
          "sensitive_attributes": [],
          "private": "eyJlMmJmYjczMC1lY2FhLTExZTYtOGY4OC0zNDM2M2JjN2M0YzAiOnsiY3JlYXRlIjo2MDAwMDAwMDAwMDAsImRlbGV0ZSI6MTIwMDAwMDAwMDAwMH0sInNjaGVtYV92ZXJzaW9uIjoiMSJ9",
          "dependencies": [
            "aws_vpc.goormVPC"
          ]
        }
      ]
    },
    {
      "mode": "managed",
      "type": "aws_vpc",
      "name": "goormVPC",
      "provider": "provider[\"registry.terraform.io/hashicorp/aws\"]",
      "instances": [
        {
          "schema_version": 1,
          "attributes": {
            "arn": "arn:aws:ec2:ap-northeast-2:431410879895:vpc/vpc-05991954750d18f1f",
            "assign_generated_ipv6_cidr_block": false,
            "cidr_block": "10.10.0.0/16",
            "default_network_acl_id": "acl-07a7e81c37ed16f1e",
            "default_route_table_id": "rtb-017ad5da6f9649ced",
            "default_security_group_id": "sg-039fe2522bf744722",
            "dhcp_options_id": "dopt-0b8d62eef1c6e46e1",
            "enable_dns_hostnames": false,
            "enable_dns_support": true,
            "enable_network_address_usage_metrics": false,
            "id": "vpc-05991954750d18f1f",
            "instance_tenancy": "default",
            "ipv4_ipam_pool_id": null,
            "ipv4_netmask_length": null,
            "ipv6_association_id": "",
            "ipv6_cidr_block": "",
            "ipv6_cidr_block_network_border_group": "",
            "ipv6_ipam_pool_id": "",
            "ipv6_netmask_length": 0,
            "main_route_table_id": "rtb-017ad5da6f9649ced",
            "owner_id": "431410879895",
            "tags": {
              "Name": "goormVPC"
            },
            "tags_all": {
              "Name": "goormVPC"
            }
          },
          "sensitive_attributes": [],
          "private": "eyJzY2hlbWFfdmVyc2lvbiI6IjEifQ=="
        }
      ]
    },
    {
      "mode": "managed",
      "type": "local_file",
      "name": "private_key",
      "provider": "provider[\"registry.terraform.io/hashicorp/local\"]",
      "instances": [
        {
          "schema_version": 0,
          "attributes": {
            "content": "-----BEGIN RSA PRIVATE KEY-----\nMIIJKAIBAAKCAgEAviSwrs/xMnenxB4RP4HNVqfJlzTOfn/2nIQlrbaQykJKdymX\nta+mFpMOSz2JCGT9S9hSHH2gPgTxVMJB9WorlRnpiaffHEHGYO2hE+34c7JtDHGd\nySY/iwKCqztwIBeUyyauuj2M8GckCoyIlweVjMtFy/9tNXpHWAQ9oAj0WFJiVzbM\n/EJu+I2xsA3DiujIs0Do8p5BZDKxwakH9lnacCkOOGA6XnEq56E1bVfI4LQGeA1n\nTzoSukPKbEWyjW57CtSEw3s7Gr6zxiLpp3tgk0iabzjqLLHH9/g3ZfA/h4n4gvcE\nTdnLMGiXBjSHKqUtR+7Yem+4HGsAdCArCAq4H7q+x8lctoyUkrJlL9+zxsYBrnll\nRdtIzCfa5nfZKneRzt67YotWD6a3On6XVsff2YNK1Ebi/moSzHHab1uIg8IGMKD5\nF79MvFnTdVC3jBnpIWijZBTCzqwGIkkJFoeAhTdV7Q2ApZhdA12YkTFuRHlsYVdx\nJ43FSZul37Ahw/DmHL6E2hFy8XRln/6tZzb97ajeRZ7PvgwiT+QSfpXV5VgUUT7s\ngdGrRMgGtC+gyoDB04noV32zFp0cHETJloznxhhk30qv3LopzN5lUTQ61D+QT38q\npUX6nW9QRkniyWdTGgBPiuTlS6B9xzjW4hMdafnxnItLN2CUz/fYNfcTvkUCAwEA\nAQKCAgEAhWh8xsqDMqOdhA6Mj4BlL+2dlYepcjwaLYrSXOWBBUgpsx3tob5Ry/j1\nyHiuUsN4rORkCDVkXt9c69k4KhaJ6Z06rCiqc8r6gzt3DuKitZp0xIxa5qz9XG0w\nfS/A5eNltHu5kFZrMqlLMlOT6lOZ7CUbHZxjZWgb8ndXPZfKyMVU1lhOzpdWAPJ5\nv0qI7keRuaNLTh8XRlQDQBt2yLQWfSdxIMDzcxv3vHjxYXx8JpxpBYZx+7aFOUcj\nGYB1XKItllWxqO4ndAZlYBlS0v3Prsb8BBlsxFsgMK1pQQ6lpFV7lXf2/yBWXeqk\nO+hTBerKsHO2U4FbLiUtNkzzpDrRH8xekRGZ28ZjUkGHj+GfM7TQ/XwK7d7wxP1e\nwMhYByvFyH4bQWOfBhkDCyjKrTZxSGbAjgaJ9IxyBnMN/m+lpepNcGyoED7LxOp6\nXGJCSFGhDlFeAXNBdQK1wMAQniiRImvHvcJZkLTk0PRnUVPnj6K0E5w28Tw4xAAm\nvJcxUG1HrFAJ1L7M+N86zGalJgFe+mHsPIAROsb4Jw/hcR6B6nx+fflHiI2DDbmT\na1yj20ppExXUq4AeMLROwKyRw8ZxZg0ZFFSqw2t6l9WGX7fM9/pHjXFpcKBbFpK7\nn7xBAC98e9i1+JRU5/w3gFhkeSaYygWrJe3xjjRxRASSi80OuqkCggEBAOFD6Xmy\n4GxkhkfyraB/wAe/Qzx+DFg8w/XnQZ6FpMwhaKWGkOpDNiZxQBFOUZ3CbQ2YUfHS\ngFjpJkYiSWcMvJv7mUPrAjfpWMdA+5zIhkMjjJLwlJhswwMZO2i2bsacs0tYvORf\nSyRmXrROaGEv6UuTFk14QKkQ72S0Vtl9ffuuqS4vu7jG1EWIsibLv1htm9GeLcc7\nOMQrlxJKIuj3EDeJDRrQOgSAbaKQTuYvnRvHcSZP/R5HnhxsowSzs5QpUqCUzfcY\nsl7fhQ1nxGokc3ZWAibw065K2tuUNTmsh7daD+T4+/+qXAEDzmUBaAmtYdw9LOEu\nIpxQAAcQLLcQ/acCggEBANgWCOxQSz13UZdu0LfjH+s6n3ROwaWHI38x+cST33CC\nKGdZrYZ7QECyzwkYZP7UzECOhzyUQWnhqzhPcIP8/Q1qMMczRO+e9jGxP0ZxCmHn\njc5s9/FHn9/IQqDCA1pR9bnqOmd3c+prA4XeTzAywZtIe8CGLA5kpfh7/dUEPCrG\nPwrnSq59XzjuQcIX2zWChmoPJGlelxLKOiZe8IDQwKuUJi24+F8DVqLeBZ3Nuuev\n9lIjG318R5iM4i1gaOwLM058OdM+qmfFrhxtb8KRTrI50ysXdN/O5h7OnVcR1Q28\nM+OWVMJNoSwOWeEAdaTQFo4o4tYy+Ka+BeaRUVPn2jMCggEAJIYgWu0X2jtKUmwU\nnstX1Wm7exls4vmnRD2ktBEzMS3Ri9UPtgwDwaPnIWczcILPr76currIuKHE5OY2\nRJEaG6hlp095YpthG517rmYM7uHarxB252frDpuOuGGsAGPz5imTJuwUgOhgPpff\n8LIV/3zvxsvSoBbw2cEru8PPI3mkUKrIoyMJ0+RgDk5Gzg2nkAs3nPALOjNfIUYH\n9wHoDTkZeNl+LrCsFgmT4Vqi/JgPzoh1n+04w58Rp3eDjGhOz16RLplAgoV3Sz8h\n55vVZMB5RNsTV1UnuyaCosFIl//wR83e/gsfM8LsOhBKUBdeoJkCp9gVIIcQGhUT\nSvNkTQKCAQBWSj5X+ByDuDFJ8sPAmx909R0V+hlUe6nOMmvWd2Kj8CYoV2R3LqLS\n81TAAhDavqmuIfyZUW7p1GdmfjqlSpLXF4/RDIU711PjNi/Zdmy5+hjj1RoSLRMH\n71XEEpX6LH6fNo0KImaUtxVaERO4YJx14TUiBbJ0MPciSolr1lwcjLxCI2jsUz6C\nYoq58oLkVHJOyis1NMPJih48km8iUbqPCgNRAOuWLaQcN+MwSCaaPOd1l3Vz3/xL\nS/9KNZTQpgxgDDWfSQgNlqBX08/sd9BgVb0hGSXf9iRpKwMj8QgOixiBitfgG9X/\n3N9Bfch8/2fybxtehE5Nb9a1Y1SB2DWHAoIBAAysJeJuepe1eVZtidtiVteRiNbJ\nTrOyJYlrfjXQAaeQxtLfyk2BBn+mOXRQt7XJ+e6r3SRqrHlYrGRR0KLnC6lKGG2o\n40IRFOqw/0BPYZGa+ZtWlwU8Twq5hHyvTVJ8kRGmvyF2JKz6iSG2BK4e8z+uFeYy\nIrLTqgeGyJKJ7OW5I2SPEaIZeI6il1w72FYf1BbNKaR1aHMNH45wxk8W1NQ9LSf/\nkE3u0/UVsGTbV8hf4FaJYD86y3T0+edKr4oG1pNEJY1D9OnZzEDUc9GofDBp/s5R\nfJytTZ+6/d+uJtFXzaVHkSsRypznTQBa5BjunVj+k+FYboaGCW7GeAnUf6A=\n-----END RSA PRIVATE KEY-----\n",
            "content_base64": null,
            "content_base64sha256": "R3BrnzlqHEScXGK63paf0ulVsIU7Fij/3YzZLBBs9C0=",
            "content_base64sha512": "6qIhsz8spfpeGuvh6I7odXhzOMCL9cd+hPtDzfRP5CsImT4RB3rQ/KhGoTCfN3pS7pAw1oP8whjxrUq+tBON6Q==",
            "content_md5": "6e1b5492023aed0b586f5fcd2d844992",
            "content_sha1": "787efca319a051d54cef2ff17f237898ebb215bc",
            "content_sha256": "47706b9f396a1c449c5c62bade969fd2e955b0853b1628ffdd8cd92c106cf42d",
            "content_sha512": "eaa221b33f2ca5fa5e1aebe1e88ee875787338c08bf5c77e84fb43cdf44fe42b08993e11077ad0fca846a1309f377a52ee9030d683fcc218f1ad4abeb4138de9",
            "directory_permission": "0777",
            "file_permission": "0777",
            "filename": "terraform-devops",
            "id": "787efca319a051d54cef2ff17f237898ebb215bc",
            "sensitive_content": null,
            "source": null
          },
          "sensitive_attributes": [
            [
              {
                "type": "get_attr",
                "value": "content"
              }
            ]
          ],
          "dependencies": [
            "tls_private_key.rsa_4096"
          ]
        }
      ]
    },
    {
      "mode": "managed",
      "type": "tls_private_key",
      "name": "rsa_4096",
      "provider": "provider[\"registry.terraform.io/hashicorp/tls\"]",
      "instances": [
        {
          "schema_version": 1,
          "attributes": {
            "algorithm": "RSA",
            "ecdsa_curve": "P224",
            "id": "aacedcd740c22fc1a56c795d8761456ed546b6e9",
            "private_key_openssh": "-----BEGIN OPENSSH PRIVATE KEY-----\nb3BlbnNzaC1rZXktdjEAAAAABG5vbmUAAAAEbm9uZQAAAAAAAAABAAACFwAAAAdz\nc2gtcnNhAAAAAwEAAQAAAgEAviSwrs/xMnenxB4RP4HNVqfJlzTOfn/2nIQlrbaQ\nykJKdymXta+mFpMOSz2JCGT9S9hSHH2gPgTxVMJB9WorlRnpiaffHEHGYO2hE+34\nc7JtDHGdySY/iwKCqztwIBeUyyauuj2M8GckCoyIlweVjMtFy/9tNXpHWAQ9oAj0\nWFJiVzbM/EJu+I2xsA3DiujIs0Do8p5BZDKxwakH9lnacCkOOGA6XnEq56E1bVfI\n4LQGeA1nTzoSukPKbEWyjW57CtSEw3s7Gr6zxiLpp3tgk0iabzjqLLHH9/g3ZfA/\nh4n4gvcETdnLMGiXBjSHKqUtR+7Yem+4HGsAdCArCAq4H7q+x8lctoyUkrJlL9+z\nxsYBrnllRdtIzCfa5nfZKneRzt67YotWD6a3On6XVsff2YNK1Ebi/moSzHHab1uI\ng8IGMKD5F79MvFnTdVC3jBnpIWijZBTCzqwGIkkJFoeAhTdV7Q2ApZhdA12YkTFu\nRHlsYVdxJ43FSZul37Ahw/DmHL6E2hFy8XRln/6tZzb97ajeRZ7PvgwiT+QSfpXV\n5VgUUT7sgdGrRMgGtC+gyoDB04noV32zFp0cHETJloznxhhk30qv3LopzN5lUTQ6\n1D+QT38qpUX6nW9QRkniyWdTGgBPiuTlS6B9xzjW4hMdafnxnItLN2CUz/fYNfcT\nvkUAAAc4Cd7yMQne8jEAAAAHc3NoLXJzYQAAAgEAviSwrs/xMnenxB4RP4HNVqfJ\nlzTOfn/2nIQlrbaQykJKdymXta+mFpMOSz2JCGT9S9hSHH2gPgTxVMJB9WorlRnp\niaffHEHGYO2hE+34c7JtDHGdySY/iwKCqztwIBeUyyauuj2M8GckCoyIlweVjMtF\ny/9tNXpHWAQ9oAj0WFJiVzbM/EJu+I2xsA3DiujIs0Do8p5BZDKxwakH9lnacCkO\nOGA6XnEq56E1bVfI4LQGeA1nTzoSukPKbEWyjW57CtSEw3s7Gr6zxiLpp3tgk0ia\nbzjqLLHH9/g3ZfA/h4n4gvcETdnLMGiXBjSHKqUtR+7Yem+4HGsAdCArCAq4H7q+\nx8lctoyUkrJlL9+zxsYBrnllRdtIzCfa5nfZKneRzt67YotWD6a3On6XVsff2YNK\n1Ebi/moSzHHab1uIg8IGMKD5F79MvFnTdVC3jBnpIWijZBTCzqwGIkkJFoeAhTdV\n7Q2ApZhdA12YkTFuRHlsYVdxJ43FSZul37Ahw/DmHL6E2hFy8XRln/6tZzb97aje\nRZ7PvgwiT+QSfpXV5VgUUT7sgdGrRMgGtC+gyoDB04noV32zFp0cHETJloznxhhk\n30qv3LopzN5lUTQ61D+QT38qpUX6nW9QRkniyWdTGgBPiuTlS6B9xzjW4hMdafnx\nnItLN2CUz/fYNfcTvkUAAAADAQABAAACAQCFaHzGyoMyo52EDoyPgGUv7Z2Vh6ly\nPBotitJc5YEFSCmzHe2hvlHL+PXIeK5Sw3is5GQINWRe31zr2TgqFonpnTqsKKpz\nyvqDO3cO4qK1mnTEjFrmrP1cbTB9L8Dl42W0e7mQVmsyqUsyU5PqU5nsJRsdnGNl\naBvyd1c9l8rIxVTWWE7Ol1YA8nm/SojuR5G5o0tOHxdGVANAG3bItBZ9J3EgwPNz\nG/e8ePFhfHwmnGkFhnH7toU5RyMZgHVcoi2WVbGo7id0BmVgGVLS/c+uxvwEGWzE\nWyAwrWlBDqWkVXuVd/b/IFZd6qQ76FMF6sqwc7ZTgVsuJS02TPOkOtEfzF6REZnb\nxmNSQYeP4Z8ztND9fArt3vDE/V7AyFgHK8XIfhtBY58GGQMLKMqtNnFIZsCOBon0\njHIGcw3+b6Wl6k1wbKgQPsvE6npcYkJIUaEOUV4Bc0F1ArXAwBCeKJEia8e9wlmQ\ntOTQ9GdRU+ePorQTnDbxPDjEACa8lzFQbUesUAnUvsz43zrMZqUmAV76Yew8gBE6\nxvgnD+FxHoHqfH59+UeIjYMNuZNrXKPbSmkTFdSrgB4wtE7ArJHDxnFmDRkUVKrD\na3qX1YZft8z3+keNcWlwoFsWkrufvEEAL3x72LX4lFTn/DeAWGR5JpjKBasl7fGO\nNHFEBJKLzQ66qQAAAQAMrCXibnqXtXlWbYnbYlbXkYjWyU6zsiWJa3410AGnkMbS\n38pNgQZ/pjl0ULe1yfnuq90kaqx5WKxkUdCi5wupShhtqONCERTqsP9AT2GRmvmb\nVpcFPE8KuYR8r01SfJERpr8hdiSs+okhtgSuHvM/rhXmMiKy06oHhsiSiezluSNk\njxGiGXiOopdcO9hWH9QWzSmkdWhzDR+OcMZPFtTUPS0n/5BN7tP1FbBk21fIX+BW\niWA/Ost09PnnSq+KBtaTRCWNQ/Tp2cxA1HPRqHwwaf7OUXycrU2fuv3fribRV82l\nR5ErEcqc500AWuQY7p1Y/pPhWG6GhgluxngJ1H+gAAABAQDhQ+l5suBsZIZH8q2g\nf8AHv0M8fgxYPMP150GehaTMIWilhpDqQzYmcUARTlGdwm0NmFHx0oBY6SZGIkln\nDLyb+5lD6wI36VjHQPucyIZDI4yS8JSYbMMDGTtotm7GnLNLWLzkX0skZl60Tmhh\nL+lLkxZNeECpEO9ktFbZfX37rqkuL7u4xtRFiLImy79YbZvRni3HOzjEK5cSSiLo\n9xA3iQ0a0DoEgG2ikE7mL50bx3EmT/0eR54cbKMEs7OUKVKglM33GLJe34UNZ8Rq\nJHN2VgIm8NOuStrblDU5rIe3Wg/k+Pv/qlwBA85lAWgJrWHcPSzhLiKcUAAHECy3\nEP2nAAABAQDYFgjsUEs9d1GXbtC34x/rOp90TsGlhyN/MfnEk99wgihnWa2Ge0BA\nss8JGGT+1MxAjoc8lEFp4as4T3CD/P0NajDHM0TvnvYxsT9GcQph543ObPfxR5/f\nyEKgwgNaUfW56jpnd3PqawOF3k8wMsGbSHvAhiwOZKX4e/3VBDwqxj8K50qufV84\n7kHCF9s1goZqDyRpXpcSyjomXvCA0MCrlCYtuPhfA1ai3gWdzbrnr/ZSIxt9fEeY\njOItYGjsCzNOfDnTPqpnxa4cbW/CkU6yOdMrF3TfzuYezp1XEdUNvDPjllTCTaEs\nDlnhAHWk0BaOKOLWMvimvgXmkVFT59ozAAAAAAEC\n-----END OPENSSH PRIVATE KEY-----\n",
            "private_key_pem": "-----BEGIN RSA PRIVATE KEY-----\nMIIJKAIBAAKCAgEAviSwrs/xMnenxB4RP4HNVqfJlzTOfn/2nIQlrbaQykJKdymX\nta+mFpMOSz2JCGT9S9hSHH2gPgTxVMJB9WorlRnpiaffHEHGYO2hE+34c7JtDHGd\nySY/iwKCqztwIBeUyyauuj2M8GckCoyIlweVjMtFy/9tNXpHWAQ9oAj0WFJiVzbM\n/EJu+I2xsA3DiujIs0Do8p5BZDKxwakH9lnacCkOOGA6XnEq56E1bVfI4LQGeA1n\nTzoSukPKbEWyjW57CtSEw3s7Gr6zxiLpp3tgk0iabzjqLLHH9/g3ZfA/h4n4gvcE\nTdnLMGiXBjSHKqUtR+7Yem+4HGsAdCArCAq4H7q+x8lctoyUkrJlL9+zxsYBrnll\nRdtIzCfa5nfZKneRzt67YotWD6a3On6XVsff2YNK1Ebi/moSzHHab1uIg8IGMKD5\nF79MvFnTdVC3jBnpIWijZBTCzqwGIkkJFoeAhTdV7Q2ApZhdA12YkTFuRHlsYVdx\nJ43FSZul37Ahw/DmHL6E2hFy8XRln/6tZzb97ajeRZ7PvgwiT+QSfpXV5VgUUT7s\ngdGrRMgGtC+gyoDB04noV32zFp0cHETJloznxhhk30qv3LopzN5lUTQ61D+QT38q\npUX6nW9QRkniyWdTGgBPiuTlS6B9xzjW4hMdafnxnItLN2CUz/fYNfcTvkUCAwEA\nAQKCAgEAhWh8xsqDMqOdhA6Mj4BlL+2dlYepcjwaLYrSXOWBBUgpsx3tob5Ry/j1\nyHiuUsN4rORkCDVkXt9c69k4KhaJ6Z06rCiqc8r6gzt3DuKitZp0xIxa5qz9XG0w\nfS/A5eNltHu5kFZrMqlLMlOT6lOZ7CUbHZxjZWgb8ndXPZfKyMVU1lhOzpdWAPJ5\nv0qI7keRuaNLTh8XRlQDQBt2yLQWfSdxIMDzcxv3vHjxYXx8JpxpBYZx+7aFOUcj\nGYB1XKItllWxqO4ndAZlYBlS0v3Prsb8BBlsxFsgMK1pQQ6lpFV7lXf2/yBWXeqk\nO+hTBerKsHO2U4FbLiUtNkzzpDrRH8xekRGZ28ZjUkGHj+GfM7TQ/XwK7d7wxP1e\nwMhYByvFyH4bQWOfBhkDCyjKrTZxSGbAjgaJ9IxyBnMN/m+lpepNcGyoED7LxOp6\nXGJCSFGhDlFeAXNBdQK1wMAQniiRImvHvcJZkLTk0PRnUVPnj6K0E5w28Tw4xAAm\nvJcxUG1HrFAJ1L7M+N86zGalJgFe+mHsPIAROsb4Jw/hcR6B6nx+fflHiI2DDbmT\na1yj20ppExXUq4AeMLROwKyRw8ZxZg0ZFFSqw2t6l9WGX7fM9/pHjXFpcKBbFpK7\nn7xBAC98e9i1+JRU5/w3gFhkeSaYygWrJe3xjjRxRASSi80OuqkCggEBAOFD6Xmy\n4GxkhkfyraB/wAe/Qzx+DFg8w/XnQZ6FpMwhaKWGkOpDNiZxQBFOUZ3CbQ2YUfHS\ngFjpJkYiSWcMvJv7mUPrAjfpWMdA+5zIhkMjjJLwlJhswwMZO2i2bsacs0tYvORf\nSyRmXrROaGEv6UuTFk14QKkQ72S0Vtl9ffuuqS4vu7jG1EWIsibLv1htm9GeLcc7\nOMQrlxJKIuj3EDeJDRrQOgSAbaKQTuYvnRvHcSZP/R5HnhxsowSzs5QpUqCUzfcY\nsl7fhQ1nxGokc3ZWAibw065K2tuUNTmsh7daD+T4+/+qXAEDzmUBaAmtYdw9LOEu\nIpxQAAcQLLcQ/acCggEBANgWCOxQSz13UZdu0LfjH+s6n3ROwaWHI38x+cST33CC\nKGdZrYZ7QECyzwkYZP7UzECOhzyUQWnhqzhPcIP8/Q1qMMczRO+e9jGxP0ZxCmHn\njc5s9/FHn9/IQqDCA1pR9bnqOmd3c+prA4XeTzAywZtIe8CGLA5kpfh7/dUEPCrG\nPwrnSq59XzjuQcIX2zWChmoPJGlelxLKOiZe8IDQwKuUJi24+F8DVqLeBZ3Nuuev\n9lIjG318R5iM4i1gaOwLM058OdM+qmfFrhxtb8KRTrI50ysXdN/O5h7OnVcR1Q28\nM+OWVMJNoSwOWeEAdaTQFo4o4tYy+Ka+BeaRUVPn2jMCggEAJIYgWu0X2jtKUmwU\nnstX1Wm7exls4vmnRD2ktBEzMS3Ri9UPtgwDwaPnIWczcILPr76currIuKHE5OY2\nRJEaG6hlp095YpthG517rmYM7uHarxB252frDpuOuGGsAGPz5imTJuwUgOhgPpff\n8LIV/3zvxsvSoBbw2cEru8PPI3mkUKrIoyMJ0+RgDk5Gzg2nkAs3nPALOjNfIUYH\n9wHoDTkZeNl+LrCsFgmT4Vqi/JgPzoh1n+04w58Rp3eDjGhOz16RLplAgoV3Sz8h\n55vVZMB5RNsTV1UnuyaCosFIl//wR83e/gsfM8LsOhBKUBdeoJkCp9gVIIcQGhUT\nSvNkTQKCAQBWSj5X+ByDuDFJ8sPAmx909R0V+hlUe6nOMmvWd2Kj8CYoV2R3LqLS\n81TAAhDavqmuIfyZUW7p1GdmfjqlSpLXF4/RDIU711PjNi/Zdmy5+hjj1RoSLRMH\n71XEEpX6LH6fNo0KImaUtxVaERO4YJx14TUiBbJ0MPciSolr1lwcjLxCI2jsUz6C\nYoq58oLkVHJOyis1NMPJih48km8iUbqPCgNRAOuWLaQcN+MwSCaaPOd1l3Vz3/xL\nS/9KNZTQpgxgDDWfSQgNlqBX08/sd9BgVb0hGSXf9iRpKwMj8QgOixiBitfgG9X/\n3N9Bfch8/2fybxtehE5Nb9a1Y1SB2DWHAoIBAAysJeJuepe1eVZtidtiVteRiNbJ\nTrOyJYlrfjXQAaeQxtLfyk2BBn+mOXRQt7XJ+e6r3SRqrHlYrGRR0KLnC6lKGG2o\n40IRFOqw/0BPYZGa+ZtWlwU8Twq5hHyvTVJ8kRGmvyF2JKz6iSG2BK4e8z+uFeYy\nIrLTqgeGyJKJ7OW5I2SPEaIZeI6il1w72FYf1BbNKaR1aHMNH45wxk8W1NQ9LSf/\nkE3u0/UVsGTbV8hf4FaJYD86y3T0+edKr4oG1pNEJY1D9OnZzEDUc9GofDBp/s5R\nfJytTZ+6/d+uJtFXzaVHkSsRypznTQBa5BjunVj+k+FYboaGCW7GeAnUf6A=\n-----END RSA PRIVATE KEY-----\n",
            "private_key_pem_pkcs8": "-----BEGIN PRIVATE KEY-----\nMIIJQgIBADANBgkqhkiG9w0BAQEFAASCCSwwggkoAgEAAoICAQC+JLCuz/Eyd6fE\nHhE/gc1Wp8mXNM5+f/achCWttpDKQkp3KZe1r6YWkw5LPYkIZP1L2FIcfaA+BPFU\nwkH1aiuVGemJp98cQcZg7aET7fhzsm0McZ3JJj+LAoKrO3AgF5TLJq66PYzwZyQK\njIiXB5WMy0XL/201ekdYBD2gCPRYUmJXNsz8Qm74jbGwDcOK6MizQOjynkFkMrHB\nqQf2WdpwKQ44YDpecSrnoTVtV8jgtAZ4DWdPOhK6Q8psRbKNbnsK1ITDezsavrPG\nIumne2CTSJpvOOosscf3+Ddl8D+HifiC9wRN2cswaJcGNIcqpS1H7th6b7gcawB0\nICsICrgfur7HyVy2jJSSsmUv37PGxgGueWVF20jMJ9rmd9kqd5HO3rtii1YPprc6\nfpdWx9/Zg0rURuL+ahLMcdpvW4iDwgYwoPkXv0y8WdN1ULeMGekhaKNkFMLOrAYi\nSQkWh4CFN1XtDYClmF0DXZiRMW5EeWxhV3EnjcVJm6XfsCHD8OYcvoTaEXLxdGWf\n/q1nNv3tqN5Fns++DCJP5BJ+ldXlWBRRPuyB0atEyAa0L6DKgMHTiehXfbMWnRwc\nRMmWjOfGGGTfSq/cuinM3mVRNDrUP5BPfyqlRfqdb1BGSeLJZ1MaAE+K5OVLoH3H\nONbiEx1p+fGci0s3YJTP99g19xO+RQIDAQABAoICAQCFaHzGyoMyo52EDoyPgGUv\n7Z2Vh6lyPBotitJc5YEFSCmzHe2hvlHL+PXIeK5Sw3is5GQINWRe31zr2TgqFonp\nnTqsKKpzyvqDO3cO4qK1mnTEjFrmrP1cbTB9L8Dl42W0e7mQVmsyqUsyU5PqU5ns\nJRsdnGNlaBvyd1c9l8rIxVTWWE7Ol1YA8nm/SojuR5G5o0tOHxdGVANAG3bItBZ9\nJ3EgwPNzG/e8ePFhfHwmnGkFhnH7toU5RyMZgHVcoi2WVbGo7id0BmVgGVLS/c+u\nxvwEGWzEWyAwrWlBDqWkVXuVd/b/IFZd6qQ76FMF6sqwc7ZTgVsuJS02TPOkOtEf\nzF6REZnbxmNSQYeP4Z8ztND9fArt3vDE/V7AyFgHK8XIfhtBY58GGQMLKMqtNnFI\nZsCOBon0jHIGcw3+b6Wl6k1wbKgQPsvE6npcYkJIUaEOUV4Bc0F1ArXAwBCeKJEi\na8e9wlmQtOTQ9GdRU+ePorQTnDbxPDjEACa8lzFQbUesUAnUvsz43zrMZqUmAV76\nYew8gBE6xvgnD+FxHoHqfH59+UeIjYMNuZNrXKPbSmkTFdSrgB4wtE7ArJHDxnFm\nDRkUVKrDa3qX1YZft8z3+keNcWlwoFsWkrufvEEAL3x72LX4lFTn/DeAWGR5JpjK\nBasl7fGONHFEBJKLzQ66qQKCAQEA4UPpebLgbGSGR/KtoH/AB79DPH4MWDzD9edB\nnoWkzCFopYaQ6kM2JnFAEU5RncJtDZhR8dKAWOkmRiJJZwy8m/uZQ+sCN+lYx0D7\nnMiGQyOMkvCUmGzDAxk7aLZuxpyzS1i85F9LJGZetE5oYS/pS5MWTXhAqRDvZLRW\n2X19+66pLi+7uMbURYiyJsu/WG2b0Z4txzs4xCuXEkoi6PcQN4kNGtA6BIBtopBO\n5i+dG8dxJk/9HkeeHGyjBLOzlClSoJTN9xiyXt+FDWfEaiRzdlYCJvDTrkra25Q1\nOayHt1oP5Pj7/6pcAQPOZQFoCa1h3D0s4S4inFAABxAstxD9pwKCAQEA2BYI7FBL\nPXdRl27Qt+Mf6zqfdE7BpYcjfzH5xJPfcIIoZ1mthntAQLLPCRhk/tTMQI6HPJRB\naeGrOE9wg/z9DWowxzNE7572MbE/RnEKYeeNzmz38Uef38hCoMIDWlH1ueo6Z3dz\n6msDhd5PMDLBm0h7wIYsDmSl+Hv91QQ8KsY/CudKrn1fOO5BwhfbNYKGag8kaV6X\nEso6Jl7wgNDAq5QmLbj4XwNWot4Fnc2656/2UiMbfXxHmIziLWBo7AszTnw50z6q\nZ8WuHG1vwpFOsjnTKxd0387mHs6dVxHVDbwz45ZUwk2hLA5Z4QB1pNAWjiji1jL4\npr4F5pFRU+faMwKCAQAkhiBa7RfaO0pSbBSey1fVabt7GWzi+adEPaS0ETMxLdGL\n1Q+2DAPBo+chZzNwgs+vvpy6usi4ocTk5jZEkRobqGWnT3lim2EbnXuuZgzu4dqv\nEHbnZ+sOm464YawAY/PmKZMm7BSA6GA+l9/wshX/fO/Gy9KgFvDZwSu7w88jeaRQ\nqsijIwnT5GAOTkbODaeQCzec8As6M18hRgf3AegNORl42X4usKwWCZPhWqL8mA/O\niHWf7TjDnxGnd4OMaE7PXpEumUCChXdLPyHnm9VkwHlE2xNXVSe7JoKiwUiX//BH\nzd7+Cx8zwuw6EEpQF16gmQKn2BUghxAaFRNK82RNAoIBAFZKPlf4HIO4MUnyw8Cb\nH3T1HRX6GVR7qc4ya9Z3YqPwJihXZHcuotLzVMACENq+qa4h/JlRbunUZ2Z+OqVK\nktcXj9EMhTvXU+M2L9l2bLn6GOPVGhItEwfvVcQSlfosfp82jQoiZpS3FVoRE7hg\nnHXhNSIFsnQw9yJKiWvWXByMvEIjaOxTPoJiirnyguRUck7KKzU0w8mKHjySbyJR\nuo8KA1EA65YtpBw34zBIJpo853WXdXPf/EtL/0o1lNCmDGAMNZ9JCA2WoFfTz+x3\n0GBVvSEZJd/2JGkrAyPxCA6LGIGK1+Ab1f/c30F9yHz/Z/JvG16ETk1v1rVjVIHY\nNYcCggEADKwl4m56l7V5Vm2J22JW15GI1slOs7IliWt+NdABp5DG0t/KTYEGf6Y5\ndFC3tcn57qvdJGqseVisZFHQoucLqUoYbajjQhEU6rD/QE9hkZr5m1aXBTxPCrmE\nfK9NUnyREaa/IXYkrPqJIbYErh7zP64V5jIistOqB4bIkons5bkjZI8Rohl4jqKX\nXDvYVh/UFs0ppHVocw0fjnDGTxbU1D0tJ/+QTe7T9RWwZNtXyF/gVolgPzrLdPT5\n50qvigbWk0QljUP06dnMQNRz0ah8MGn+zlF8nK1Nn7r9364m0VfNpUeRKxHKnOdN\nAFrkGO6dWP6T4VhuhoYJbsZ4CdR/oA==\n-----END PRIVATE KEY-----\n",
            "public_key_fingerprint_md5": "bf:34:8d:09:da:22:7e:55:15:7a:d0:04:72:2a:b7:70",
            "public_key_fingerprint_sha256": "SHA256:zABZn+B1MKR7TmyvkKGyyHiy/KvGi7fkMBnVHeUyDNk",
            "public_key_openssh": "ssh-rsa AAAAB3NzaC1yc2EAAAADAQABAAACAQC+JLCuz/Eyd6fEHhE/gc1Wp8mXNM5+f/achCWttpDKQkp3KZe1r6YWkw5LPYkIZP1L2FIcfaA+BPFUwkH1aiuVGemJp98cQcZg7aET7fhzsm0McZ3JJj+LAoKrO3AgF5TLJq66PYzwZyQKjIiXB5WMy0XL/201ekdYBD2gCPRYUmJXNsz8Qm74jbGwDcOK6MizQOjynkFkMrHBqQf2WdpwKQ44YDpecSrnoTVtV8jgtAZ4DWdPOhK6Q8psRbKNbnsK1ITDezsavrPGIumne2CTSJpvOOosscf3+Ddl8D+HifiC9wRN2cswaJcGNIcqpS1H7th6b7gcawB0ICsICrgfur7HyVy2jJSSsmUv37PGxgGueWVF20jMJ9rmd9kqd5HO3rtii1YPprc6fpdWx9/Zg0rURuL+ahLMcdpvW4iDwgYwoPkXv0y8WdN1ULeMGekhaKNkFMLOrAYiSQkWh4CFN1XtDYClmF0DXZiRMW5EeWxhV3EnjcVJm6XfsCHD8OYcvoTaEXLxdGWf/q1nNv3tqN5Fns++DCJP5BJ+ldXlWBRRPuyB0atEyAa0L6DKgMHTiehXfbMWnRwcRMmWjOfGGGTfSq/cuinM3mVRNDrUP5BPfyqlRfqdb1BGSeLJZ1MaAE+K5OVLoH3HONbiEx1p+fGci0s3YJTP99g19xO+RQ==\n",
            "public_key_pem": "-----BEGIN PUBLIC KEY-----\nMIICIjANBgkqhkiG9w0BAQEFAAOCAg8AMIICCgKCAgEAviSwrs/xMnenxB4RP4HN\nVqfJlzTOfn/2nIQlrbaQykJKdymXta+mFpMOSz2JCGT9S9hSHH2gPgTxVMJB9Wor\nlRnpiaffHEHGYO2hE+34c7JtDHGdySY/iwKCqztwIBeUyyauuj2M8GckCoyIlweV\njMtFy/9tNXpHWAQ9oAj0WFJiVzbM/EJu+I2xsA3DiujIs0Do8p5BZDKxwakH9lna\ncCkOOGA6XnEq56E1bVfI4LQGeA1nTzoSukPKbEWyjW57CtSEw3s7Gr6zxiLpp3tg\nk0iabzjqLLHH9/g3ZfA/h4n4gvcETdnLMGiXBjSHKqUtR+7Yem+4HGsAdCArCAq4\nH7q+x8lctoyUkrJlL9+zxsYBrnllRdtIzCfa5nfZKneRzt67YotWD6a3On6XVsff\n2YNK1Ebi/moSzHHab1uIg8IGMKD5F79MvFnTdVC3jBnpIWijZBTCzqwGIkkJFoeA\nhTdV7Q2ApZhdA12YkTFuRHlsYVdxJ43FSZul37Ahw/DmHL6E2hFy8XRln/6tZzb9\n7ajeRZ7PvgwiT+QSfpXV5VgUUT7sgdGrRMgGtC+gyoDB04noV32zFp0cHETJlozn\nxhhk30qv3LopzN5lUTQ61D+QT38qpUX6nW9QRkniyWdTGgBPiuTlS6B9xzjW4hMd\nafnxnItLN2CUz/fYNfcTvkUCAwEAAQ==\n-----END PUBLIC KEY-----\n",
            "rsa_bits": 4096
          },
          "sensitive_attributes": []
        }
      ]
    }
  ],
  "check_results": null
}
